// !$*UTF8*$!
{
	archiveVersion = 1;
	classes = {
	};
	objectVersion = 56;
	objects = {

/* Begin PBXBuildFile section */
		83E10DF425AA4F05A7499578 /* AppState.swift in Sources */ = {isa = PBXBuildFile; fileRef = 290FE694281E4AB6A76A4963 /* AppState.swift */; };
		9C02E446F65945F3A2E89962 /* ContentView.swift in Sources */ = {isa = PBXBuildFile; fileRef = 98C68E1F099C4DADAEE783C9 /* ContentView.swift */; };
		F37C83B8EBCC4C048182DE02 /* VachanamApp.swift in Sources */ = {isa = PBXBuildFile; fileRef = 86768E11A3BC45ACA3D91E52 /* VachanamApp.swift */; };
		B50188218D024D7490FA8BE6 /* ReaderDocument.swift in Sources */ = {isa = PBXBuildFile; fileRef = 5C42445B7D284FA48F54F49C /* ReaderDocument.swift */; };
		79FB32E6606544309342090B /* ReadingProgressTracker.swift in Sources */ = {isa = PBXBuildFile; fileRef = 72CD22C16EAE440DA72D1F2D /* ReadingProgressTracker.swift */; };
		003385508C2748EAA35DD58C /* TextExtractor.swift in Sources */ = {isa = PBXBuildFile; fileRef = 2001913AFEAA47FAB37AE9B4 /* TextExtractor.swift */; };
		970EC12ECBC6486F804C0489 /* BookmarkManager.swift in Sources */ = {isa = PBXBuildFile; fileRef = C0F6716B0A6941CF8CC699F1 /* BookmarkManager.swift */; };
		868E66BC3F1D4F9CA483D22D /* AnnotationManager.swift in Sources */ = {isa = PBXBuildFile; fileRef = 64C96CBA86094EB2A59DDCA5 /* AnnotationManager.swift */; };
		70C1DF8241EF494A96706568 /* UndoRedoManager.swift in Sources */ = {isa = PBXBuildFile; fileRef = 0301F752A55A48858330FF6D /* UndoRedoManager.swift */; };
		455BF5609A224AB4B6B650AC /* AnnotationExporter.swift in Sources */ = {isa = PBXBuildFile; fileRef = 7924545F11D84DCAA4EDC7C6 /* AnnotationExporter.swift */; };
		21C44A4C7FD5485CA8759ACB /* KokoroAdapter.swift in Sources */ = {isa = PBXBuildFile; fileRef = 1B2B43C920264057AAC62F02 /* KokoroAdapter.swift */; };
		2ADAC6B497A942B7876F1EAB /* Qwen3TTSAdapter.swift in Sources */ = {isa = PBXBuildFile; fileRef = B05432ED20234455AA847DEE /* Qwen3TTSAdapter.swift */; };
		1DF7A6115400410DB49E8217 /* ChatterboxAdapter.swift in Sources */ = {isa = PBXBuildFile; fileRef = 34242592989648C197DBF18C /* ChatterboxAdapter.swift */; };
		FE8317A3AC7D45B1B2E6DCAB /* CosyVoice3Adapter.swift in Sources */ = {isa = PBXBuildFile; fileRef = C84806044A4F4EFE963637A9 /* CosyVoice3Adapter.swift */; };
		1C083E78D87E4BFD92C19EBA /* MisakiG2P.swift in Sources */ = {isa = PBXBuildFile; fileRef = 36723F38E3C94453931CD513 /* MisakiG2P.swift */; };
		2E23B3C36D8C4C97AD488233 /* G2PProtocol.swift in Sources */ = {isa = PBXBuildFile; fileRef = B642FFA7BF454C3182721722 /* G2PProtocol.swift */; };
		F912A5C09EBD44BDB699636B /* AudioPlayer.swift in Sources */ = {isa = PBXBuildFile; fileRef = 4FA35C20FF4D46F582DAC29C /* AudioPlayer.swift */; };
		6738CE47888147E0BCDE6146 /* SleepTimer.swift in Sources */ = {isa = PBXBuildFile; fileRef = 5713E82F6D34411D8DBCBB83 /* SleepTimer.swift */; };
		A3146335098544539A1566BC /* AudioSession.swift in Sources */ = {isa = PBXBuildFile; fileRef = 6C8581D1C01246FBAF498EED /* AudioSession.swift */; };
		9326A2C2D6CF423AB95CD31E /* DeviceCapability.swift in Sources */ = {isa = PBXBuildFile; fileRef = 807AB3BFF5E4456BA4F46AF7 /* DeviceCapability.swift */; };
		17FDD0A844364B7E805F65EA /* ModelRegistry.swift in Sources */ = {isa = PBXBuildFile; fileRef = 6D94FEA07721409DABC95E6D /* ModelRegistry.swift */; };
		49A5797DC21A4856ACEA0CBA /* TTSModelProtocol.swift in Sources */ = {isa = PBXBuildFile; fileRef = 8055C4318B594C16BCEF7165 /* TTSModelProtocol.swift */; };
		F2429B85C0D446778EEB1052 /* VoiceProfileResolver.swift in Sources */ = {isa = PBXBuildFile; fileRef = BCE91443099C4B749E59D0A2 /* VoiceProfileResolver.swift */; };
		293C03A3DD3342B990AF94B5 /* ModelManager.swift in Sources */ = {isa = PBXBuildFile; fileRef = 85DD3A65A74F47BA9991D923 /* ModelManager.swift */; };
		7875CE99272840788685D443 /* TTSController.swift in Sources */ = {isa = PBXBuildFile; fileRef = 1880204DD06F496EBE6A3C47 /* TTSController.swift */; };
		819C85F1203C4AF4BA31FA48 /* TTSModelInfo.swift in Sources */ = {isa = PBXBuildFile; fileRef = A96784F9C30D44D8B67ABA9A /* TTSModelInfo.swift */; };
		8F331FF43DBF4430A626B99D /* FontManager.swift in Sources */ = {isa = PBXBuildFile; fileRef = 3D694478C4584358BDDC95C1 /* FontManager.swift */; };
		7C08526E57784A159827A5C1 /* ThemeManager.swift in Sources */ = {isa = PBXBuildFile; fileRef = C4AFB7881FF2499C90BF8DF0 /* ThemeManager.swift */; };
		62494DB6C54E4F12A599ADB4 /* AccessibilityManager.swift in Sources */ = {isa = PBXBuildFile; fileRef = 16921307E0024116820C699C /* AccessibilityManager.swift */; };
		72AA7D0F23F44EC5A4BAA754 /* ReaderTextView.swift in Sources */ = {isa = PBXBuildFile; fileRef = 122C4694198148EDB8DCC82D /* ReaderTextView.swift */; };
		95FA314C2E884745B5166E32 /* ReaderContainerView.swift in Sources */ = {isa = PBXBuildFile; fileRef = 18F49978BF71444BBB935D06 /* ReaderContainerView.swift */; };
		00EAF9FECF664D4AB7C57419 /* PageThumbnailGrid.swift in Sources */ = {isa = PBXBuildFile; fileRef = AAAE1F590BE94437B87E5000 /* PageThumbnailGrid.swift */; };
		3B880B89ED1C4FE693642DE5 /* PDFReaderView.swift in Sources */ = {isa = PBXBuildFile; fileRef = 2C4609146A3D435CB9E3A40D /* PDFReaderView.swift */; };
		628E39D94D124CC7AA873869 /* TOCView.swift in Sources */ = {isa = PBXBuildFile; fileRef = 20F4ECC442E84748B6ED6D9F /* TOCView.swift */; };
		66C3895E072642529879FA4A /* ReadingModeToggle.swift in Sources */ = {isa = PBXBuildFile; fileRef = AE5DE0B097424F169759F4C3 /* ReadingModeToggle.swift */; };
		29AD7FC6B5184694964EFEF2 /* ReadingSettingsView.swift in Sources */ = {isa = PBXBuildFile; fileRef = 3034794EC94A4FBA9C6DE136 /* ReadingSettingsView.swift */; };
		114C00D3857B4B30B6EDCEE5 /* SettingsView.swift in Sources */ = {isa = PBXBuildFile; fileRef = F18228D5E2C94F6494394BB8 /* SettingsView.swift */; };
		BE23051B8F344EC1AA473516 /* AccessibilitySettingsView.swift in Sources */ = {isa = PBXBuildFile; fileRef = 6341AE18298C4CD5A39C35B1 /* AccessibilitySettingsView.swift */; };
		D565CF25BF5640D1AE6FC3DC /* AppearanceSettingsView.swift in Sources */ = {isa = PBXBuildFile; fileRef = 526D8657503242408D4AC298 /* AppearanceSettingsView.swift */; };
		7CBD8D1A448945B7A0FFC0C4 /* ReadingRuler.swift in Sources */ = {isa = PBXBuildFile; fileRef = 12314D68C2BB4469B8685230 /* ReadingRuler.swift */; };
		3EBC404174AC4981823314A5 /* SentenceHighlightOverlay.swift in Sources */ = {isa = PBXBuildFile; fileRef = DB96BEA25C8F4127B3A4283A /* SentenceHighlightOverlay.swift */; };
		FC7C8B8859E24BFF8FECB690 /* HighlightSettingsView.swift in Sources */ = {isa = PBXBuildFile; fileRef = 59E1065D3686489480D7BD28 /* HighlightSettingsView.swift */; };
		9982A424EEF945F89DEFD0FA /* WordHighlightOverlay.swift in Sources */ = {isa = PBXBuildFile; fileRef = 82E9916A1B574483AC8CA72C /* WordHighlightOverlay.swift */; };
		330C5A72C3E74912A798F2D8 /* DocumentLibraryView.swift in Sources */ = {isa = PBXBuildFile; fileRef = B1834BEC84F145B594A0C9B7 /* DocumentLibraryView.swift */; };
		E23A17E80F1E4533845D2AEA /* ReadingHistoryView.swift in Sources */ = {isa = PBXBuildFile; fileRef = 0822D4949B8B4B2CA4F0C2FB /* ReadingHistoryView.swift */; };
		25E609ED85424E24A1848BD2 /* DocumentCard.swift in Sources */ = {isa = PBXBuildFile; fileRef = 8D995D627B344E689E19528C /* DocumentCard.swift */; };
		42A608042A654113BF7C37AD /* ModelDownloadProgress.swift in Sources */ = {isa = PBXBuildFile; fileRef = 49537463D82C43EA967D0248 /* ModelDownloadProgress.swift */; };
		64DC57EBB3974B588D95902B /* ModelManagerView.swift in Sources */ = {isa = PBXBuildFile; fileRef = 51EC66477E4C43508736003A /* ModelManagerView.swift */; };
		966683A539294D8CAB45DF55 /* ModelCard.swift in Sources */ = {isa = PBXBuildFile; fileRef = CF8443C7F3B34D05AE15415F /* ModelCard.swift */; };
		0FC3ABDB52E04E1490099FDA /* TextBoxView.swift in Sources */ = {isa = PBXBuildFile; fileRef = 53C088BEB68D4392B4C5C69C /* TextBoxView.swift */; };
		A3A212F99D3D4CE5885B71B7 /* CanvasOverlay.swift in Sources */ = {isa = PBXBuildFile; fileRef = 1C158E4299834B50A237650B /* CanvasOverlay.swift */; };
		DC52BC99B24649748B9C6DD8 /* AnnotationExportView.swift in Sources */ = {isa = PBXBuildFile; fileRef = AC3FC14F53AC49859D6647CC /* AnnotationExportView.swift */; };
		1C7340D45FC34136B5ED257F /* StickyNoteView.swift in Sources */ = {isa = PBXBuildFile; fileRef = D302F27EEBA34F14AC5C4F49 /* StickyNoteView.swift */; };
		5EE7FED9174B43C8BDCEE7B1 /* AnnotationToolbar.swift in Sources */ = {isa = PBXBuildFile; fileRef = 02CFDCE6A6EF4A559FF07F2D /* AnnotationToolbar.swift */; };
		DD8213D450AA46638459C523 /* ShapeToolView.swift in Sources */ = {isa = PBXBuildFile; fileRef = 34DB4B58000B46058A04B1A8 /* ShapeToolView.swift */; };
		0621749DFA3544E494F0AE27 /* BookmarkButton.swift in Sources */ = {isa = PBXBuildFile; fileRef = EDB2CC72AD60442DBDC0CEA6 /* BookmarkButton.swift */; };
		706751EAB76F4043863D5677 /* ProgressBar.swift in Sources */ = {isa = PBXBuildFile; fileRef = FECA2671E9844CFD87EFAF94 /* ProgressBar.swift */; };
		58817818A0C640CA82368509 /* TTSControlBar.swift in Sources */ = {isa = PBXBuildFile; fileRef = AF1D8D32D83A42219762D128 /* TTSControlBar.swift */; };
		4E29DC56E7D74915B6662263 /* VoicePickerView.swift in Sources */ = {isa = PBXBuildFile; fileRef = 246A932533DB491E903FC9BE /* VoicePickerView.swift */; };
		A73FC8F06DD74C8BA84ECB8B /* SleepTimerView.swift in Sources */ = {isa = PBXBuildFile; fileRef = A02C2640E0414398BFA0CFA3 /* SleepTimerView.swift */; };
		44A01006A74B42D792F1ECB2 /* TextExtractorTests.swift in Sources */ = {isa = PBXBuildFile; fileRef = 6232C10A42154630986D60B2 /* TextExtractorTests.swift */; };
		5BC7B61142864E98867D965A /* BookmarkManagerTests.swift in Sources */ = {isa = PBXBuildFile; fileRef = A03BFFBBADD644A5AEEB41EC /* BookmarkManagerTests.swift */; };
		426E03598D534BF1969766D0 /* FontManagerTests.swift in Sources */ = {isa = PBXBuildFile; fileRef = 2D54D67E88EE492A8E16D5CC /* FontManagerTests.swift */; };
		1C448FA96F0A4674A73B2087 /* AnnotationExporterTests.swift in Sources */ = {isa = PBXBuildFile; fileRef = D529A28F3CBD4453B81B07DE /* AnnotationExporterTests.swift */; };
		54AAA43A1BF8456AA2033C09 /* AnnotationManagerTests.swift in Sources */ = {isa = PBXBuildFile; fileRef = C331933F3B224616AEFC37B3 /* AnnotationManagerTests.swift */; };
		5FEBBAF43EF0432CAD364882 /* UndoRedoTests.swift in Sources */ = {isa = PBXBuildFile; fileRef = 3B5C1D2ED08943EC9EA370DC /* UndoRedoTests.swift */; };
		DBCF03E8751C49C3B0B1F73F /* ModelManagerTests.swift in Sources */ = {isa = PBXBuildFile; fileRef = BD26ABD38E1E4BF8B0F4072E /* ModelManagerTests.swift */; };
		624AAB635B854C57A0EA6877 /* TTSModelProtocolTests.swift in Sources */ = {isa = PBXBuildFile; fileRef = 8525E924C1D645C09829C171 /* TTSModelProtocolTests.swift */; };
		A12912107F67424A9FE7A72B /* DeviceCapabilityTests.swift in Sources */ = {isa = PBXBuildFile; fileRef = 940C9D2A1C954897A521E934 /* DeviceCapabilityTests.swift */; };
		4AEAED23E76E40F0B0326362 /* ModelManagementTests.swift in Sources */ = {isa = PBXBuildFile; fileRef = 0100EB63DD9B4823AFB45EC2 /* ModelManagementTests.swift */; };
		45303BA1477F4D939B83FF29 /* AccessibilityUITests.swift in Sources */ = {isa = PBXBuildFile; fileRef = 50FC4625322F44718562A2E0 /* AccessibilityUITests.swift */; };
		2AFA7838270F466F809D00B3 /* ReaderFlowTests.swift in Sources */ = {isa = PBXBuildFile; fileRef = B61807A3C6E442B69C349D6F /* ReaderFlowTests.swift */; };
		1F352238374E4ED09CE9E2D7 /* model_registry.json in Resources */ = {isa = PBXBuildFile; fileRef = 1C6AFD5C6AF44D8488E323AC /* model_registry.json */; };
		D8C54912387A46CE8234E805 /* OpenDyslexic-Regular.otf in Resources */ = {isa = PBXBuildFile; fileRef = 8B2D1E02F50E41C59C09F522 /* OpenDyslexic-Regular.otf */; };
		A66A3AF7A1D54DF4B334386B /* OpenDyslexic-Bold.otf in Resources */ = {isa = PBXBuildFile; fileRef = DE87C658917F456FBE3D99CC /* OpenDyslexic-Bold.otf */; };
		BB05445E13A4415ABFE57364 /* Assets.xcassets in Resources */ = {isa = PBXBuildFile; fileRef = 222603D09B7541FC9B36786D /* Assets.xcassets */; };
/* End PBXBuildFile section */

/* Begin PBXContainerItemProxy section */
		C2ED1DD7FBAD489F852F7D23 /* PBXContainerItemProxy */ = {
			isa = PBXContainerItemProxy;
			containerPortal = C3FC6033539C43238E1B9254 /* Project object */;
			proxyType = 1;
			remoteGlobalIDString = 33786098D23E4746A62D8855;
			remoteInfo = Vachanam;
		};
		052B54E7D77747B3BF3866AA /* PBXContainerItemProxy */ = {
			isa = PBXContainerItemProxy;
			containerPortal = C3FC6033539C43238E1B9254 /* Project object */;
			proxyType = 1;
			remoteGlobalIDString = 33786098D23E4746A62D8855;
			remoteInfo = Vachanam;
		};
/* End PBXContainerItemProxy section */

/* Begin PBXFileReference section */
		97D041EB8DA643639F0E2014 /* Vachanam.app */ = {isa = PBXFileReference; explicitFileType = wrapper.application; includeInIndex = 0; path = Vachanam.app; sourceTree = BUILT_PRODUCTS_DIR; };
		7747E6606DAD463B975D23BA /* VachanamTests.xctest */ = {isa = PBXFileReference; explicitFileType = wrapper.cfbundle; includeInIndex = 0; path = VachanamTests.xctest; sourceTree = BUILT_PRODUCTS_DIR; };
		11E29F05A3FE436B8BC88834 /* VachanamUITests.xctest */ = {isa = PBXFileReference; explicitFileType = wrapper.cfbundle; includeInIndex = 0; path = VachanamUITests.xctest; sourceTree = BUILT_PRODUCTS_DIR; };
		290FE694281E4AB6A76A4963 /* AppState.swift */ = {isa = PBXFileReference; lastKnownFileType = sourcecode.swift; path = "Vachanam/App/AppState.swift"; sourceTree = "<group>"; };
		98C68E1F099C4DADAEE783C9 /* ContentView.swift */ = {isa = PBXFileReference; lastKnownFileType = sourcecode.swift; path = "Vachanam/App/ContentView.swift"; sourceTree = "<group>"; };
		86768E11A3BC45ACA3D91E52 /* VachanamApp.swift */ = {isa = PBXFileReference; lastKnownFileType = sourcecode.swift; path = "Vachanam/App/VachanamApp.swift"; sourceTree = "<group>"; };
		5C42445B7D284FA48F54F49C /* ReaderDocument.swift */ = {isa = PBXFileReference; lastKnownFileType = sourcecode.swift; path = "Vachanam/PDF/ReaderDocument.swift"; sourceTree = "<group>"; };
		72CD22C16EAE440DA72D1F2D /* ReadingProgressTracker.swift */ = {isa = PBXFileReference; lastKnownFileType = sourcecode.swift; path = "Vachanam/PDF/ReadingProgressTracker.swift"; sourceTree = "<group>"; };
		2001913AFEAA47FAB37AE9B4 /* TextExtractor.swift */ = {isa = PBXFileReference; lastKnownFileType = sourcecode.swift; path = "Vachanam/PDF/TextExtractor.swift"; sourceTree = "<group>"; };
		C0F6716B0A6941CF8CC699F1 /* BookmarkManager.swift */ = {isa = PBXFileReference; lastKnownFileType = sourcecode.swift; path = "Vachanam/PDF/BookmarkManager.swift"; sourceTree = "<group>"; };
		64C96CBA86094EB2A59DDCA5 /* AnnotationManager.swift */ = {isa = PBXFileReference; lastKnownFileType = sourcecode.swift; path = "Vachanam/Annotations/AnnotationManager.swift"; sourceTree = "<group>"; };
		0301F752A55A48858330FF6D /* UndoRedoManager.swift */ = {isa = PBXFileReference; lastKnownFileType = sourcecode.swift; path = "Vachanam/Annotations/UndoRedoManager.swift"; sourceTree = "<group>"; };
		7924545F11D84DCAA4EDC7C6 /* AnnotationExporter.swift */ = {isa = PBXFileReference; lastKnownFileType = sourcecode.swift; path = "Vachanam/Annotations/AnnotationExporter.swift"; sourceTree = "<group>"; };
		1B2B43C920264057AAC62F02 /* KokoroAdapter.swift */ = {isa = PBXFileReference; lastKnownFileType = sourcecode.swift; path = "Vachanam/Adapters/KokoroAdapter.swift"; sourceTree = "<group>"; };
		B05432ED20234455AA847DEE /* Qwen3TTSAdapter.swift */ = {isa = PBXFileReference; lastKnownFileType = sourcecode.swift; path = "Vachanam/Adapters/Qwen3TTSAdapter.swift"; sourceTree = "<group>"; };
		34242592989648C197DBF18C /* ChatterboxAdapter.swift */ = {isa = PBXFileReference; lastKnownFileType = sourcecode.swift; path = "Vachanam/Adapters/ChatterboxAdapter.swift"; sourceTree = "<group>"; };
		C84806044A4F4EFE963637A9 /* CosyVoice3Adapter.swift */ = {isa = PBXFileReference; lastKnownFileType = sourcecode.swift; path = "Vachanam/Adapters/CosyVoice3Adapter.swift"; sourceTree = "<group>"; };
		36723F38E3C94453931CD513 /* MisakiG2P.swift */ = {isa = PBXFileReference; lastKnownFileType = sourcecode.swift; path = "Vachanam/Adapters/G2P/MisakiG2P.swift"; sourceTree = "<group>"; };
		B642FFA7BF454C3182721722 /* G2PProtocol.swift */ = {isa = PBXFileReference; lastKnownFileType = sourcecode.swift; path = "Vachanam/Adapters/G2P/G2PProtocol.swift"; sourceTree = "<group>"; };
		4FA35C20FF4D46F582DAC29C /* AudioPlayer.swift */ = {isa = PBXFileReference; lastKnownFileType = sourcecode.swift; path = "Vachanam/Audio/AudioPlayer.swift"; sourceTree = "<group>"; };
		5713E82F6D34411D8DBCBB83 /* SleepTimer.swift */ = {isa = PBXFileReference; lastKnownFileType = sourcecode.swift; path = "Vachanam/Audio/SleepTimer.swift"; sourceTree = "<group>"; };
		6C8581D1C01246FBAF498EED /* AudioSession.swift */ = {isa = PBXFileReference; lastKnownFileType = sourcecode.swift; path = "Vachanam/Audio/AudioSession.swift"; sourceTree = "<group>"; };
		807AB3BFF5E4456BA4F46AF7 /* DeviceCapability.swift */ = {isa = PBXFileReference; lastKnownFileType = sourcecode.swift; path = "Vachanam/TTS/DeviceCapability.swift"; sourceTree = "<group>"; };
		6D94FEA07721409DABC95E6D /* ModelRegistry.swift */ = {isa = PBXFileReference; lastKnownFileType = sourcecode.swift; path = "Vachanam/TTS/ModelRegistry.swift"; sourceTree = "<group>"; };
		8055C4318B594C16BCEF7165 /* TTSModelProtocol.swift */ = {isa = PBXFileReference; lastKnownFileType = sourcecode.swift; path = "Vachanam/TTS/TTSModelProtocol.swift"; sourceTree = "<group>"; };
		BCE91443099C4B749E59D0A2 /* VoiceProfileResolver.swift */ = {isa = PBXFileReference; lastKnownFileType = sourcecode.swift; path = "Vachanam/TTS/VoiceProfileResolver.swift"; sourceTree = "<group>"; };
		85DD3A65A74F47BA9991D923 /* ModelManager.swift */ = {isa = PBXFileReference; lastKnownFileType = sourcecode.swift; path = "Vachanam/TTS/ModelManager.swift"; sourceTree = "<group>"; };
		1880204DD06F496EBE6A3C47 /* TTSController.swift */ = {isa = PBXFileReference; lastKnownFileType = sourcecode.swift; path = "Vachanam/TTS/TTSController.swift"; sourceTree = "<group>"; };
		A96784F9C30D44D8B67ABA9A /* TTSModelInfo.swift */ = {isa = PBXFileReference; lastKnownFileType = sourcecode.swift; path = "Vachanam/TTS/TTSModelInfo.swift"; sourceTree = "<group>"; };
		3D694478C4584358BDDC95C1 /* FontManager.swift */ = {isa = PBXFileReference; lastKnownFileType = sourcecode.swift; path = "Vachanam/Accessibility/FontManager.swift"; sourceTree = "<group>"; };
		C4AFB7881FF2499C90BF8DF0 /* ThemeManager.swift */ = {isa = PBXFileReference; lastKnownFileType = sourcecode.swift; path = "Vachanam/Accessibility/ThemeManager.swift"; sourceTree = "<group>"; };
		16921307E0024116820C699C /* AccessibilityManager.swift */ = {isa = PBXFileReference; lastKnownFileType = sourcecode.swift; path = "Vachanam/Accessibility/AccessibilityManager.swift"; sourceTree = "<group>"; };
		122C4694198148EDB8DCC82D /* ReaderTextView.swift */ = {isa = PBXFileReference; lastKnownFileType = sourcecode.swift; path = "Vachanam/Views/Reader/ReaderTextView.swift"; sourceTree = "<group>"; };
		18F49978BF71444BBB935D06 /* ReaderContainerView.swift */ = {isa = PBXFileReference; lastKnownFileType = sourcecode.swift; path = "Vachanam/Views/Reader/ReaderContainerView.swift"; sourceTree = "<group>"; };
		AAAE1F590BE94437B87E5000 /* PageThumbnailGrid.swift */ = {isa = PBXFileReference; lastKnownFileType = sourcecode.swift; path = "Vachanam/Views/Reader/PageThumbnailGrid.swift"; sourceTree = "<group>"; };
		2C4609146A3D435CB9E3A40D /* PDFReaderView.swift */ = {isa = PBXFileReference; lastKnownFileType = sourcecode.swift; path = "Vachanam/Views/Reader/PDFReaderView.swift"; sourceTree = "<group>"; };
		20F4ECC442E84748B6ED6D9F /* TOCView.swift */ = {isa = PBXFileReference; lastKnownFileType = sourcecode.swift; path = "Vachanam/Views/Reader/TOCView.swift"; sourceTree = "<group>"; };
		AE5DE0B097424F169759F4C3 /* ReadingModeToggle.swift */ = {isa = PBXFileReference; lastKnownFileType = sourcecode.swift; path = "Vachanam/Views/Reader/ReadingModeToggle.swift"; sourceTree = "<group>"; };
		3034794EC94A4FBA9C6DE136 /* ReadingSettingsView.swift */ = {isa = PBXFileReference; lastKnownFileType = sourcecode.swift; path = "Vachanam/Views/Settings/ReadingSettingsView.swift"; sourceTree = "<group>"; };
		F18228D5E2C94F6494394BB8 /* SettingsView.swift */ = {isa = PBXFileReference; lastKnownFileType = sourcecode.swift; path = "Vachanam/Views/Settings/SettingsView.swift"; sourceTree = "<group>"; };
		6341AE18298C4CD5A39C35B1 /* AccessibilitySettingsView.swift */ = {isa = PBXFileReference; lastKnownFileType = sourcecode.swift; path = "Vachanam/Views/Settings/AccessibilitySettingsView.swift"; sourceTree = "<group>"; };
		526D8657503242408D4AC298 /* AppearanceSettingsView.swift */ = {isa = PBXFileReference; lastKnownFileType = sourcecode.swift; path = "Vachanam/Views/Settings/AppearanceSettingsView.swift"; sourceTree = "<group>"; };
		12314D68C2BB4469B8685230 /* ReadingRuler.swift */ = {isa = PBXFileReference; lastKnownFileType = sourcecode.swift; path = "Vachanam/Views/Highlight/ReadingRuler.swift"; sourceTree = "<group>"; };
		DB96BEA25C8F4127B3A4283A /* SentenceHighlightOverlay.swift */ = {isa = PBXFileReference; lastKnownFileType = sourcecode.swift; path = "Vachanam/Views/Highlight/SentenceHighlightOverlay.swift"; sourceTree = "<group>"; };
		59E1065D3686489480D7BD28 /* HighlightSettingsView.swift */ = {isa = PBXFileReference; lastKnownFileType = sourcecode.swift; path = "Vachanam/Views/Highlight/HighlightSettingsView.swift"; sourceTree = "<group>"; };
		82E9916A1B574483AC8CA72C /* WordHighlightOverlay.swift */ = {isa = PBXFileReference; lastKnownFileType = sourcecode.swift; path = "Vachanam/Views/Highlight/WordHighlightOverlay.swift"; sourceTree = "<group>"; };
		B1834BEC84F145B594A0C9B7 /* DocumentLibraryView.swift */ = {isa = PBXFileReference; lastKnownFileType = sourcecode.swift; path = "Vachanam/Views/Library/DocumentLibraryView.swift"; sourceTree = "<group>"; };
		0822D4949B8B4B2CA4F0C2FB /* ReadingHistoryView.swift */ = {isa = PBXFileReference; lastKnownFileType = sourcecode.swift; path = "Vachanam/Views/Library/ReadingHistoryView.swift"; sourceTree = "<group>"; };
		8D995D627B344E689E19528C /* DocumentCard.swift */ = {isa = PBXFileReference; lastKnownFileType = sourcecode.swift; path = "Vachanam/Views/Library/DocumentCard.swift"; sourceTree = "<group>"; };
		49537463D82C43EA967D0248 /* ModelDownloadProgress.swift */ = {isa = PBXFileReference; lastKnownFileType = sourcecode.swift; path = "Vachanam/Views/Models/ModelDownloadProgress.swift"; sourceTree = "<group>"; };
		51EC66477E4C43508736003A /* ModelManagerView.swift */ = {isa = PBXFileReference; lastKnownFileType = sourcecode.swift; path = "Vachanam/Views/Models/ModelManagerView.swift"; sourceTree = "<group>"; };
		CF8443C7F3B34D05AE15415F /* ModelCard.swift */ = {isa = PBXFileReference; lastKnownFileType = sourcecode.swift; path = "Vachanam/Views/Models/ModelCard.swift"; sourceTree = "<group>"; };
		53C088BEB68D4392B4C5C69C /* TextBoxView.swift */ = {isa = PBXFileReference; lastKnownFileType = sourcecode.swift; path = "Vachanam/Views/Annotations/TextBoxView.swift"; sourceTree = "<group>"; };
		1C158E4299834B50A237650B /* CanvasOverlay.swift */ = {isa = PBXFileReference; lastKnownFileType = sourcecode.swift; path = "Vachanam/Views/Annotations/CanvasOverlay.swift"; sourceTree = "<group>"; };
		AC3FC14F53AC49859D6647CC /* AnnotationExportView.swift */ = {isa = PBXFileReference; lastKnownFileType = sourcecode.swift; path = "Vachanam/Views/Annotations/AnnotationExportView.swift"; sourceTree = "<group>"; };
		D302F27EEBA34F14AC5C4F49 /* StickyNoteView.swift */ = {isa = PBXFileReference; lastKnownFileType = sourcecode.swift; path = "Vachanam/Views/Annotations/StickyNoteView.swift"; sourceTree = "<group>"; };
		02CFDCE6A6EF4A559FF07F2D /* AnnotationToolbar.swift */ = {isa = PBXFileReference; lastKnownFileType = sourcecode.swift; path = "Vachanam/Views/Annotations/AnnotationToolbar.swift"; sourceTree = "<group>"; };
		34DB4B58000B46058A04B1A8 /* ShapeToolView.swift */ = {isa = PBXFileReference; lastKnownFileType = sourcecode.swift; path = "Vachanam/Views/Annotations/ShapeToolView.swift"; sourceTree = "<group>"; };
		EDB2CC72AD60442DBDC0CEA6 /* BookmarkButton.swift */ = {isa = PBXFileReference; lastKnownFileType = sourcecode.swift; path = "Vachanam/Views/Components/BookmarkButton.swift"; sourceTree = "<group>"; };
		FECA2671E9844CFD87EFAF94 /* ProgressBar.swift */ = {isa = PBXFileReference; lastKnownFileType = sourcecode.swift; path = "Vachanam/Views/Components/ProgressBar.swift"; sourceTree = "<group>"; };
		AF1D8D32D83A42219762D128 /* TTSControlBar.swift */ = {isa = PBXFileReference; lastKnownFileType = sourcecode.swift; path = "Vachanam/Views/TTS/TTSControlBar.swift"; sourceTree = "<group>"; };
		246A932533DB491E903FC9BE /* VoicePickerView.swift */ = {isa = PBXFileReference; lastKnownFileType = sourcecode.swift; path = "Vachanam/Views/TTS/VoicePickerView.swift"; sourceTree = "<group>"; };
		A02C2640E0414398BFA0CFA3 /* SleepTimerView.swift */ = {isa = PBXFileReference; lastKnownFileType = sourcecode.swift; path = "Vachanam/Views/TTS/SleepTimerView.swift"; sourceTree = "<group>"; };
		6232C10A42154630986D60B2 /* TextExtractorTests.swift */ = {isa = PBXFileReference; lastKnownFileType = sourcecode.swift; path = "VachanamTests/PDFTests/TextExtractorTests.swift"; sourceTree = "<group>"; };
		A03BFFBBADD644A5AEEB41EC /* BookmarkManagerTests.swift */ = {isa = PBXFileReference; lastKnownFileType = sourcecode.swift; path = "VachanamTests/PDFTests/BookmarkManagerTests.swift"; sourceTree = "<group>"; };
		2D54D67E88EE492A8E16D5CC /* FontManagerTests.swift */ = {isa = PBXFileReference; lastKnownFileType = sourcecode.swift; path = "VachanamTests/AccessibilityTests/FontManagerTests.swift"; sourceTree = "<group>"; };
		D529A28F3CBD4453B81B07DE /* AnnotationExporterTests.swift */ = {isa = PBXFileReference; lastKnownFileType = sourcecode.swift; path = "VachanamTests/AnnotationTests/AnnotationExporterTests.swift"; sourceTree = "<group>"; };
		C331933F3B224616AEFC37B3 /* AnnotationManagerTests.swift */ = {isa = PBXFileReference; lastKnownFileType = sourcecode.swift; path = "VachanamTests/AnnotationTests/AnnotationManagerTests.swift"; sourceTree = "<group>"; };
		3B5C1D2ED08943EC9EA370DC /* UndoRedoTests.swift */ = {isa = PBXFileReference; lastKnownFileType = sourcecode.swift; path = "VachanamTests/AnnotationTests/UndoRedoTests.swift"; sourceTree = "<group>"; };
		BD26ABD38E1E4BF8B0F4072E /* ModelManagerTests.swift */ = {isa = PBXFileReference; lastKnownFileType = sourcecode.swift; path = "VachanamTests/TTSTests/ModelManagerTests.swift"; sourceTree = "<group>"; };
		8525E924C1D645C09829C171 /* TTSModelProtocolTests.swift */ = {isa = PBXFileReference; lastKnownFileType = sourcecode.swift; path = "VachanamTests/TTSTests/TTSModelProtocolTests.swift"; sourceTree = "<group>"; };
		940C9D2A1C954897A521E934 /* DeviceCapabilityTests.swift */ = {isa = PBXFileReference; lastKnownFileType = sourcecode.swift; path = "VachanamTests/TTSTests/DeviceCapabilityTests.swift"; sourceTree = "<group>"; };
		0100EB63DD9B4823AFB45EC2 /* ModelManagementTests.swift */ = {isa = PBXFileReference; lastKnownFileType = sourcecode.swift; path = "VachanamUITests/ModelManagementTests.swift"; sourceTree = "<group>"; };
		50FC4625322F44718562A2E0 /* AccessibilityUITests.swift */ = {isa = PBXFileReference; lastKnownFileType = sourcecode.swift; path = "VachanamUITests/AccessibilityUITests.swift"; sourceTree = "<group>"; };
		B61807A3C6E442B69C349D6F /* ReaderFlowTests.swift */ = {isa = PBXFileReference; lastKnownFileType = sourcecode.swift; path = "VachanamUITests/ReaderFlowTests.swift"; sourceTree = "<group>"; };
		9A1577B7CC844D7FA847F87A /* Info.plist */ = {isa = PBXFileReference; lastKnownFileType = text.plist.xml; path = "Vachanam/Info.plist"; sourceTree = "<group>"; };
		1C6AFD5C6AF44D8488E323AC /* model_registry.json */ = {isa = PBXFileReference; lastKnownFileType = text.json; path = "Vachanam/Resources/model_registry.json"; sourceTree = "<group>"; };
		8B2D1E02F50E41C59C09F522 /* OpenDyslexic-Regular.otf */ = {isa = PBXFileReference; lastKnownFileType = file; path = "Vachanam/Resources/OpenDyslexic-Regular.otf"; sourceTree = "<group>"; };
		DE87C658917F456FBE3D99CC /* OpenDyslexic-Bold.otf */ = {isa = PBXFileReference; lastKnownFileType = file; path = "Vachanam/Resources/OpenDyslexic-Bold.otf"; sourceTree = "<group>"; };
		222603D09B7541FC9B36786D /* Assets.xcassets */ = {isa = PBXFileReference; lastKnownFileType = folder.assetcatalog; path = "Vachanam/Resources/Assets.xcassets"; sourceTree = "<group>"; };
/* End PBXFileReference section */

/* Begin PBXFrameworksBuildPhase section */
		17F4E60E34A74998B772B87F /* Frameworks */ = {
			isa = PBXFrameworksBuildPhase;
			buildActionMask = 2147483647;
			files = (
			);
			runOnlyForDeploymentPostprocessing = 0;
		};
		C227BBF29A67427D95E1E747 /* Frameworks */ = {
			isa = PBXFrameworksBuildPhase;
			buildActionMask = 2147483647;
			files = (
			);
			runOnlyForDeploymentPostprocessing = 0;
		};
		4393CF085F2244DB93FE2005 /* Frameworks */ = {
			isa = PBXFrameworksBuildPhase;
			buildActionMask = 2147483647;
			files = (
			);
			runOnlyForDeploymentPostprocessing = 0;
		};
/* End PBXFrameworksBuildPhase section */

/* Begin PBXGroup section */
		7C0CC15E525E4D6B951C8918 = {
			isa = PBXGroup;
			children = (
				EFD12E02473B47C991EC52FE /* Vachanam */,
				4F30C325F06D461F96C276B5 /* VachanamTests */,
				9148132DC7E24C988E4D0BC5 /* VachanamUITests */,
				377AEDB131AB4512909B1281 /* Products */,
			);
			sourceTree = "<group>";
		};
		EFD12E02473B47C991EC52FE /* Vachanam */ = {
			isa = PBXGroup;
			children = (
				290FE694281E4AB6A76A4963 /* AppState.swift */,
				98C68E1F099C4DADAEE783C9 /* ContentView.swift */,
				86768E11A3BC45ACA3D91E52 /* VachanamApp.swift */,
				5C42445B7D284FA48F54F49C /* ReaderDocument.swift */,
				72CD22C16EAE440DA72D1F2D /* ReadingProgressTracker.swift */,
				2001913AFEAA47FAB37AE9B4 /* TextExtractor.swift */,
				C0F6716B0A6941CF8CC699F1 /* BookmarkManager.swift */,
				64C96CBA86094EB2A59DDCA5 /* AnnotationManager.swift */,
				0301F752A55A48858330FF6D /* UndoRedoManager.swift */,
				7924545F11D84DCAA4EDC7C6 /* AnnotationExporter.swift */,
				1B2B43C920264057AAC62F02 /* KokoroAdapter.swift */,
				B05432ED20234455AA847DEE /* Qwen3TTSAdapter.swift */,
				34242592989648C197DBF18C /* ChatterboxAdapter.swift */,
				C84806044A4F4EFE963637A9 /* CosyVoice3Adapter.swift */,
				36723F38E3C94453931CD513 /* MisakiG2P.swift */,
				B642FFA7BF454C3182721722 /* G2PProtocol.swift */,
				4FA35C20FF4D46F582DAC29C /* AudioPlayer.swift */,
				5713E82F6D34411D8DBCBB83 /* SleepTimer.swift */,
				6C8581D1C01246FBAF498EED /* AudioSession.swift */,
				807AB3BFF5E4456BA4F46AF7 /* DeviceCapability.swift */,
				6D94FEA07721409DABC95E6D /* ModelRegistry.swift */,
				8055C4318B594C16BCEF7165 /* TTSModelProtocol.swift */,
				BCE91443099C4B749E59D0A2 /* VoiceProfileResolver.swift */,
				85DD3A65A74F47BA9991D923 /* ModelManager.swift */,
				1880204DD06F496EBE6A3C47 /* TTSController.swift */,
				A96784F9C30D44D8B67ABA9A /* TTSModelInfo.swift */,
				3D694478C4584358BDDC95C1 /* FontManager.swift */,
				C4AFB7881FF2499C90BF8DF0 /* ThemeManager.swift */,
				16921307E0024116820C699C /* AccessibilityManager.swift */,
				122C4694198148EDB8DCC82D /* ReaderTextView.swift */,
				18F49978BF71444BBB935D06 /* ReaderContainerView.swift */,
				AAAE1F590BE94437B87E5000 /* PageThumbnailGrid.swift */,
				2C4609146A3D435CB9E3A40D /* PDFReaderView.swift */,
				20F4ECC442E84748B6ED6D9F /* TOCView.swift */,
				AE5DE0B097424F169759F4C3 /* ReadingModeToggle.swift */,
				3034794EC94A4FBA9C6DE136 /* ReadingSettingsView.swift */,
				F18228D5E2C94F6494394BB8 /* SettingsView.swift */,
				6341AE18298C4CD5A39C35B1 /* AccessibilitySettingsView.swift */,
				526D8657503242408D4AC298 /* AppearanceSettingsView.swift */,
				12314D68C2BB4469B8685230 /* ReadingRuler.swift */,
				DB96BEA25C8F4127B3A4283A /* SentenceHighlightOverlay.swift */,
				59E1065D3686489480D7BD28 /* HighlightSettingsView.swift */,
				82E9916A1B574483AC8CA72C /* WordHighlightOverlay.swift */,
				B1834BEC84F145B594A0C9B7 /* DocumentLibraryView.swift */,
				0822D4949B8B4B2CA4F0C2FB /* ReadingHistoryView.swift */,
				8D995D627B344E689E19528C /* DocumentCard.swift */,
				49537463D82C43EA967D0248 /* ModelDownloadProgress.swift */,
				51EC66477E4C43508736003A /* ModelManagerView.swift */,
				CF8443C7F3B34D05AE15415F /* ModelCard.swift */,
				53C088BEB68D4392B4C5C69C /* TextBoxView.swift */,
				1C158E4299834B50A237650B /* CanvasOverlay.swift */,
				AC3FC14F53AC49859D6647CC /* AnnotationExportView.swift */,
				D302F27EEBA34F14AC5C4F49 /* StickyNoteView.swift */,
				02CFDCE6A6EF4A559FF07F2D /* AnnotationToolbar.swift */,
				34DB4B58000B46058A04B1A8 /* ShapeToolView.swift */,
				EDB2CC72AD60442DBDC0CEA6 /* BookmarkButton.swift */,
				FECA2671E9844CFD87EFAF94 /* ProgressBar.swift */,
				AF1D8D32D83A42219762D128 /* TTSControlBar.swift */,
				246A932533DB491E903FC9BE /* VoicePickerView.swift */,
				A02C2640E0414398BFA0CFA3 /* SleepTimerView.swift */,
				9A1577B7CC844D7FA847F87A /* Info.plist */,
				1C6AFD5C6AF44D8488E323AC /* model_registry.json */,
				8B2D1E02F50E41C59C09F522 /* OpenDyslexic-Regular.otf */,
				DE87C658917F456FBE3D99CC /* OpenDyslexic-Bold.otf */,
				222603D09B7541FC9B36786D /* Assets.xcassets */,
			);
			path = ".";
			sourceTree = "<group>";
		};
		4F30C325F06D461F96C276B5 /* VachanamTests */ = {
			isa = PBXGroup;
			children = (
				6232C10A42154630986D60B2 /* TextExtractorTests.swift */,
				A03BFFBBADD644A5AEEB41EC /* BookmarkManagerTests.swift */,
				2D54D67E88EE492A8E16D5CC /* FontManagerTests.swift */,
				D529A28F3CBD4453B81B07DE /* AnnotationExporterTests.swift */,
				C331933F3B224616AEFC37B3 /* AnnotationManagerTests.swift */,
				3B5C1D2ED08943EC9EA370DC /* UndoRedoTests.swift */,
				BD26ABD38E1E4BF8B0F4072E /* ModelManagerTests.swift */,
				8525E924C1D645C09829C171 /* TTSModelProtocolTests.swift */,
				940C9D2A1C954897A521E934 /* DeviceCapabilityTests.swift */,
			);
			path = ".";
			sourceTree = "<group>";
		};
		9148132DC7E24C988E4D0BC5 /* VachanamUITests */ = {
			isa = PBXGroup;
			children = (
				0100EB63DD9B4823AFB45EC2 /* ModelManagementTests.swift */,
				50FC4625322F44718562A2E0 /* AccessibilityUITests.swift */,
				B61807A3C6E442B69C349D6F /* ReaderFlowTests.swift */,
			);
			path = ".";
			sourceTree = "<group>";
		};
		377AEDB131AB4512909B1281 /* Products */ = {
			isa = PBXGroup;
			children = (
				97D041EB8DA643639F0E2014 /* Vachanam.app */,
				7747E6606DAD463B975D23BA /* VachanamTests.xctest */,
				11E29F05A3FE436B8BC88834 /* VachanamUITests.xctest */,
			);
			name = Products;
			sourceTree = "<group>";
		};
/* End PBXGroup section */

/* Begin PBXTargetDependency section */
		CEF393F0568B406A86E66B51 /* PBXTargetDependency */ = {
			isa = PBXTargetDependency;
			target = 33786098D23E4746A62D8855 /* Vachanam */;
			targetProxy = C2ED1DD7FBAD489F852F7D23 /* PBXContainerItemProxy */;
		};
		371A87647BC643C29C296CD9 /* PBXTargetDependency */ = {
			isa = PBXTargetDependency;
			target = 33786098D23E4746A62D8855 /* Vachanam */;
			targetProxy = 052B54E7D77747B3BF3866AA /* PBXContainerItemProxy */;
		};
/* End PBXTargetDependency section */

/* Begin PBXNativeTarget section */
		33786098D23E4746A62D8855 /* Vachanam */ = {
			isa = PBXNativeTarget;
			buildConfigurationList = 4B1A9D7B14444EF2ADBE3FEE /* Build configuration list for PBXNativeTarget "Vachanam" */;
			buildPhases = (
				105DE58CE8ED453DB03C6985 /* Sources */,
				17F4E60E34A74998B772B87F /* Frameworks */,
				7E26AD983B834A6C947C51D3 /* Resources */,
			);
			buildRules = (
			);
			dependencies = (
			);
			name = Vachanam;
			productName = Vachanam;
			productReference = 97D041EB8DA643639F0E2014 /* Vachanam.app */;
			productType = "com.apple.product-type.application";
		};
		B7173FB865614781A728EADC /* VachanamTests */ = {
			isa = PBXNativeTarget;
			buildConfigurationList = EEF5705364C54BAB8B0B1D5D /* Build configuration list for PBXNativeTarget "VachanamTests" */;
			buildPhases = (
				CFB723C04CB24260AC6F1503 /* Sources */,
				C227BBF29A67427D95E1E747 /* Frameworks */,
			);
			buildRules = (
			);
			dependencies = (
				CEF393F0568B406A86E66B51 /* PBXTargetDependency */,
			);
			name = VachanamTests;
			productName = VachanamTests;
			productReference = 7747E6606DAD463B975D23BA /* VachanamTests.xctest */;
			productType = "com.apple.product-type.bundle.unit-test";
		};
		FAB65D57B97D44FDAA242051 /* VachanamUITests */ = {
			isa = PBXNativeTarget;
			buildConfigurationList = E82407EC291041EBAD6D3F0A /* Build configuration list for PBXNativeTarget "VachanamUITests" */;
			buildPhases = (
				410C548F19A146F69676B483 /* Sources */,
				4393CF085F2244DB93FE2005 /* Frameworks */,
			);
			buildRules = (
			);
			dependencies = (
				371A87647BC643C29C296CD9 /* PBXTargetDependency */,
			);
			name = VachanamUITests;
			productName = VachanamUITests;
			productReference = 11E29F05A3FE436B8BC88834 /* VachanamUITests.xctest */;
			productType = "com.apple.product-type.bundle.ui-testing";
		};
/* End PBXNativeTarget section */

/* Begin PBXProject section */
		C3FC6033539C43238E1B9254 /* Project object */ = {
			isa = PBXProject;
			attributes = {
				BuildIndependentTargetsInParallel = 1;
				LastUpgradeCheck = 1600;
				LastSwiftUpdateCheck = 1600;
				TargetAttributes = {
					33786098D23E4746A62D8855 = {
						CreatedOnToolsVersion = 16.0;
					};
					B7173FB865614781A728EADC = {
						TestTargetID = 33786098D23E4746A62D8855;
					};
					FAB65D57B97D44FDAA242051 = {
						TestTargetID = 33786098D23E4746A62D8855;
					};
				};
			};
			buildConfigurationList = 5EAFE76F70604AF9998CFDED /* Build configuration list for PBXProject "Vachanam" */;
			compatibilityVersion = "Xcode 14.0";
			developmentRegion = en;
			hasScannedForEncodings = 0;
			knownRegions = (
				en,
				Base,
			);
			mainGroup = 7C0CC15E525E4D6B951C8918;
			productRefGroup = 377AEDB131AB4512909B1281 /* Products */;
			projectDirPath = "";
			projectRoot = "";
			targets = (
				33786098D23E4746A62D8855 /* Vachanam */,
				B7173FB865614781A728EADC /* VachanamTests */,
				FAB65D57B97D44FDAA242051 /* VachanamUITests */,
			);
		};
/* End PBXProject section */

/* Begin PBXResourcesBuildPhase section */
		7E26AD983B834A6C947C51D3 /* Resources */ = {
			isa = PBXResourcesBuildPhase;
			buildActionMask = 2147483647;
			files = (
				1F352238374E4ED09CE9E2D7 /* model_registry.json in Resources */,
				D8C54912387A46CE8234E805 /* OpenDyslexic-Regular.otf in Resources */,
				A66A3AF7A1D54DF4B334386B /* OpenDyslexic-Bold.otf in Resources */,
				BB05445E13A4415ABFE57364 /* Assets.xcassets in Resources */,
			);
			runOnlyForDeploymentPostprocessing = 0;
		};
/* End PBXResourcesBuildPhase section */

/* Begin PBXSourcesBuildPhase section */
		105DE58CE8ED453DB03C6985 /* Sources */ = {
			isa = PBXSourcesBuildPhase;
			buildActionMask = 2147483647;
			files = (
				83E10DF425AA4F05A7499578 /* AppState.swift in Sources */,
				9C02E446F65945F3A2E89962 /* ContentView.swift in Sources */,
				F37C83B8EBCC4C048182DE02 /* VachanamApp.swift in Sources */,
				B50188218D024D7490FA8BE6 /* ReaderDocument.swift in Sources */,
				79FB32E6606544309342090B /* ReadingProgressTracker.swift in Sources */,
				003385508C2748EAA35DD58C /* TextExtractor.swift in Sources */,
				970EC12ECBC6486F804C0489 /* BookmarkManager.swift in Sources */,
				868E66BC3F1D4F9CA483D22D /* AnnotationManager.swift in Sources */,
				70C1DF8241EF494A96706568 /* UndoRedoManager.swift in Sources */,
				455BF5609A224AB4B6B650AC /* AnnotationExporter.swift in Sources */,
				21C44A4C7FD5485CA8759ACB /* KokoroAdapter.swift in Sources */,
				2ADAC6B497A942B7876F1EAB /* Qwen3TTSAdapter.swift in Sources */,
				1DF7A6115400410DB49E8217 /* ChatterboxAdapter.swift in Sources */,
				FE8317A3AC7D45B1B2E6DCAB /* CosyVoice3Adapter.swift in Sources */,
				1C083E78D87E4BFD92C19EBA /* MisakiG2P.swift in Sources */,
				2E23B3C36D8C4C97AD488233 /* G2PProtocol.swift in Sources */,
				F912A5C09EBD44BDB699636B /* AudioPlayer.swift in Sources */,
				6738CE47888147E0BCDE6146 /* SleepTimer.swift in Sources */,
				A3146335098544539A1566BC /* AudioSession.swift in Sources */,
				9326A2C2D6CF423AB95CD31E /* DeviceCapability.swift in Sources */,
				17FDD0A844364B7E805F65EA /* ModelRegistry.swift in Sources */,
				49A5797DC21A4856ACEA0CBA /* TTSModelProtocol.swift in Sources */,
				F2429B85C0D446778EEB1052 /* VoiceProfileResolver.swift in Sources */,
				293C03A3DD3342B990AF94B5 /* ModelManager.swift in Sources */,
				7875CE99272840788685D443 /* TTSController.swift in Sources */,
				819C85F1203C4AF4BA31FA48 /* TTSModelInfo.swift in Sources */,
				8F331FF43DBF4430A626B99D /* FontManager.swift in Sources */,
				7C08526E57784A159827A5C1 /* ThemeManager.swift in Sources */,
				62494DB6C54E4F12A599ADB4 /* AccessibilityManager.swift in Sources */,
				72AA7D0F23F44EC5A4BAA754 /* ReaderTextView.swift in Sources */,
				95FA314C2E884745B5166E32 /* ReaderContainerView.swift in Sources */,
				00EAF9FECF664D4AB7C57419 /* PageThumbnailGrid.swift in Sources */,
				3B880B89ED1C4FE693642DE5 /* PDFReaderView.swift in Sources */,
				628E39D94D124CC7AA873869 /* TOCView.swift in Sources */,
				66C3895E072642529879FA4A /* ReadingModeToggle.swift in Sources */,
				29AD7FC6B5184694964EFEF2 /* ReadingSettingsView.swift in Sources */,
				114C00D3857B4B30B6EDCEE5 /* SettingsView.swift in Sources */,
				BE23051B8F344EC1AA473516 /* AccessibilitySettingsView.swift in Sources */,
				D565CF25BF5640D1AE6FC3DC /* AppearanceSettingsView.swift in Sources */,
				7CBD8D1A448945B7A0FFC0C4 /* ReadingRuler.swift in Sources */,
				3EBC404174AC4981823314A5 /* SentenceHighlightOverlay.swift in Sources */,
				FC7C8B8859E24BFF8FECB690 /* HighlightSettingsView.swift in Sources */,
				9982A424EEF945F89DEFD0FA /* WordHighlightOverlay.swift in Sources */,
				330C5A72C3E74912A798F2D8 /* DocumentLibraryView.swift in Sources */,
				E23A17E80F1E4533845D2AEA /* ReadingHistoryView.swift in Sources */,
				25E609ED85424E24A1848BD2 /* DocumentCard.swift in Sources */,
				42A608042A654113BF7C37AD /* ModelDownloadProgress.swift in Sources */,
				64DC57EBB3974B588D95902B /* ModelManagerView.swift in Sources */,
				966683A539294D8CAB45DF55 /* ModelCard.swift in Sources */,
				0FC3ABDB52E04E1490099FDA /* TextBoxView.swift in Sources */,
				A3A212F99D3D4CE5885B71B7 /* CanvasOverlay.swift in Sources */,
				DC52BC99B24649748B9C6DD8 /* AnnotationExportView.swift in Sources */,
				1C7340D45FC34136B5ED257F /* StickyNoteView.swift in Sources */,
				5EE7FED9174B43C8BDCEE7B1 /* AnnotationToolbar.swift in Sources */,
				DD8213D450AA46638459C523 /* ShapeToolView.swift in Sources */,
				0621749DFA3544E494F0AE27 /* BookmarkButton.swift in Sources */,
				706751EAB76F4043863D5677 /* ProgressBar.swift in Sources */,
				58817818A0C640CA82368509 /* TTSControlBar.swift in Sources */,
				4E29DC56E7D74915B6662263 /* VoicePickerView.swift in Sources */,
				A73FC8F06DD74C8BA84ECB8B /* SleepTimerView.swift in Sources */,
			);
			runOnlyForDeploymentPostprocessing = 0;
		};
		CFB723C04CB24260AC6F1503 /* Sources */ = {
			isa = PBXSourcesBuildPhase;
			buildActionMask = 2147483647;
			files = (
				44A01006A74B42D792F1ECB2 /* TextExtractorTests.swift in Sources */,
				5BC7B61142864E98867D965A /* BookmarkManagerTests.swift in Sources */,
				426E03598D534BF1969766D0 /* FontManagerTests.swift in Sources */,
				1C448FA96F0A4674A73B2087 /* AnnotationExporterTests.swift in Sources */,
				54AAA43A1BF8456AA2033C09 /* AnnotationManagerTests.swift in Sources */,
				5FEBBAF43EF0432CAD364882 /* UndoRedoTests.swift in Sources */,
				DBCF03E8751C49C3B0B1F73F /* ModelManagerTests.swift in Sources */,
				624AAB635B854C57A0EA6877 /* TTSModelProtocolTests.swift in Sources */,
				A12912107F67424A9FE7A72B /* DeviceCapabilityTests.swift in Sources */,
			);
			runOnlyForDeploymentPostprocessing = 0;
		};
		410C548F19A146F69676B483 /* Sources */ = {
			isa = PBXSourcesBuildPhase;
			buildActionMask = 2147483647;
			files = (
				4AEAED23E76E40F0B0326362 /* ModelManagementTests.swift in Sources */,
				45303BA1477F4D939B83FF29 /* AccessibilityUITests.swift in Sources */,
				2AFA7838270F466F809D00B3 /* ReaderFlowTests.swift in Sources */,
			);
			runOnlyForDeploymentPostprocessing = 0;
		};
/* End PBXSourcesBuildPhase section */

/* Begin XCBuildConfiguration section */
		E57F8855811F494693D784D3 /* Debug */ = {
			isa = XCBuildConfiguration;
			buildSettings = {
				ALWAYS_SEARCH_USER_PATHS = NO;
				ASSETCATALOG_COMPILER_GENERATE_ASSET_SYMBOLS = YES;
				ASSETCATALOG_COMPILER_GENERATE_SWIFT_ASSET_SYMBOL_EXTENSIONS = YES;
				CLANG_ANALYZER_NONNULL = YES;
				CLANG_ANALYZER_NUMBER_OBJECT_CONVERSION = YES_AGGRESSIVE;
				CLANG_ENABLE_MODULES = YES;
				CLANG_ENABLE_OBJC_ARC = YES;
				CLANG_ENABLE_OBJC_WEAK = YES;
				CLANG_WARN_BLOCK_CAPTURE_AUTORELEASING = YES;
				CLANG_WARN_BOOL_CONVERSION = YES;
				CLANG_WARN_COMMA = YES;
				CLANG_WARN_CONSTANT_CONVERSION = YES;
				CLANG_WARN_DEPRECATED_OBJC_IMPLEMENTATIONS = YES;
				CLANG_WARN_DIRECT_OBJC_ISA_USAGE = YES_ERROR;
				CLANG_WARN_DOCUMENTATION_COMMENTS = YES;
				CLANG_WARN_EMPTY_BODY = YES;
				CLANG_WARN_ENUM_CONVERSION = YES;
				CLANG_WARN_INFINITE_RECURSION = YES;
				CLANG_WARN_INT_CONVERSION = YES;
				CLANG_WARN_NON_LITERAL_NULL_CONVERSION = YES;
				CLANG_WARN_OBJC_IMPLICIT_RETAIN_SELF = YES;
				CLANG_WARN_OBJC_LITERAL_CONVERSION = YES;
				CLANG_WARN_OBJC_ROOTCLASS = YES_ERROR;
				CLANG_WARN_QUOTED_INCLUDE_IN_FRAMEWORK_HEADER = YES;
				CLANG_WARN_RANGE_LOOP_ANALYSIS = YES;
				CLANG_WARN_STRICT_PROTOTYPES = YES;
				CLANG_WARN_SUSPICIOUS_MOVE = YES;
				CLANG_WARN_UNGUARDED_AVAILABILITY = YES_AGGRESSIVE;
				CLANG_WARN_UNREACHABLE_CODE = YES;
				CLANG_WARN__DUPLICATE_METHOD_MATCH = YES;
				DEBUG_INFORMATION_FORMAT = "dwarf";
				DERIVE_MACCATALYST_PRODUCT_BUNDLE_IDENTIFIER = NO;
				ENABLE_STRICT_OBJC_MSGSEND = YES;
				ENABLE_TESTABILITY = YES;
				ENABLE_USER_SCRIPT_SANDBOXING = YES;
				GCC_C_LANGUAGE_STANDARD = gnu17;
				GCC_DYNAMIC_NO_PIC = NO;
				GCC_NO_COMMON_BLOCKS = YES;
				GCC_OPTIMIZATION_LEVEL = 0;
				GCC_WARN_64_TO_32_BIT_CONVERSION = YES;
				GCC_WARN_ABOUT_RETURN_TYPE = YES_ERROR;
				GCC_WARN_UNDECLARED_SELECTOR = YES;
				GCC_WARN_UNINITIALIZED_AUTOS = YES_AGGRESSIVE;
				GCC_WARN_UNUSED_FUNCTION = YES;
				GCC_WARN_UNUSED_VARIABLE = YES;
				IPHONEOS_DEPLOYMENT_TARGET = 17.0;
				LOCALIZATION_PREFERS_STRING_CATALOGS = YES;
				MACOSX_DEPLOYMENT_TARGET = 14.0;
				MTL_ENABLE_DEBUG_INFO = INCLUDE_SOURCE;
				MTL_FAST_MATH = YES;
				ONLY_ACTIVE_ARCH = YES;
				SDKROOT = iphoneos;
				STRING_CATALOG_GENERATE_SYMBOLS = YES;
				SUPPORTS_MACCATALYST = YES;
				SWIFT_ACTIVE_COMPILATION_CONDITIONS = "DEBUG $(inherited)";
				SWIFT_COMPILATION_MODE = singlefile;
				SWIFT_EMIT_LOC_STRINGS = YES;
				SWIFT_OPTIMIZATION_LEVEL = "-Onone";
				SWIFT_VERSION = 5.0;
			};
			name = Debug;
		};
		36FE2F1E0B0D4A8BBF242193 /* Release */ = {
			isa = XCBuildConfiguration;
			buildSettings = {
				ALWAYS_SEARCH_USER_PATHS = NO;
				ASSETCATALOG_COMPILER_GENERATE_ASSET_SYMBOLS = YES;
				ASSETCATALOG_COMPILER_GENERATE_SWIFT_ASSET_SYMBOL_EXTENSIONS = YES;
				CLANG_ANALYZER_NONNULL = YES;
				CLANG_ANALYZER_NUMBER_OBJECT_CONVERSION = YES_AGGRESSIVE;
				CLANG_ENABLE_MODULES = YES;
				CLANG_ENABLE_OBJC_ARC = YES;
				CLANG_ENABLE_OBJC_WEAK = YES;
				CLANG_WARN_BLOCK_CAPTURE_AUTORELEASING = YES;
				CLANG_WARN_BOOL_CONVERSION = YES;
				CLANG_WARN_COMMA = YES;
				CLANG_WARN_CONSTANT_CONVERSION = YES;
				CLANG_WARN_DEPRECATED_OBJC_IMPLEMENTATIONS = YES;
				CLANG_WARN_DIRECT_OBJC_ISA_USAGE = YES_ERROR;
				CLANG_WARN_DOCUMENTATION_COMMENTS = YES;
				CLANG_WARN_EMPTY_BODY = YES;
				CLANG_WARN_ENUM_CONVERSION = YES;
				CLANG_WARN_INFINITE_RECURSION = YES;
				CLANG_WARN_INT_CONVERSION = YES;
				CLANG_WARN_NON_LITERAL_NULL_CONVERSION = YES;
				CLANG_WARN_OBJC_IMPLICIT_RETAIN_SELF = YES;
				CLANG_WARN_OBJC_LITERAL_CONVERSION = YES;
				CLANG_WARN_OBJC_ROOTCLASS = YES_ERROR;
				CLANG_WARN_QUOTED_INCLUDE_IN_FRAMEWORK_HEADER = YES;
				CLANG_WARN_RANGE_LOOP_ANALYSIS = YES;
				CLANG_WARN_STRICT_PROTOTYPES = YES;
				CLANG_WARN_SUSPICIOUS_MOVE = YES;
				CLANG_WARN_UNGUARDED_AVAILABILITY = YES_AGGRESSIVE;
				CLANG_WARN_UNREACHABLE_CODE = YES;
				CLANG_WARN__DUPLICATE_METHOD_MATCH = YES;
				DEBUG_INFORMATION_FORMAT = "dwarf-with-dsym";
				DERIVE_MACCATALYST_PRODUCT_BUNDLE_IDENTIFIER = NO;
				ENABLE_NS_ASSERTIONS = NO;
				ENABLE_STRICT_OBJC_MSGSEND = YES;
				ENABLE_USER_SCRIPT_SANDBOXING = YES;
				GCC_C_LANGUAGE_STANDARD = gnu17;
				GCC_NO_COMMON_BLOCKS = YES;
				GCC_WARN_64_TO_32_BIT_CONVERSION = YES;
				GCC_WARN_ABOUT_RETURN_TYPE = YES_ERROR;
				GCC_WARN_UNDECLARED_SELECTOR = YES;
				GCC_WARN_UNINITIALIZED_AUTOS = YES_AGGRESSIVE;
				GCC_WARN_UNUSED_FUNCTION = YES;
				GCC_WARN_UNUSED_VARIABLE = YES;
				IPHONEOS_DEPLOYMENT_TARGET = 17.0;
				LOCALIZATION_PREFERS_STRING_CATALOGS = YES;
				MACOSX_DEPLOYMENT_TARGET = 14.0;
				MTL_ENABLE_DEBUG_INFO = NO;
				MTL_FAST_MATH = YES;
				ONLY_ACTIVE_ARCH = NO;
				SDKROOT = iphoneos;
				STRING_CATALOG_GENERATE_SYMBOLS = YES;
				SUPPORTS_MACCATALYST = YES;
				SWIFT_COMPILATION_MODE = wholemodule;
				SWIFT_EMIT_LOC_STRINGS = YES;
				SWIFT_OPTIMIZATION_LEVEL = "-O";
				SWIFT_VERSION = 5.0;
			};
			name = Release;
		};
		8CED7085D3FB4F3BBFD638AE /* Debug */ = {
			isa = XCBuildConfiguration;
			buildSettings = {
				ASSETCATALOG_COMPILER_APPICON_NAME = AppIcon;
				ASSETCATALOG_COMPILER_GLOBAL_ACCENT_COLOR_NAME = AccentColor;
				ASSETCATALOG_COMPILER_GENERATE_ASSET_SYMBOLS = YES;
				ASSETCATALOG_COMPILER_GENERATE_SWIFT_ASSET_SYMBOL_EXTENSIONS = YES;
				CODE_SIGN_STYLE = Automatic;
				CURRENT_PROJECT_VERSION = 1;
				ENABLE_TESTABILITY = YES;
				ENABLE_USER_SCRIPT_SANDBOXING = YES;
				GENERATE_INFOPLIST_FILE = NO;
				INFOPLIST_FILE = Vachanam/Info.plist;
				LOCALIZATION_PREFERS_STRING_CATALOGS = YES;
				MARKETING_VERSION = 1.0.0;
				ONLY_ACTIVE_ARCH = YES;
				PRODUCT_BUNDLE_IDENTIFIER = com.vachanam.reader;
				PRODUCT_NAME = "$(TARGET_NAME)";
				STRING_CATALOG_GENERATE_SYMBOLS = YES;
				SUPPORTS_MACCATALYST = YES;
				SWIFT_COMPILATION_MODE = singlefile;
				SWIFT_EMIT_LOC_STRINGS = YES;
				TARGETED_DEVICE_FAMILY = "2";
			};
			name = Debug;
		};
		DBC6EC7CAA1C430ABA523F21 /* Release */ = {
			isa = XCBuildConfiguration;
			buildSettings = {
				ASSETCATALOG_COMPILER_APPICON_NAME = AppIcon;
				ASSETCATALOG_COMPILER_GLOBAL_ACCENT_COLOR_NAME = AccentColor;
				ASSETCATALOG_COMPILER_GENERATE_ASSET_SYMBOLS = YES;
				ASSETCATALOG_COMPILER_GENERATE_SWIFT_ASSET_SYMBOL_EXTENSIONS = YES;
				CODE_SIGN_STYLE = Automatic;
				CURRENT_PROJECT_VERSION = 1;
				ENABLE_TESTABILITY = YES;
				ENABLE_USER_SCRIPT_SANDBOXING = YES;
				GENERATE_INFOPLIST_FILE = NO;
				INFOPLIST_FILE = Vachanam/Info.plist;
				LOCALIZATION_PREFERS_STRING_CATALOGS = YES;
				MARKETING_VERSION = 1.0.0;
				ONLY_ACTIVE_ARCH = NO;
				PRODUCT_BUNDLE_IDENTIFIER = com.vachanam.reader;
				PRODUCT_NAME = "$(TARGET_NAME)";
				STRING_CATALOG_GENERATE_SYMBOLS = YES;
				SUPPORTS_MACCATALYST = YES;
				SWIFT_COMPILATION_MODE = wholemodule;
				SWIFT_EMIT_LOC_STRINGS = YES;
				TARGETED_DEVICE_FAMILY = "2";
			};
			name = Release;
		};
		365C39DC76664A52B3148F78 /* Debug */ = {
			isa = XCBuildConfiguration;
			buildSettings = {
				BUNDLE_LOADER = "$(TEST_HOST)";
				CODE_SIGN_STYLE = Automatic;
				ENABLE_USER_SCRIPT_SANDBOXING = YES;
				GENERATE_INFOPLIST_FILE = YES;
				LOCALIZATION_PREFERS_STRING_CATALOGS = YES;
				ONLY_ACTIVE_ARCH = YES;
				PRODUCT_BUNDLE_IDENTIFIER = com.vachanam.reader.tests;
				PRODUCT_NAME = "$(TARGET_NAME)";
				STRING_CATALOG_GENERATE_SYMBOLS = YES;
				SWIFT_COMPILATION_MODE = singlefile;
				TEST_HOST = "$(BUILT_PRODUCTS_DIR)/Vachanam.app/$(BUNDLE_EXECUTABLE_FOLDER_PATH)/Vachanam";
				TARGETED_DEVICE_FAMILY = "2";
				SUPPORTS_MACCATALYST = YES;
			};
			name = Debug;
		};
		65DE3CA9235F4D03ACDD4AE0 /* Release */ = {
			isa = XCBuildConfiguration;
			buildSettings = {
				BUNDLE_LOADER = "$(TEST_HOST)";
				CODE_SIGN_STYLE = Automatic;
				ENABLE_USER_SCRIPT_SANDBOXING = YES;
				GENERATE_INFOPLIST_FILE = YES;
				LOCALIZATION_PREFERS_STRING_CATALOGS = YES;
				ONLY_ACTIVE_ARCH = NO;
				PRODUCT_BUNDLE_IDENTIFIER = com.vachanam.reader.tests;
				PRODUCT_NAME = "$(TARGET_NAME)";
				STRING_CATALOG_GENERATE_SYMBOLS = YES;
				SWIFT_COMPILATION_MODE = wholemodule;
				TEST_HOST = "$(BUILT_PRODUCTS_DIR)/Vachanam.app/$(BUNDLE_EXECUTABLE_FOLDER_PATH)/Vachanam";
				TARGETED_DEVICE_FAMILY = "2";
				SUPPORTS_MACCATALYST = YES;
			};
			name = Release;
		};
		99A3AAF8A66C4EB5BA2D47C2 /* Debug */ = {
			isa = XCBuildConfiguration;
			buildSettings = {
				CODE_SIGN_STYLE = Automatic;
				ENABLE_USER_SCRIPT_SANDBOXING = YES;
				GENERATE_INFOPLIST_FILE = YES;
				LOCALIZATION_PREFERS_STRING_CATALOGS = YES;
				ONLY_ACTIVE_ARCH = YES;
				PRODUCT_BUNDLE_IDENTIFIER = com.vachanam.reader.uitests;
				PRODUCT_NAME = "$(TARGET_NAME)";
				STRING_CATALOG_GENERATE_SYMBOLS = YES;
				SWIFT_COMPILATION_MODE = singlefile;
				TEST_TARGET_NAME = Vachanam;
				TARGETED_DEVICE_FAMILY = "2";
				SUPPORTS_MACCATALYST = YES;
			};
			name = Debug;
		};
		0E49990570E041059688D61D /* Release */ = {
			isa = XCBuildConfiguration;
			buildSettings = {
				CODE_SIGN_STYLE = Automatic;
				ENABLE_USER_SCRIPT_SANDBOXING = YES;
				GENERATE_INFOPLIST_FILE = YES;
				LOCALIZATION_PREFERS_STRING_CATALOGS = YES;
				ONLY_ACTIVE_ARCH = NO;
				PRODUCT_BUNDLE_IDENTIFIER = com.vachanam.reader.uitests;
				PRODUCT_NAME = "$(TARGET_NAME)";
				STRING_CATALOG_GENERATE_SYMBOLS = YES;
				SWIFT_COMPILATION_MODE = wholemodule;
				TEST_TARGET_NAME = Vachanam;
				TARGETED_DEVICE_FAMILY = "2";
				SUPPORTS_MACCATALYST = YES;
			};
			name = Release;
		};
/* End XCBuildConfiguration section */

/* Begin XCConfigurationList section */
		5EAFE76F70604AF9998CFDED /* Build configuration list for PBXProject "Vachanam" */ = {
			isa = XCConfigurationList;
			buildConfigurations = (
				E57F8855811F494693D784D3 /* Debug */,
				36FE2F1E0B0D4A8BBF242193 /* Release */,
			);
			defaultConfigurationIsVisible = 0;
			defaultConfigurationName = Release;
		};
		4B1A9D7B14444EF2ADBE3FEE /* Build configuration list for PBXNativeTarget "Vachanam" */ = {
			isa = XCConfigurationList;
			buildConfigurations = (
				8CED7085D3FB4F3BBFD638AE /* Debug */,
				DBC6EC7CAA1C430ABA523F21 /* Release */,
			);
			defaultConfigurationIsVisible = 0;
			defaultConfigurationName = Release;
		};
		EEF5705364C54BAB8B0B1D5D /* Build configuration list for PBXNativeTarget "VachanamTests" */ = {
			isa = XCConfigurationList;
			buildConfigurations = (
				365C39DC76664A52B3148F78 /* Debug */,
				65DE3CA9235F4D03ACDD4AE0 /* Release */,
			);
			defaultConfigurationIsVisible = 0;
			defaultConfigurationName = Release;
		};
		E82407EC291041EBAD6D3F0A /* Build configuration list for PBXNativeTarget "VachanamUITests" */ = {
			isa = XCConfigurationList;
			buildConfigurations = (
				99A3AAF8A66C4EB5BA2D47C2 /* Debug */,
				0E49990570E041059688D61D /* Release */,
			);
			defaultConfigurationIsVisible = 0;
			defaultConfigurationName = Release;
		};
/* End XCConfigurationList section */

	};
	rootObject = C3FC6033539C43238E1B9254 /* Project object */;
}