// !$*UTF8*$!
{
	archiveVersion = 1;
	classes = {
	};
	objectVersion = 56;
	objects = {

/* Begin PBXBuildFile section */
		9EFE4D24BA0145B196689EB2 /* AppState.swift in Sources */ = {isa = PBXBuildFile; fileRef = 71E46135A7604C389FB95954 /* AppState.swift */; };
		24A8C8A266B1467792F4FB95 /* ContentView.swift in Sources */ = {isa = PBXBuildFile; fileRef = 5B704C27C45F4E4BAEA15875 /* ContentView.swift */; };
		03DDCD98B5CB47EAA96F18B6 /* VachanamApp.swift in Sources */ = {isa = PBXBuildFile; fileRef = B8D3137085794D5F9CBAB9A5 /* VachanamApp.swift */; };
		D842E1295BC148C6A82C3928 /* ReaderDocument.swift in Sources */ = {isa = PBXBuildFile; fileRef = 607A48134927460DA595B8CA /* ReaderDocument.swift */; };
		04C9C5A0AD364446A2236716 /* ReadingProgressTracker.swift in Sources */ = {isa = PBXBuildFile; fileRef = FFCB065475B740BEB421256D /* ReadingProgressTracker.swift */; };
		2096E7CA83234F68A7320784 /* TextExtractor.swift in Sources */ = {isa = PBXBuildFile; fileRef = 646CCFA373A74D9E865C81C9 /* TextExtractor.swift */; };
		2D3187D8381C4105899F74F2 /* BookmarkManager.swift in Sources */ = {isa = PBXBuildFile; fileRef = 8DEDB0988B154534A207DB05 /* BookmarkManager.swift */; };
		A69B72DF878B4AC4B05C2573 /* WordReconstructor.swift in Sources */ = {isa = PBXBuildFile; fileRef = DC9C6DF29F6C469089F2572B /* WordReconstructor.swift */; };
		4ED29461EA2D495B81B084CB /* DocumentFormat.swift in Sources */ = {isa = PBXBuildFile; fileRef = DA8201CEE8AA4F49A693CE38 /* DocumentFormat.swift */; };
		A35CA29E713E4A4D89A7400D /* ParagraphDetector.swift in Sources */ = {isa = PBXBuildFile; fileRef = 197B496DFC2B4B5D98192142 /* ParagraphDetector.swift */; };
		1FC7867CE0D2499D98C179FD /* SentenceSegmenter.swift in Sources */ = {isa = PBXBuildFile; fileRef = A286E49F85314AD6881C7420 /* SentenceSegmenter.swift */; };
		782A9D90EEB74E6998A9A86A /* SemanticDocument.swift in Sources */ = {isa = PBXBuildFile; fileRef = C6A7256808C24F398428DB8E /* SemanticDocument.swift */; };
		39031B39C6F14EF1B8137FBE /* TextNormalizer.swift in Sources */ = {isa = PBXBuildFile; fileRef = 1FFD5E5F824741B9B519A946 /* TextNormalizer.swift */; };
		BCE9665CE38040C295F26289 /* TTSChunker.swift in Sources */ = {isa = PBXBuildFile; fileRef = 94A1D72020AB443786D4A3E0 /* TTSChunker.swift */; };
		9EF03D1553E94AC69797F4C9 /* SemanticDocumentBuilder.swift in Sources */ = {isa = PBXBuildFile; fileRef = 0B5923E0B98040D7AE9C0FC9 /* SemanticDocumentBuilder.swift */; };
		B06C2AE83F284A91A47940F4 /* EPUBParser.swift in Sources */ = {isa = PBXBuildFile; fileRef = 7C2BFD97EE64463C9FAE5EEA /* EPUBParser.swift */; };
		A38B79AA1BA94136B842D48D /* ZipArchive.swift in Sources */ = {isa = PBXBuildFile; fileRef = 8B515737E97B40EF90B84CCD /* ZipArchive.swift */; };
		51566A48D95F40D4BDBE2D9F /* MarkdownParser.swift in Sources */ = {isa = PBXBuildFile; fileRef = 957463217DBD49C0B4A312C2 /* MarkdownParser.swift */; };
		79CB2E03D7BA412E815A8391 /* DocumentParserResolver.swift in Sources */ = {isa = PBXBuildFile; fileRef = AD37D25E83854AC389E807FF /* DocumentParserResolver.swift */; };
		19ABAF9CD5F64BA5A5FF2635 /* WebArticleParser.swift in Sources */ = {isa = PBXBuildFile; fileRef = F70ACE6047E9459084251EF3 /* WebArticleParser.swift */; };
		256EEA3B31C24B20828E3837 /* PlainTextParser.swift in Sources */ = {isa = PBXBuildFile; fileRef = 29716A7DEBC44B23B1604091 /* PlainTextParser.swift */; };
		A3216981A65E48DEA02DDC6E /* DocumentParser.swift in Sources */ = {isa = PBXBuildFile; fileRef = B9ACB806C1AC40D4B4C4F459 /* DocumentParser.swift */; };
		CB292C94AC2941B2B36E4CAB /* AnnotationManager.swift in Sources */ = {isa = PBXBuildFile; fileRef = 2F6EBA08ABE84D08A23DCE64 /* AnnotationManager.swift */; };
		505B315DFF694670BD630329 /* UndoRedoManager.swift in Sources */ = {isa = PBXBuildFile; fileRef = 3F747BBEC9AC47F793C535BB /* UndoRedoManager.swift */; };
		BDF4BF52F88F4EA882C04C46 /* AnnotationExporter.swift in Sources */ = {isa = PBXBuildFile; fileRef = 8DF2FC1097FD41BBA781B791 /* AnnotationExporter.swift */; };
		25E54A7F39B845AD9C6C8EA3 /* KokoroAdapter.swift in Sources */ = {isa = PBXBuildFile; fileRef = DC80A619E5974429B106A944 /* KokoroAdapter.swift */; };
		2A9C3D2DC03C4E69BA3F31B4 /* AppleSystemAdapter.swift in Sources */ = {isa = PBXBuildFile; fileRef = 3261AC611C844DF8AD71898F /* AppleSystemAdapter.swift */; };
		3F878F3B0A9E416D815DDC5B /* PreGeneratedPlaybackAdapter.swift in Sources */ = {isa = PBXBuildFile; fileRef = CBC31CD8F1314EA3B6BA2B62 /* PreGeneratedPlaybackAdapter.swift */; };
		66A0C71B133B42189DB8CB24 /* MisakiG2P.swift in Sources */ = {isa = PBXBuildFile; fileRef = 0B96AD0E9CD84318A80362DB /* MisakiG2P.swift */; };
		D19052E4E1D64473A08272D2 /* G2PProtocol.swift in Sources */ = {isa = PBXBuildFile; fileRef = C61781E593AB4E2FA696FAFB /* G2PProtocol.swift */; };
		6935920646454E52A4053F0B /* AudioPlayer.swift in Sources */ = {isa = PBXBuildFile; fileRef = D4452828AC204F6ABA2B3F31 /* AudioPlayer.swift */; };
		12D090735E3246EFA8979AAF /* AudioEncoder.swift in Sources */ = {isa = PBXBuildFile; fileRef = 4C3DF93A9897467B8FD148A0 /* AudioEncoder.swift */; };
		0460378C4DC54AADBEA22896 /* iCloudSyncManager.swift in Sources */ = {isa = PBXBuildFile; fileRef = 1C6090233A9C4E10956CC04D /* iCloudSyncManager.swift */; };
		041AEE6F52A9438C818020EA /* SleepTimer.swift in Sources */ = {isa = PBXBuildFile; fileRef = 6115BE4B3C034E04B2867027 /* SleepTimer.swift */; };
		0676F4EB2F2A4152A91E5F05 /* AudioSession.swift in Sources */ = {isa = PBXBuildFile; fileRef = C488F6944AB14AD4880266A5 /* AudioSession.swift */; };
		18BCBECACD374470BB3F97EC /* AmbientSoundscapePlayer.swift in Sources */ = {isa = PBXBuildFile; fileRef = 78D58F5CACA447468D92FEE7 /* AmbientSoundscapePlayer.swift */; };
		0F8EFC4AF79442DDBBF81F5C /* TTSAudioCache.swift in Sources */ = {isa = PBXBuildFile; fileRef = A5993566C14A4BD69C2E60AC /* TTSAudioCache.swift */; };
		043D9E5381FB42FC91AA99DB /* AudiobookBundleLoader.swift in Sources */ = {isa = PBXBuildFile; fileRef = 9452D93B67D44A5B9AD1B1AA /* AudiobookBundleLoader.swift */; };
		D3B65AC4E41A4E67B325AABF /* DeviceCapability.swift in Sources */ = {isa = PBXBuildFile; fileRef = 8A12FA26E6C6489BAE34273F /* DeviceCapability.swift */; };
		066C6A0E7AE64E38827E5C52 /* PronunciationManager.swift in Sources */ = {isa = PBXBuildFile; fileRef = 73A9110C11DD4D00848E23C9 /* PronunciationManager.swift */; };
		34CC726FE50642F5A881D9EC /* AudiobookGenerator.swift in Sources */ = {isa = PBXBuildFile; fileRef = C4C16618FE764CCE9D278A6F /* AudiobookGenerator.swift */; };
		4B961F2F16734A9A9254FBD0 /* ModelRegistry.swift in Sources */ = {isa = PBXBuildFile; fileRef = 1829BAEF176B4281BA363781 /* ModelRegistry.swift */; };
		124B377664D84310915B14A0 /* TTSModelProtocol.swift in Sources */ = {isa = PBXBuildFile; fileRef = 53F3686F1E9349899C083591 /* TTSModelProtocol.swift */; };
		AF5F0EAC24B3409A81AE7BEE /* AudiobookManifest.swift in Sources */ = {isa = PBXBuildFile; fileRef = E2C625515D914B3996063C92 /* AudiobookManifest.swift */; };
		72B67EF9E3A74CFF9715E834 /* PlaybackCoordinator.swift in Sources */ = {isa = PBXBuildFile; fileRef = 874D791185924F97B40D6B89 /* PlaybackCoordinator.swift */; };
		CD6B089DC2234BAFB6C7413F /* VoiceProfileResolver.swift in Sources */ = {isa = PBXBuildFile; fileRef = 542295C2994F4D3EA75CF596 /* VoiceProfileResolver.swift */; };
		F709FCB3D6E940CE88468BA6 /* ModelManager.swift in Sources */ = {isa = PBXBuildFile; fileRef = FD1554D169FE4CCC8E5F3D8C /* ModelManager.swift */; };
		AD87CCCB3E234617B3232729 /* TTSMetricsLogger.swift in Sources */ = {isa = PBXBuildFile; fileRef = 28B34400BE1748FDA7F74B8F /* TTSMetricsLogger.swift */; };
		A9B4EA1869354A239C63C4F4 /* TTSController.swift in Sources */ = {isa = PBXBuildFile; fileRef = 2B20550DA9A64B17BAA50843 /* TTSController.swift */; };
		E3690A01612F446F99A77D07 /* TTSModelInfo.swift in Sources */ = {isa = PBXBuildFile; fileRef = C0ED785A35E247A4B023F2F2 /* TTSModelInfo.swift */; };
		1363E747EF954CC5A21E1DBD /* FontManager.swift in Sources */ = {isa = PBXBuildFile; fileRef = EEF901B7BF5F4670BCF3085D /* FontManager.swift */; };
		B45EA1F66BEF43748BB70094 /* ThemeManager.swift in Sources */ = {isa = PBXBuildFile; fileRef = 1FFE5DF59C95429E94AC5908 /* ThemeManager.swift */; };
		AF8BBD8A9EEF4C0D9F644F81 /* AccessibilityManager.swift in Sources */ = {isa = PBXBuildFile; fileRef = 91F8F3C975FB4C77B68B3D6A /* AccessibilityManager.swift */; };
		396D69BF0D714BE28FA022BD /* ReaderTextView.swift in Sources */ = {isa = PBXBuildFile; fileRef = AC2931C31E854B64A092EE95 /* ReaderTextView.swift */; };
		396FA6D2F1254C4FA2F47221 /* ReaderContainerView.swift in Sources */ = {isa = PBXBuildFile; fileRef = C7A1327048E04E979826D9BA /* ReaderContainerView.swift */; };
		040A2FB2BA864B878E50A446 /* PageThumbnailGrid.swift in Sources */ = {isa = PBXBuildFile; fileRef = D8A49464E69D4F969E819586 /* PageThumbnailGrid.swift */; };
		02B100A877D841F492BA7845 /* PDFReaderView.swift in Sources */ = {isa = PBXBuildFile; fileRef = DCB58051E279440485941CE3 /* PDFReaderView.swift */; };
		051E8D5F9F284C9EBC943B1B /* TOCView.swift in Sources */ = {isa = PBXBuildFile; fileRef = 935A35D5FC7944A982F5D68A /* TOCView.swift */; };
		F959E648F68D41DA82779135 /* ReadingModeToggle.swift in Sources */ = {isa = PBXBuildFile; fileRef = 2A12763BEEF94516BECB472B /* ReadingModeToggle.swift */; };
		AAAD88A0F71C4E77906CFC8B /* ReadingSettingsView.swift in Sources */ = {isa = PBXBuildFile; fileRef = 923814B540BC4D97AF3754EA /* ReadingSettingsView.swift */; };
		CC8B7B51C95B452D94560A2B /* SettingsView.swift in Sources */ = {isa = PBXBuildFile; fileRef = 00C6D3F841B14586987DE829 /* SettingsView.swift */; };
		5A4D6C78685A472EB99FFFFA /* AccessibilitySettingsView.swift in Sources */ = {isa = PBXBuildFile; fileRef = 4331D884DA2B4767AD305590 /* AccessibilitySettingsView.swift */; };
		C62BF7C26F894CA98E64EAED /* AppearanceSettingsView.swift in Sources */ = {isa = PBXBuildFile; fileRef = 90DD19F7FBFA48E2BF08036B /* AppearanceSettingsView.swift */; };
		BDAEE53DCBC94D018763C463 /* ReadingRuler.swift in Sources */ = {isa = PBXBuildFile; fileRef = 3991DACC14E54FAF9FD35B5D /* ReadingRuler.swift */; };
		A23F066264964AFEBB71AB9C /* SentenceHighlightOverlay.swift in Sources */ = {isa = PBXBuildFile; fileRef = CF3098A4A64D4F5989E46F73 /* SentenceHighlightOverlay.swift */; };
		73C775D8E86D4048B5766F88 /* HighlightSettingsView.swift in Sources */ = {isa = PBXBuildFile; fileRef = E9FAAB347DF041198D3C6650 /* HighlightSettingsView.swift */; };
		2FD709F88A6D4818880B6647 /* WordHighlightOverlay.swift in Sources */ = {isa = PBXBuildFile; fileRef = 9CAB7700D50145E5B3571BB0 /* WordHighlightOverlay.swift */; };
		CF2B74CD24E948909673E528 /* DocumentLibraryView.swift in Sources */ = {isa = PBXBuildFile; fileRef = E2663BB176EF4696A6D196A9 /* DocumentLibraryView.swift */; };
		2546A028A028453A8F3DD2B3 /* ReadingHistoryView.swift in Sources */ = {isa = PBXBuildFile; fileRef = 2EA41DD344A24393A99990C1 /* ReadingHistoryView.swift */; };
		590B7B46E0864D84BD2930F2 /* WebArticleImportSheet.swift in Sources */ = {isa = PBXBuildFile; fileRef = 94623B8CDB5A486CAF8D59BF /* WebArticleImportSheet.swift */; };
		85D52780017541C699C404F5 /* DocumentCard.swift in Sources */ = {isa = PBXBuildFile; fileRef = 6F10E9F3C510437FAEA6368A /* DocumentCard.swift */; };
		D656E08BEBBD4A0BAAC0B94F /* ModelDownloadProgress.swift in Sources */ = {isa = PBXBuildFile; fileRef = 17D6FF118CCE47F39A7D9A43 /* ModelDownloadProgress.swift */; };
		60A5BF24E8E14577903CBBF3 /* ModelManagerView.swift in Sources */ = {isa = PBXBuildFile; fileRef = 019B6F7B07394C9A8912EDAC /* ModelManagerView.swift */; };
		63954317A5BE4295BA123586 /* ModelCard.swift in Sources */ = {isa = PBXBuildFile; fileRef = F06E5D4E798F41608CED960E /* ModelCard.swift */; };
		1F4B67167B3E47C88634E106 /* AudiobookGeneratorView.swift in Sources */ = {isa = PBXBuildFile; fileRef = 7D791CFCC31747EC90992674 /* AudiobookGeneratorView.swift */; };
		76469DC2483847E782414B2C /* TextBoxView.swift in Sources */ = {isa = PBXBuildFile; fileRef = C3662543200A486585B41B18 /* TextBoxView.swift */; };
		1E1CF9CB70DF408288E1F11B /* CanvasOverlay.swift in Sources */ = {isa = PBXBuildFile; fileRef = 0F4137047A314F8FB9BCF1E1 /* CanvasOverlay.swift */; };
		A0D42A9B12A3479DAB715C0F /* AnnotationExportView.swift in Sources */ = {isa = PBXBuildFile; fileRef = B4F91A9FCBE34288B1F8423D /* AnnotationExportView.swift */; };
		8C204D837DA54BC39E3DC2EC /* StickyNoteView.swift in Sources */ = {isa = PBXBuildFile; fileRef = F679518F020E4D87992D6F13 /* StickyNoteView.swift */; };
		B55881C53EE1466189D56D9E /* AnnotationToolbar.swift in Sources */ = {isa = PBXBuildFile; fileRef = A3F90D3EC8B94C5C8D8E732F /* AnnotationToolbar.swift */; };
		CF6B6277D3724BA199B653DB /* ShapeToolView.swift in Sources */ = {isa = PBXBuildFile; fileRef = 7A75FD2D88EA4C05AEC5383D /* ShapeToolView.swift */; };
		642191E16A494B41A1845D3B /* BookmarkButton.swift in Sources */ = {isa = PBXBuildFile; fileRef = F31302023CA5450299F506FA /* BookmarkButton.swift */; };
		E47F1B74673340FFBA739FF1 /* ProgressBar.swift in Sources */ = {isa = PBXBuildFile; fileRef = E208ECFBF7E04624AA3BF812 /* ProgressBar.swift */; };
		49A3674C65654C4CA289A28A /* TTSControlBar.swift in Sources */ = {isa = PBXBuildFile; fileRef = 401FD641CE1A47F099B6395E /* TTSControlBar.swift */; };
		501251D669B044D3A9DCE62C /* VoicePickerView.swift in Sources */ = {isa = PBXBuildFile; fileRef = A13D51204E224A4A95DD92F4 /* VoicePickerView.swift */; };
		CE9AF694584742D2A03463C4 /* SoundscapePickerSheet.swift in Sources */ = {isa = PBXBuildFile; fileRef = AFFC3F6631B94B98A719FAD6 /* SoundscapePickerSheet.swift */; };
		92EE277CC4D348ABACB1C328 /* FixPronunciationSheet.swift in Sources */ = {isa = PBXBuildFile; fileRef = B0083C7C7E024859A9D8383A /* FixPronunciationSheet.swift */; };
		EBDF8EF86783490193C84F61 /* SleepTimerView.swift in Sources */ = {isa = PBXBuildFile; fileRef = 6ACED188C25B4B5098973E06 /* SleepTimerView.swift */; };
		8D93E85841C24774BF3382BF /* TextNormalizerTests.swift in Sources */ = {isa = PBXBuildFile; fileRef = F19E2BE00A224560BD9175FB /* TextNormalizerTests.swift */; };
		AD207C76B9064E11AA1355E4 /* TextNormalizerExtendedTests.swift in Sources */ = {isa = PBXBuildFile; fileRef = CFC29DC41B9A4CC18764C7DA /* TextNormalizerExtendedTests.swift */; };
		B152BD8CF04D46869804A6D5 /* SemanticDocumentTests.swift in Sources */ = {isa = PBXBuildFile; fileRef = 1B5F819979CC46E6A8572E58 /* SemanticDocumentTests.swift */; };
		00507FAD92EE4F22AEC84BED /* TextExtractorTests.swift in Sources */ = {isa = PBXBuildFile; fileRef = 7D068E341EB44012930EE9F2 /* TextExtractorTests.swift */; };
		8A7D448B78C04AFF83716070 /* WordReconstructorTests.swift in Sources */ = {isa = PBXBuildFile; fileRef = 503A066EBB454C9EA108C5C5 /* WordReconstructorTests.swift */; };
		C850F3B11EE54C00A10D4FCF /* BookmarkManagerTests.swift in Sources */ = {isa = PBXBuildFile; fileRef = 13FB96B6EC664FE0A4A581D7 /* BookmarkManagerTests.swift */; };
		E770D634335A476C9669B04B /* SemanticBlockTests.swift in Sources */ = {isa = PBXBuildFile; fileRef = F04D014D888445198E83FE26 /* SemanticBlockTests.swift */; };
		A53B2832735D49189FB90C95 /* FontManagerTests.swift in Sources */ = {isa = PBXBuildFile; fileRef = 6051C900FDF344F4BD97628D /* FontManagerTests.swift */; };
		06B940A0533F45058E38FAE7 /* AnnotationExporterTests.swift in Sources */ = {isa = PBXBuildFile; fileRef = A18BB588D1B84B7F9A2C8FF4 /* AnnotationExporterTests.swift */; };
		749C4C4EC6724903ABD145CF /* AnnotationManagerTests.swift in Sources */ = {isa = PBXBuildFile; fileRef = 1A09B5F0A65B4934BEA6FF7B /* AnnotationManagerTests.swift */; };
		3CC8C953846A420F9D1B528E /* UndoRedoTests.swift in Sources */ = {isa = PBXBuildFile; fileRef = F64D22A31BEE48B9A858493B /* UndoRedoTests.swift */; };
		EEB285088EC544A28E4A6248 /* MultiFormatDocumentTests.swift in Sources */ = {isa = PBXBuildFile; fileRef = 5890688B302B4E1BAD678C46 /* MultiFormatDocumentTests.swift */; };
		59693127111844C4812936E0 /* TTSAudioCacheTests.swift in Sources */ = {isa = PBXBuildFile; fileRef = E32E21E5A88F42D1960AC1BD /* TTSAudioCacheTests.swift */; };
		DBE2FBE30BAF43C5BB5E3BF9 /* ModelManagerTests.swift in Sources */ = {isa = PBXBuildFile; fileRef = 211C176B5E2A4685AC1D778E /* ModelManagerTests.swift */; };
		6F7C143935504AA0A20F7B84 /* PronunciationManagerTests.swift in Sources */ = {isa = PBXBuildFile; fileRef = A217D7FFF22F4453B5D81592 /* PronunciationManagerTests.swift */; };
		485335104B6B4BE5A675C793 /* TTSChunkerQualityTests.swift in Sources */ = {isa = PBXBuildFile; fileRef = 90C21E0FCCE64AA682F5B0AD /* TTSChunkerQualityTests.swift */; };
		666CD6956B8B405D80A663DE /* AmbientSoundscapeTests.swift in Sources */ = {isa = PBXBuildFile; fileRef = DC6ECA34FAB74AEABCC54C09 /* AmbientSoundscapeTests.swift */; };
		724F79DA0FE34D1DB0278A26 /* TTSModelProtocolTests.swift in Sources */ = {isa = PBXBuildFile; fileRef = 93D4657ABC394D058E8FB462 /* TTSModelProtocolTests.swift */; };
		E36EA8894FCA4E00B614E310 /* PlaybackCoordinatorTests.swift in Sources */ = {isa = PBXBuildFile; fileRef = 7B96F2CAC42A4E9DB90058C0 /* PlaybackCoordinatorTests.swift */; };
		3FEA9B755B504786A3E9E595 /* TTSChunkerTests.swift in Sources */ = {isa = PBXBuildFile; fileRef = FA4F93FF5DB744D9A02EC8AE /* TTSChunkerTests.swift */; };
		E861A1C92DCB4F5192385EFE /* AudiobookGenerationTests.swift in Sources */ = {isa = PBXBuildFile; fileRef = 70F5CE316F1A4919AF8AA39B /* AudiobookGenerationTests.swift */; };
		7E9887CACA1547758E938F8A /* DeviceCapabilityTests.swift in Sources */ = {isa = PBXBuildFile; fileRef = B06720FD5C0A41DC9F3091AF /* DeviceCapabilityTests.swift */; };
		B718E6FFF60244DF916AECFB /* ModelManagementTests.swift in Sources */ = {isa = PBXBuildFile; fileRef = C706EA72DDF344C9A00F1EBF /* ModelManagementTests.swift */; };
		34629DCAD91645838882EFAE /* AccessibilityUITests.swift in Sources */ = {isa = PBXBuildFile; fileRef = A18C126C620842C083B6E612 /* AccessibilityUITests.swift */; };
		EE3EE9594CD245199D315D19 /* ReaderFlowTests.swift in Sources */ = {isa = PBXBuildFile; fileRef = 7C479D7B791D44EE9D76582D /* ReaderFlowTests.swift */; };
		8752BD228BB64030896EBA26 /* model_registry.json in Resources */ = {isa = PBXBuildFile; fileRef = 41C779FF7B784D898A1B074E /* model_registry.json */; };
		02F2BD605674483090E089B1 /* OpenDyslexic-Regular.otf in Resources */ = {isa = PBXBuildFile; fileRef = 17A6FD0335CA4D3F8EE628C4 /* OpenDyslexic-Regular.otf */; };
		F33BB4DC94204E4DBF86CCCC /* OpenDyslexic-Bold.otf in Resources */ = {isa = PBXBuildFile; fileRef = 535ABA5A90494FC894435DF1 /* OpenDyslexic-Bold.otf */; };
		B678CC94C6884F12A6367CF1 /* Assets.xcassets in Resources */ = {isa = PBXBuildFile; fileRef = 4C984D2346CF471BAFA36933 /* Assets.xcassets */; };
		78109E2D01B34288A929058A /* KokoroModels in Resources */ = {isa = PBXBuildFile; fileRef = 7BE62460F7694EE2A2CEBDCB /* KokoroModels */; };
		12277B5184BD4767B93C7E15 /* Soundscapes in Resources */ = {isa = PBXBuildFile; fileRef = 67C90E3E0D424737A8444B91 /* Soundscapes */; };
/* End PBXBuildFile section */

/* Begin PBXContainerItemProxy section */
		81A7A9E7EB1048B98843E162 /* PBXContainerItemProxy */ = {
			isa = PBXContainerItemProxy;
			containerPortal = 8AB8BADDE1494EA7BB80DF7E /* Project object */;
			proxyType = 1;
			remoteGlobalIDString = 27D0F195A2644D79B1792A12;
			remoteInfo = Vachanam;
		};
		2C66A405222A46888AA6ED7C /* PBXContainerItemProxy */ = {
			isa = PBXContainerItemProxy;
			containerPortal = 8AB8BADDE1494EA7BB80DF7E /* Project object */;
			proxyType = 1;
			remoteGlobalIDString = 27D0F195A2644D79B1792A12;
			remoteInfo = Vachanam;
		};
/* End PBXContainerItemProxy section */

/* Begin XCLocalSwiftPackageReference section */
		BB4EAB46B4944F2A97F5E243 /* XCLocalSwiftPackageReference "swift-tts" */ = {
			isa = XCLocalSwiftPackageReference;
			relativePath = "Vachanam/Packages/kokoro-coreml/swift-tts";
		};
/* End XCLocalSwiftPackageReference section */

/* Begin XCSwiftPackageProductDependency section */
		2B2EAC4E06C84931AB11DCA8 /* KokoroTTS */ = {
			isa = XCSwiftPackageProductDependency;
			package = BB4EAB46B4944F2A97F5E243 /* XCLocalSwiftPackageReference "swift-tts" */;
			productName = KokoroTTS;
		};
/* End XCSwiftPackageProductDependency section */

/* Begin PBXFileReference section */
		293152FD4FE2452F9108A5C6 /* Vachanam.app */ = {isa = PBXFileReference; explicitFileType = wrapper.application; includeInIndex = 0; path = Vachanam.app; sourceTree = BUILT_PRODUCTS_DIR; };
		AA13F3A5A438417DA2452B09 /* VachanamTests.xctest */ = {isa = PBXFileReference; explicitFileType = wrapper.cfbundle; includeInIndex = 0; path = VachanamTests.xctest; sourceTree = BUILT_PRODUCTS_DIR; };
		27C7DE0713E54DBE8866FBE1 /* VachanamUITests.xctest */ = {isa = PBXFileReference; explicitFileType = wrapper.cfbundle; includeInIndex = 0; path = VachanamUITests.xctest; sourceTree = BUILT_PRODUCTS_DIR; };
		71E46135A7604C389FB95954 /* AppState.swift */ = {isa = PBXFileReference; lastKnownFileType = sourcecode.swift; path = "Vachanam/App/AppState.swift"; sourceTree = "<group>"; };
		5B704C27C45F4E4BAEA15875 /* ContentView.swift */ = {isa = PBXFileReference; lastKnownFileType = sourcecode.swift; path = "Vachanam/App/ContentView.swift"; sourceTree = "<group>"; };
		B8D3137085794D5F9CBAB9A5 /* VachanamApp.swift */ = {isa = PBXFileReference; lastKnownFileType = sourcecode.swift; path = "Vachanam/App/VachanamApp.swift"; sourceTree = "<group>"; };
		607A48134927460DA595B8CA /* ReaderDocument.swift */ = {isa = PBXFileReference; lastKnownFileType = sourcecode.swift; path = "Vachanam/PDF/ReaderDocument.swift"; sourceTree = "<group>"; };
		FFCB065475B740BEB421256D /* ReadingProgressTracker.swift */ = {isa = PBXFileReference; lastKnownFileType = sourcecode.swift; path = "Vachanam/PDF/ReadingProgressTracker.swift"; sourceTree = "<group>"; };
		646CCFA373A74D9E865C81C9 /* TextExtractor.swift */ = {isa = PBXFileReference; lastKnownFileType = sourcecode.swift; path = "Vachanam/PDF/TextExtractor.swift"; sourceTree = "<group>"; };
		8DEDB0988B154534A207DB05 /* BookmarkManager.swift */ = {isa = PBXFileReference; lastKnownFileType = sourcecode.swift; path = "Vachanam/PDF/BookmarkManager.swift"; sourceTree = "<group>"; };
		DC9C6DF29F6C469089F2572B /* WordReconstructor.swift */ = {isa = PBXFileReference; lastKnownFileType = sourcecode.swift; path = "Vachanam/Document/WordReconstructor.swift"; sourceTree = "<group>"; };
		DA8201CEE8AA4F49A693CE38 /* DocumentFormat.swift */ = {isa = PBXFileReference; lastKnownFileType = sourcecode.swift; path = "Vachanam/Document/DocumentFormat.swift"; sourceTree = "<group>"; };
		197B496DFC2B4B5D98192142 /* ParagraphDetector.swift */ = {isa = PBXFileReference; lastKnownFileType = sourcecode.swift; path = "Vachanam/Document/ParagraphDetector.swift"; sourceTree = "<group>"; };
		A286E49F85314AD6881C7420 /* SentenceSegmenter.swift */ = {isa = PBXFileReference; lastKnownFileType = sourcecode.swift; path = "Vachanam/Document/SentenceSegmenter.swift"; sourceTree = "<group>"; };
		C6A7256808C24F398428DB8E /* SemanticDocument.swift */ = {isa = PBXFileReference; lastKnownFileType = sourcecode.swift; path = "Vachanam/Document/SemanticDocument.swift"; sourceTree = "<group>"; };
		1FFD5E5F824741B9B519A946 /* TextNormalizer.swift */ = {isa = PBXFileReference; lastKnownFileType = sourcecode.swift; path = "Vachanam/Document/TextNormalizer.swift"; sourceTree = "<group>"; };
		94A1D72020AB443786D4A3E0 /* TTSChunker.swift */ = {isa = PBXFileReference; lastKnownFileType = sourcecode.swift; path = "Vachanam/Document/TTSChunker.swift"; sourceTree = "<group>"; };
		0B5923E0B98040D7AE9C0FC9 /* SemanticDocumentBuilder.swift */ = {isa = PBXFileReference; lastKnownFileType = sourcecode.swift; path = "Vachanam/Document/SemanticDocumentBuilder.swift"; sourceTree = "<group>"; };
		7C2BFD97EE64463C9FAE5EEA /* EPUBParser.swift */ = {isa = PBXFileReference; lastKnownFileType = sourcecode.swift; path = "Vachanam/Document/Parsers/EPUBParser.swift"; sourceTree = "<group>"; };
		8B515737E97B40EF90B84CCD /* ZipArchive.swift */ = {isa = PBXFileReference; lastKnownFileType = sourcecode.swift; path = "Vachanam/Document/Parsers/ZipArchive.swift"; sourceTree = "<group>"; };
		957463217DBD49C0B4A312C2 /* MarkdownParser.swift */ = {isa = PBXFileReference; lastKnownFileType = sourcecode.swift; path = "Vachanam/Document/Parsers/MarkdownParser.swift"; sourceTree = "<group>"; };
		AD37D25E83854AC389E807FF /* DocumentParserResolver.swift */ = {isa = PBXFileReference; lastKnownFileType = sourcecode.swift; path = "Vachanam/Document/Parsers/DocumentParserResolver.swift"; sourceTree = "<group>"; };
		F70ACE6047E9459084251EF3 /* WebArticleParser.swift */ = {isa = PBXFileReference; lastKnownFileType = sourcecode.swift; path = "Vachanam/Document/Parsers/WebArticleParser.swift"; sourceTree = "<group>"; };
		29716A7DEBC44B23B1604091 /* PlainTextParser.swift */ = {isa = PBXFileReference; lastKnownFileType = sourcecode.swift; path = "Vachanam/Document/Parsers/PlainTextParser.swift"; sourceTree = "<group>"; };
		B9ACB806C1AC40D4B4C4F459 /* DocumentParser.swift */ = {isa = PBXFileReference; lastKnownFileType = sourcecode.swift; path = "Vachanam/Document/Parsers/DocumentParser.swift"; sourceTree = "<group>"; };
		2F6EBA08ABE84D08A23DCE64 /* AnnotationManager.swift */ = {isa = PBXFileReference; lastKnownFileType = sourcecode.swift; path = "Vachanam/Annotations/AnnotationManager.swift"; sourceTree = "<group>"; };
		3F747BBEC9AC47F793C535BB /* UndoRedoManager.swift */ = {isa = PBXFileReference; lastKnownFileType = sourcecode.swift; path = "Vachanam/Annotations/UndoRedoManager.swift"; sourceTree = "<group>"; };
		8DF2FC1097FD41BBA781B791 /* AnnotationExporter.swift */ = {isa = PBXFileReference; lastKnownFileType = sourcecode.swift; path = "Vachanam/Annotations/AnnotationExporter.swift"; sourceTree = "<group>"; };
		DC80A619E5974429B106A944 /* KokoroAdapter.swift */ = {isa = PBXFileReference; lastKnownFileType = sourcecode.swift; path = "Vachanam/Adapters/KokoroAdapter.swift"; sourceTree = "<group>"; };
		3261AC611C844DF8AD71898F /* AppleSystemAdapter.swift */ = {isa = PBXFileReference; lastKnownFileType = sourcecode.swift; path = "Vachanam/Adapters/AppleSystemAdapter.swift"; sourceTree = "<group>"; };
		CBC31CD8F1314EA3B6BA2B62 /* PreGeneratedPlaybackAdapter.swift */ = {isa = PBXFileReference; lastKnownFileType = sourcecode.swift; path = "Vachanam/Adapters/PreGeneratedPlaybackAdapter.swift"; sourceTree = "<group>"; };
		0B96AD0E9CD84318A80362DB /* MisakiG2P.swift */ = {isa = PBXFileReference; lastKnownFileType = sourcecode.swift; path = "Vachanam/Adapters/G2P/MisakiG2P.swift"; sourceTree = "<group>"; };
		C61781E593AB4E2FA696FAFB /* G2PProtocol.swift */ = {isa = PBXFileReference; lastKnownFileType = sourcecode.swift; path = "Vachanam/Adapters/G2P/G2PProtocol.swift"; sourceTree = "<group>"; };
		D4452828AC204F6ABA2B3F31 /* AudioPlayer.swift */ = {isa = PBXFileReference; lastKnownFileType = sourcecode.swift; path = "Vachanam/Audio/AudioPlayer.swift"; sourceTree = "<group>"; };
		4C3DF93A9897467B8FD148A0 /* AudioEncoder.swift */ = {isa = PBXFileReference; lastKnownFileType = sourcecode.swift; path = "Vachanam/Audio/AudioEncoder.swift"; sourceTree = "<group>"; };
		1C6090233A9C4E10956CC04D /* iCloudSyncManager.swift */ = {isa = PBXFileReference; lastKnownFileType = sourcecode.swift; path = "Vachanam/Audio/iCloudSyncManager.swift"; sourceTree = "<group>"; };
		6115BE4B3C034E04B2867027 /* SleepTimer.swift */ = {isa = PBXFileReference; lastKnownFileType = sourcecode.swift; path = "Vachanam/Audio/SleepTimer.swift"; sourceTree = "<group>"; };
		C488F6944AB14AD4880266A5 /* AudioSession.swift */ = {isa = PBXFileReference; lastKnownFileType = sourcecode.swift; path = "Vachanam/Audio/AudioSession.swift"; sourceTree = "<group>"; };
		78D58F5CACA447468D92FEE7 /* AmbientSoundscapePlayer.swift */ = {isa = PBXFileReference; lastKnownFileType = sourcecode.swift; path = "Vachanam/Audio/AmbientSoundscapePlayer.swift"; sourceTree = "<group>"; };
		A5993566C14A4BD69C2E60AC /* TTSAudioCache.swift */ = {isa = PBXFileReference; lastKnownFileType = sourcecode.swift; path = "Vachanam/Audio/TTSAudioCache.swift"; sourceTree = "<group>"; };
		9452D93B67D44A5B9AD1B1AA /* AudiobookBundleLoader.swift */ = {isa = PBXFileReference; lastKnownFileType = sourcecode.swift; path = "Vachanam/Audio/AudiobookBundleLoader.swift"; sourceTree = "<group>"; };
		8A12FA26E6C6489BAE34273F /* DeviceCapability.swift */ = {isa = PBXFileReference; lastKnownFileType = sourcecode.swift; path = "Vachanam/TTS/DeviceCapability.swift"; sourceTree = "<group>"; };
		73A9110C11DD4D00848E23C9 /* PronunciationManager.swift */ = {isa = PBXFileReference; lastKnownFileType = sourcecode.swift; path = "Vachanam/TTS/PronunciationManager.swift"; sourceTree = "<group>"; };
		C4C16618FE764CCE9D278A6F /* AudiobookGenerator.swift */ = {isa = PBXFileReference; lastKnownFileType = sourcecode.swift; path = "Vachanam/TTS/AudiobookGenerator.swift"; sourceTree = "<group>"; };
		1829BAEF176B4281BA363781 /* ModelRegistry.swift */ = {isa = PBXFileReference; lastKnownFileType = sourcecode.swift; path = "Vachanam/TTS/ModelRegistry.swift"; sourceTree = "<group>"; };
		53F3686F1E9349899C083591 /* TTSModelProtocol.swift */ = {isa = PBXFileReference; lastKnownFileType = sourcecode.swift; path = "Vachanam/TTS/TTSModelProtocol.swift"; sourceTree = "<group>"; };
		E2C625515D914B3996063C92 /* AudiobookManifest.swift */ = {isa = PBXFileReference; lastKnownFileType = sourcecode.swift; path = "Vachanam/TTS/AudiobookManifest.swift"; sourceTree = "<group>"; };
		874D791185924F97B40D6B89 /* PlaybackCoordinator.swift */ = {isa = PBXFileReference; lastKnownFileType = sourcecode.swift; path = "Vachanam/TTS/PlaybackCoordinator.swift"; sourceTree = "<group>"; };
		542295C2994F4D3EA75CF596 /* VoiceProfileResolver.swift */ = {isa = PBXFileReference; lastKnownFileType = sourcecode.swift; path = "Vachanam/TTS/VoiceProfileResolver.swift"; sourceTree = "<group>"; };
		FD1554D169FE4CCC8E5F3D8C /* ModelManager.swift */ = {isa = PBXFileReference; lastKnownFileType = sourcecode.swift; path = "Vachanam/TTS/ModelManager.swift"; sourceTree = "<group>"; };
		28B34400BE1748FDA7F74B8F /* TTSMetricsLogger.swift */ = {isa = PBXFileReference; lastKnownFileType = sourcecode.swift; path = "Vachanam/TTS/TTSMetricsLogger.swift"; sourceTree = "<group>"; };
		2B20550DA9A64B17BAA50843 /* TTSController.swift */ = {isa = PBXFileReference; lastKnownFileType = sourcecode.swift; path = "Vachanam/TTS/TTSController.swift"; sourceTree = "<group>"; };
		C0ED785A35E247A4B023F2F2 /* TTSModelInfo.swift */ = {isa = PBXFileReference; lastKnownFileType = sourcecode.swift; path = "Vachanam/TTS/TTSModelInfo.swift"; sourceTree = "<group>"; };
		EEF901B7BF5F4670BCF3085D /* FontManager.swift */ = {isa = PBXFileReference; lastKnownFileType = sourcecode.swift; path = "Vachanam/Accessibility/FontManager.swift"; sourceTree = "<group>"; };
		1FFE5DF59C95429E94AC5908 /* ThemeManager.swift */ = {isa = PBXFileReference; lastKnownFileType = sourcecode.swift; path = "Vachanam/Accessibility/ThemeManager.swift"; sourceTree = "<group>"; };
		91F8F3C975FB4C77B68B3D6A /* AccessibilityManager.swift */ = {isa = PBXFileReference; lastKnownFileType = sourcecode.swift; path = "Vachanam/Accessibility/AccessibilityManager.swift"; sourceTree = "<group>"; };
		AC2931C31E854B64A092EE95 /* ReaderTextView.swift */ = {isa = PBXFileReference; lastKnownFileType = sourcecode.swift; path = "Vachanam/Views/Reader/ReaderTextView.swift"; sourceTree = "<group>"; };
		C7A1327048E04E979826D9BA /* ReaderContainerView.swift */ = {isa = PBXFileReference; lastKnownFileType = sourcecode.swift; path = "Vachanam/Views/Reader/ReaderContainerView.swift"; sourceTree = "<group>"; };
		D8A49464E69D4F969E819586 /* PageThumbnailGrid.swift */ = {isa = PBXFileReference; lastKnownFileType = sourcecode.swift; path = "Vachanam/Views/Reader/PageThumbnailGrid.swift"; sourceTree = "<group>"; };
		DCB58051E279440485941CE3 /* PDFReaderView.swift */ = {isa = PBXFileReference; lastKnownFileType = sourcecode.swift; path = "Vachanam/Views/Reader/PDFReaderView.swift"; sourceTree = "<group>"; };
		935A35D5FC7944A982F5D68A /* TOCView.swift */ = {isa = PBXFileReference; lastKnownFileType = sourcecode.swift; path = "Vachanam/Views/Reader/TOCView.swift"; sourceTree = "<group>"; };
		2A12763BEEF94516BECB472B /* ReadingModeToggle.swift */ = {isa = PBXFileReference; lastKnownFileType = sourcecode.swift; path = "Vachanam/Views/Reader/ReadingModeToggle.swift"; sourceTree = "<group>"; };
		923814B540BC4D97AF3754EA /* ReadingSettingsView.swift */ = {isa = PBXFileReference; lastKnownFileType = sourcecode.swift; path = "Vachanam/Views/Settings/ReadingSettingsView.swift"; sourceTree = "<group>"; };
		00C6D3F841B14586987DE829 /* SettingsView.swift */ = {isa = PBXFileReference; lastKnownFileType = sourcecode.swift; path = "Vachanam/Views/Settings/SettingsView.swift"; sourceTree = "<group>"; };
		4331D884DA2B4767AD305590 /* AccessibilitySettingsView.swift */ = {isa = PBXFileReference; lastKnownFileType = sourcecode.swift; path = "Vachanam/Views/Settings/AccessibilitySettingsView.swift"; sourceTree = "<group>"; };
		90DD19F7FBFA48E2BF08036B /* AppearanceSettingsView.swift */ = {isa = PBXFileReference; lastKnownFileType = sourcecode.swift; path = "Vachanam/Views/Settings/AppearanceSettingsView.swift"; sourceTree = "<group>"; };
		3991DACC14E54FAF9FD35B5D /* ReadingRuler.swift */ = {isa = PBXFileReference; lastKnownFileType = sourcecode.swift; path = "Vachanam/Views/Highlight/ReadingRuler.swift"; sourceTree = "<group>"; };
		CF3098A4A64D4F5989E46F73 /* SentenceHighlightOverlay.swift */ = {isa = PBXFileReference; lastKnownFileType = sourcecode.swift; path = "Vachanam/Views/Highlight/SentenceHighlightOverlay.swift"; sourceTree = "<group>"; };
		E9FAAB347DF041198D3C6650 /* HighlightSettingsView.swift */ = {isa = PBXFileReference; lastKnownFileType = sourcecode.swift; path = "Vachanam/Views/Highlight/HighlightSettingsView.swift"; sourceTree = "<group>"; };
		9CAB7700D50145E5B3571BB0 /* WordHighlightOverlay.swift */ = {isa = PBXFileReference; lastKnownFileType = sourcecode.swift; path = "Vachanam/Views/Highlight/WordHighlightOverlay.swift"; sourceTree = "<group>"; };
		E2663BB176EF4696A6D196A9 /* DocumentLibraryView.swift */ = {isa = PBXFileReference; lastKnownFileType = sourcecode.swift; path = "Vachanam/Views/Library/DocumentLibraryView.swift"; sourceTree = "<group>"; };
		2EA41DD344A24393A99990C1 /* ReadingHistoryView.swift */ = {isa = PBXFileReference; lastKnownFileType = sourcecode.swift; path = "Vachanam/Views/Library/ReadingHistoryView.swift"; sourceTree = "<group>"; };
		94623B8CDB5A486CAF8D59BF /* WebArticleImportSheet.swift */ = {isa = PBXFileReference; lastKnownFileType = sourcecode.swift; path = "Vachanam/Views/Library/WebArticleImportSheet.swift"; sourceTree = "<group>"; };
		6F10E9F3C510437FAEA6368A /* DocumentCard.swift */ = {isa = PBXFileReference; lastKnownFileType = sourcecode.swift; path = "Vachanam/Views/Library/DocumentCard.swift"; sourceTree = "<group>"; };
		17D6FF118CCE47F39A7D9A43 /* ModelDownloadProgress.swift */ = {isa = PBXFileReference; lastKnownFileType = sourcecode.swift; path = "Vachanam/Views/Models/ModelDownloadProgress.swift"; sourceTree = "<group>"; };
		019B6F7B07394C9A8912EDAC /* ModelManagerView.swift */ = {isa = PBXFileReference; lastKnownFileType = sourcecode.swift; path = "Vachanam/Views/Models/ModelManagerView.swift"; sourceTree = "<group>"; };
		F06E5D4E798F41608CED960E /* ModelCard.swift */ = {isa = PBXFileReference; lastKnownFileType = sourcecode.swift; path = "Vachanam/Views/Models/ModelCard.swift"; sourceTree = "<group>"; };
		7D791CFCC31747EC90992674 /* AudiobookGeneratorView.swift */ = {isa = PBXFileReference; lastKnownFileType = sourcecode.swift; path = "Vachanam/Views/Generator/AudiobookGeneratorView.swift"; sourceTree = "<group>"; };
		C3662543200A486585B41B18 /* TextBoxView.swift */ = {isa = PBXFileReference; lastKnownFileType = sourcecode.swift; path = "Vachanam/Views/Annotations/TextBoxView.swift"; sourceTree = "<group>"; };
		0F4137047A314F8FB9BCF1E1 /* CanvasOverlay.swift */ = {isa = PBXFileReference; lastKnownFileType = sourcecode.swift; path = "Vachanam/Views/Annotations/CanvasOverlay.swift"; sourceTree = "<group>"; };
		B4F91A9FCBE34288B1F8423D /* AnnotationExportView.swift */ = {isa = PBXFileReference; lastKnownFileType = sourcecode.swift; path = "Vachanam/Views/Annotations/AnnotationExportView.swift"; sourceTree = "<group>"; };
		F679518F020E4D87992D6F13 /* StickyNoteView.swift */ = {isa = PBXFileReference; lastKnownFileType = sourcecode.swift; path = "Vachanam/Views/Annotations/StickyNoteView.swift"; sourceTree = "<group>"; };
		A3F90D3EC8B94C5C8D8E732F /* AnnotationToolbar.swift */ = {isa = PBXFileReference; lastKnownFileType = sourcecode.swift; path = "Vachanam/Views/Annotations/AnnotationToolbar.swift"; sourceTree = "<group>"; };
		7A75FD2D88EA4C05AEC5383D /* ShapeToolView.swift */ = {isa = PBXFileReference; lastKnownFileType = sourcecode.swift; path = "Vachanam/Views/Annotations/ShapeToolView.swift"; sourceTree = "<group>"; };
		F31302023CA5450299F506FA /* BookmarkButton.swift */ = {isa = PBXFileReference; lastKnownFileType = sourcecode.swift; path = "Vachanam/Views/Components/BookmarkButton.swift"; sourceTree = "<group>"; };
		E208ECFBF7E04624AA3BF812 /* ProgressBar.swift */ = {isa = PBXFileReference; lastKnownFileType = sourcecode.swift; path = "Vachanam/Views/Components/ProgressBar.swift"; sourceTree = "<group>"; };
		401FD641CE1A47F099B6395E /* TTSControlBar.swift */ = {isa = PBXFileReference; lastKnownFileType = sourcecode.swift; path = "Vachanam/Views/TTS/TTSControlBar.swift"; sourceTree = "<group>"; };
		A13D51204E224A4A95DD92F4 /* VoicePickerView.swift */ = {isa = PBXFileReference; lastKnownFileType = sourcecode.swift; path = "Vachanam/Views/TTS/VoicePickerView.swift"; sourceTree = "<group>"; };
		AFFC3F6631B94B98A719FAD6 /* SoundscapePickerSheet.swift */ = {isa = PBXFileReference; lastKnownFileType = sourcecode.swift; path = "Vachanam/Views/TTS/SoundscapePickerSheet.swift"; sourceTree = "<group>"; };
		B0083C7C7E024859A9D8383A /* FixPronunciationSheet.swift */ = {isa = PBXFileReference; lastKnownFileType = sourcecode.swift; path = "Vachanam/Views/TTS/FixPronunciationSheet.swift"; sourceTree = "<group>"; };
		6ACED188C25B4B5098973E06 /* SleepTimerView.swift */ = {isa = PBXFileReference; lastKnownFileType = sourcecode.swift; path = "Vachanam/Views/TTS/SleepTimerView.swift"; sourceTree = "<group>"; };
		F19E2BE00A224560BD9175FB /* TextNormalizerTests.swift */ = {isa = PBXFileReference; lastKnownFileType = sourcecode.swift; path = "VachanamTests/PDFTests/TextNormalizerTests.swift"; sourceTree = "<group>"; };
		CFC29DC41B9A4CC18764C7DA /* TextNormalizerExtendedTests.swift */ = {isa = PBXFileReference; lastKnownFileType = sourcecode.swift; path = "VachanamTests/PDFTests/TextNormalizerExtendedTests.swift"; sourceTree = "<group>"; };
		1B5F819979CC46E6A8572E58 /* SemanticDocumentTests.swift */ = {isa = PBXFileReference; lastKnownFileType = sourcecode.swift; path = "VachanamTests/PDFTests/SemanticDocumentTests.swift"; sourceTree = "<group>"; };
		7D068E341EB44012930EE9F2 /* TextExtractorTests.swift */ = {isa = PBXFileReference; lastKnownFileType = sourcecode.swift; path = "VachanamTests/PDFTests/TextExtractorTests.swift"; sourceTree = "<group>"; };
		503A066EBB454C9EA108C5C5 /* WordReconstructorTests.swift */ = {isa = PBXFileReference; lastKnownFileType = sourcecode.swift; path = "VachanamTests/PDFTests/WordReconstructorTests.swift"; sourceTree = "<group>"; };
		13FB96B6EC664FE0A4A581D7 /* BookmarkManagerTests.swift */ = {isa = PBXFileReference; lastKnownFileType = sourcecode.swift; path = "VachanamTests/PDFTests/BookmarkManagerTests.swift"; sourceTree = "<group>"; };
		F04D014D888445198E83FE26 /* SemanticBlockTests.swift */ = {isa = PBXFileReference; lastKnownFileType = sourcecode.swift; path = "VachanamTests/PDFTests/SemanticBlockTests.swift"; sourceTree = "<group>"; };
		6051C900FDF344F4BD97628D /* FontManagerTests.swift */ = {isa = PBXFileReference; lastKnownFileType = sourcecode.swift; path = "VachanamTests/AccessibilityTests/FontManagerTests.swift"; sourceTree = "<group>"; };
		A18BB588D1B84B7F9A2C8FF4 /* AnnotationExporterTests.swift */ = {isa = PBXFileReference; lastKnownFileType = sourcecode.swift; path = "VachanamTests/AnnotationTests/AnnotationExporterTests.swift"; sourceTree = "<group>"; };
		1A09B5F0A65B4934BEA6FF7B /* AnnotationManagerTests.swift */ = {isa = PBXFileReference; lastKnownFileType = sourcecode.swift; path = "VachanamTests/AnnotationTests/AnnotationManagerTests.swift"; sourceTree = "<group>"; };
		F64D22A31BEE48B9A858493B /* UndoRedoTests.swift */ = {isa = PBXFileReference; lastKnownFileType = sourcecode.swift; path = "VachanamTests/AnnotationTests/UndoRedoTests.swift"; sourceTree = "<group>"; };
		5890688B302B4E1BAD678C46 /* MultiFormatDocumentTests.swift */ = {isa = PBXFileReference; lastKnownFileType = sourcecode.swift; path = "VachanamTests/TTSTests/MultiFormatDocumentTests.swift"; sourceTree = "<group>"; };
		E32E21E5A88F42D1960AC1BD /* TTSAudioCacheTests.swift */ = {isa = PBXFileReference; lastKnownFileType = sourcecode.swift; path = "VachanamTests/TTSTests/TTSAudioCacheTests.swift"; sourceTree = "<group>"; };
		211C176B5E2A4685AC1D778E /* ModelManagerTests.swift */ = {isa = PBXFileReference; lastKnownFileType = sourcecode.swift; path = "VachanamTests/TTSTests/ModelManagerTests.swift"; sourceTree = "<group>"; };
		A217D7FFF22F4453B5D81592 /* PronunciationManagerTests.swift */ = {isa = PBXFileReference; lastKnownFileType = sourcecode.swift; path = "VachanamTests/TTSTests/PronunciationManagerTests.swift"; sourceTree = "<group>"; };
		90C21E0FCCE64AA682F5B0AD /* TTSChunkerQualityTests.swift */ = {isa = PBXFileReference; lastKnownFileType = sourcecode.swift; path = "VachanamTests/TTSTests/TTSChunkerQualityTests.swift"; sourceTree = "<group>"; };
		DC6ECA34FAB74AEABCC54C09 /* AmbientSoundscapeTests.swift */ = {isa = PBXFileReference; lastKnownFileType = sourcecode.swift; path = "VachanamTests/TTSTests/AmbientSoundscapeTests.swift"; sourceTree = "<group>"; };
		93D4657ABC394D058E8FB462 /* TTSModelProtocolTests.swift */ = {isa = PBXFileReference; lastKnownFileType = sourcecode.swift; path = "VachanamTests/TTSTests/TTSModelProtocolTests.swift"; sourceTree = "<group>"; };
		7B96F2CAC42A4E9DB90058C0 /* PlaybackCoordinatorTests.swift */ = {isa = PBXFileReference; lastKnownFileType = sourcecode.swift; path = "VachanamTests/TTSTests/PlaybackCoordinatorTests.swift"; sourceTree = "<group>"; };
		FA4F93FF5DB744D9A02EC8AE /* TTSChunkerTests.swift */ = {isa = PBXFileReference; lastKnownFileType = sourcecode.swift; path = "VachanamTests/TTSTests/TTSChunkerTests.swift"; sourceTree = "<group>"; };
		70F5CE316F1A4919AF8AA39B /* AudiobookGenerationTests.swift */ = {isa = PBXFileReference; lastKnownFileType = sourcecode.swift; path = "VachanamTests/TTSTests/AudiobookGenerationTests.swift"; sourceTree = "<group>"; };
		B06720FD5C0A41DC9F3091AF /* DeviceCapabilityTests.swift */ = {isa = PBXFileReference; lastKnownFileType = sourcecode.swift; path = "VachanamTests/TTSTests/DeviceCapabilityTests.swift"; sourceTree = "<group>"; };
		C706EA72DDF344C9A00F1EBF /* ModelManagementTests.swift */ = {isa = PBXFileReference; lastKnownFileType = sourcecode.swift; path = "VachanamUITests/ModelManagementTests.swift"; sourceTree = "<group>"; };
		A18C126C620842C083B6E612 /* AccessibilityUITests.swift */ = {isa = PBXFileReference; lastKnownFileType = sourcecode.swift; path = "VachanamUITests/AccessibilityUITests.swift"; sourceTree = "<group>"; };
		7C479D7B791D44EE9D76582D /* ReaderFlowTests.swift */ = {isa = PBXFileReference; lastKnownFileType = sourcecode.swift; path = "VachanamUITests/ReaderFlowTests.swift"; sourceTree = "<group>"; };
		50E8E41785CB499CBCEE55B2 /* Info.plist */ = {isa = PBXFileReference; lastKnownFileType = text.plist.xml; path = "Vachanam/Info.plist"; sourceTree = "<group>"; };
		41C779FF7B784D898A1B074E /* model_registry.json */ = {isa = PBXFileReference; lastKnownFileType = text.json; path = "Vachanam/Resources/model_registry.json"; sourceTree = "<group>"; };
		17A6FD0335CA4D3F8EE628C4 /* OpenDyslexic-Regular.otf */ = {isa = PBXFileReference; lastKnownFileType = file; path = "Vachanam/Resources/OpenDyslexic-Regular.otf"; sourceTree = "<group>"; };
		535ABA5A90494FC894435DF1 /* OpenDyslexic-Bold.otf */ = {isa = PBXFileReference; lastKnownFileType = file; path = "Vachanam/Resources/OpenDyslexic-Bold.otf"; sourceTree = "<group>"; };
		4C984D2346CF471BAFA36933 /* Assets.xcassets */ = {isa = PBXFileReference; lastKnownFileType = folder.assetcatalog; path = "Vachanam/Resources/Assets.xcassets"; sourceTree = "<group>"; };
		7BE62460F7694EE2A2CEBDCB /* KokoroModels */ = {isa = PBXFileReference; lastKnownFileType = folder; path = "Vachanam/Resources/KokoroModels"; sourceTree = "<group>"; };
		67C90E3E0D424737A8444B91 /* Soundscapes */ = {isa = PBXFileReference; lastKnownFileType = folder; path = "Vachanam/Resources/Soundscapes"; sourceTree = "<group>"; };
/* End PBXFileReference section */

/* Begin PBXFrameworksBuildPhase section */
		6359DAD362794410B3D60C45 /* Frameworks */ = {
			isa = PBXFrameworksBuildPhase;
			buildActionMask = 2147483647;
			files = (
				C3C2806A781F419CBF04CC81 /* KokoroTTS in Frameworks */,
			);
			runOnlyForDeploymentPostprocessing = 0;
		};
		DAF1F8973C904EA8AF824835 /* Frameworks */ = {
			isa = PBXFrameworksBuildPhase;
			buildActionMask = 2147483647;
			files = (
				F5BBD97FE86D4B7D9CC9B7DD /* KokoroTTS in Frameworks */,
			);
			runOnlyForDeploymentPostprocessing = 0;
		};
		34AC1C65CB9E4BA0AFE4DAAD /* Frameworks */ = {
			isa = PBXFrameworksBuildPhase;
			buildActionMask = 2147483647;
			files = (
			);
			runOnlyForDeploymentPostprocessing = 0;
		};
/* End PBXFrameworksBuildPhase section */

/* Begin PBXGroup section */
		4E2570F243A74318AFF61DD2 = {
			isa = PBXGroup;
			children = (
				DC1F4B30F46D40B991D221FB /* Vachanam */,
				884BBB6097F141BF90FCF525 /* VachanamTests */,
				471C981B7D5A4D0E8819BBE9 /* VachanamUITests */,
				9F38A8594D4A4FBFA5850989 /* Products */,
			);
			sourceTree = "<group>";
		};
		DC1F4B30F46D40B991D221FB /* Vachanam */ = {
			isa = PBXGroup;
			children = (
				71E46135A7604C389FB95954 /* AppState.swift */,
				5B704C27C45F4E4BAEA15875 /* ContentView.swift */,
				B8D3137085794D5F9CBAB9A5 /* VachanamApp.swift */,
				607A48134927460DA595B8CA /* ReaderDocument.swift */,
				FFCB065475B740BEB421256D /* ReadingProgressTracker.swift */,
				646CCFA373A74D9E865C81C9 /* TextExtractor.swift */,
				8DEDB0988B154534A207DB05 /* BookmarkManager.swift */,
				DC9C6DF29F6C469089F2572B /* WordReconstructor.swift */,
				DA8201CEE8AA4F49A693CE38 /* DocumentFormat.swift */,
				197B496DFC2B4B5D98192142 /* ParagraphDetector.swift */,
				A286E49F85314AD6881C7420 /* SentenceSegmenter.swift */,
				C6A7256808C24F398428DB8E /* SemanticDocument.swift */,
				1FFD5E5F824741B9B519A946 /* TextNormalizer.swift */,
				94A1D72020AB443786D4A3E0 /* TTSChunker.swift */,
				0B5923E0B98040D7AE9C0FC9 /* SemanticDocumentBuilder.swift */,
				7C2BFD97EE64463C9FAE5EEA /* EPUBParser.swift */,
				8B515737E97B40EF90B84CCD /* ZipArchive.swift */,
				957463217DBD49C0B4A312C2 /* MarkdownParser.swift */,
				AD37D25E83854AC389E807FF /* DocumentParserResolver.swift */,
				F70ACE6047E9459084251EF3 /* WebArticleParser.swift */,
				29716A7DEBC44B23B1604091 /* PlainTextParser.swift */,
				B9ACB806C1AC40D4B4C4F459 /* DocumentParser.swift */,
				2F6EBA08ABE84D08A23DCE64 /* AnnotationManager.swift */,
				3F747BBEC9AC47F793C535BB /* UndoRedoManager.swift */,
				8DF2FC1097FD41BBA781B791 /* AnnotationExporter.swift */,
				DC80A619E5974429B106A944 /* KokoroAdapter.swift */,
				3261AC611C844DF8AD71898F /* AppleSystemAdapter.swift */,
				CBC31CD8F1314EA3B6BA2B62 /* PreGeneratedPlaybackAdapter.swift */,
				0B96AD0E9CD84318A80362DB /* MisakiG2P.swift */,
				C61781E593AB4E2FA696FAFB /* G2PProtocol.swift */,
				D4452828AC204F6ABA2B3F31 /* AudioPlayer.swift */,
				4C3DF93A9897467B8FD148A0 /* AudioEncoder.swift */,
				1C6090233A9C4E10956CC04D /* iCloudSyncManager.swift */,
				6115BE4B3C034E04B2867027 /* SleepTimer.swift */,
				C488F6944AB14AD4880266A5 /* AudioSession.swift */,
				78D58F5CACA447468D92FEE7 /* AmbientSoundscapePlayer.swift */,
				A5993566C14A4BD69C2E60AC /* TTSAudioCache.swift */,
				9452D93B67D44A5B9AD1B1AA /* AudiobookBundleLoader.swift */,
				8A12FA26E6C6489BAE34273F /* DeviceCapability.swift */,
				73A9110C11DD4D00848E23C9 /* PronunciationManager.swift */,
				C4C16618FE764CCE9D278A6F /* AudiobookGenerator.swift */,
				1829BAEF176B4281BA363781 /* ModelRegistry.swift */,
				53F3686F1E9349899C083591 /* TTSModelProtocol.swift */,
				E2C625515D914B3996063C92 /* AudiobookManifest.swift */,
				874D791185924F97B40D6B89 /* PlaybackCoordinator.swift */,
				542295C2994F4D3EA75CF596 /* VoiceProfileResolver.swift */,
				FD1554D169FE4CCC8E5F3D8C /* ModelManager.swift */,
				28B34400BE1748FDA7F74B8F /* TTSMetricsLogger.swift */,
				2B20550DA9A64B17BAA50843 /* TTSController.swift */,
				C0ED785A35E247A4B023F2F2 /* TTSModelInfo.swift */,
				EEF901B7BF5F4670BCF3085D /* FontManager.swift */,
				1FFE5DF59C95429E94AC5908 /* ThemeManager.swift */,
				91F8F3C975FB4C77B68B3D6A /* AccessibilityManager.swift */,
				AC2931C31E854B64A092EE95 /* ReaderTextView.swift */,
				C7A1327048E04E979826D9BA /* ReaderContainerView.swift */,
				D8A49464E69D4F969E819586 /* PageThumbnailGrid.swift */,
				DCB58051E279440485941CE3 /* PDFReaderView.swift */,
				935A35D5FC7944A982F5D68A /* TOCView.swift */,
				2A12763BEEF94516BECB472B /* ReadingModeToggle.swift */,
				923814B540BC4D97AF3754EA /* ReadingSettingsView.swift */,
				00C6D3F841B14586987DE829 /* SettingsView.swift */,
				4331D884DA2B4767AD305590 /* AccessibilitySettingsView.swift */,
				90DD19F7FBFA48E2BF08036B /* AppearanceSettingsView.swift */,
				3991DACC14E54FAF9FD35B5D /* ReadingRuler.swift */,
				CF3098A4A64D4F5989E46F73 /* SentenceHighlightOverlay.swift */,
				E9FAAB347DF041198D3C6650 /* HighlightSettingsView.swift */,
				9CAB7700D50145E5B3571BB0 /* WordHighlightOverlay.swift */,
				E2663BB176EF4696A6D196A9 /* DocumentLibraryView.swift */,
				2EA41DD344A24393A99990C1 /* ReadingHistoryView.swift */,
				94623B8CDB5A486CAF8D59BF /* WebArticleImportSheet.swift */,
				6F10E9F3C510437FAEA6368A /* DocumentCard.swift */,
				17D6FF118CCE47F39A7D9A43 /* ModelDownloadProgress.swift */,
				019B6F7B07394C9A8912EDAC /* ModelManagerView.swift */,
				F06E5D4E798F41608CED960E /* ModelCard.swift */,
				7D791CFCC31747EC90992674 /* AudiobookGeneratorView.swift */,
				C3662543200A486585B41B18 /* TextBoxView.swift */,
				0F4137047A314F8FB9BCF1E1 /* CanvasOverlay.swift */,
				B4F91A9FCBE34288B1F8423D /* AnnotationExportView.swift */,
				F679518F020E4D87992D6F13 /* StickyNoteView.swift */,
				A3F90D3EC8B94C5C8D8E732F /* AnnotationToolbar.swift */,
				7A75FD2D88EA4C05AEC5383D /* ShapeToolView.swift */,
				F31302023CA5450299F506FA /* BookmarkButton.swift */,
				E208ECFBF7E04624AA3BF812 /* ProgressBar.swift */,
				401FD641CE1A47F099B6395E /* TTSControlBar.swift */,
				A13D51204E224A4A95DD92F4 /* VoicePickerView.swift */,
				AFFC3F6631B94B98A719FAD6 /* SoundscapePickerSheet.swift */,
				B0083C7C7E024859A9D8383A /* FixPronunciationSheet.swift */,
				6ACED188C25B4B5098973E06 /* SleepTimerView.swift */,
				50E8E41785CB499CBCEE55B2 /* Info.plist */,
				41C779FF7B784D898A1B074E /* model_registry.json */,
				17A6FD0335CA4D3F8EE628C4 /* OpenDyslexic-Regular.otf */,
				535ABA5A90494FC894435DF1 /* OpenDyslexic-Bold.otf */,
				4C984D2346CF471BAFA36933 /* Assets.xcassets */,
				7BE62460F7694EE2A2CEBDCB /* KokoroModels */,
				67C90E3E0D424737A8444B91 /* Soundscapes */,
			);
			path = ".";
			sourceTree = "<group>";
		};
		884BBB6097F141BF90FCF525 /* VachanamTests */ = {
			isa = PBXGroup;
			children = (
				F19E2BE00A224560BD9175FB /* TextNormalizerTests.swift */,
				CFC29DC41B9A4CC18764C7DA /* TextNormalizerExtendedTests.swift */,
				1B5F819979CC46E6A8572E58 /* SemanticDocumentTests.swift */,
				7D068E341EB44012930EE9F2 /* TextExtractorTests.swift */,
				503A066EBB454C9EA108C5C5 /* WordReconstructorTests.swift */,
				13FB96B6EC664FE0A4A581D7 /* BookmarkManagerTests.swift */,
				F04D014D888445198E83FE26 /* SemanticBlockTests.swift */,
				6051C900FDF344F4BD97628D /* FontManagerTests.swift */,
				A18BB588D1B84B7F9A2C8FF4 /* AnnotationExporterTests.swift */,
				1A09B5F0A65B4934BEA6FF7B /* AnnotationManagerTests.swift */,
				F64D22A31BEE48B9A858493B /* UndoRedoTests.swift */,
				5890688B302B4E1BAD678C46 /* MultiFormatDocumentTests.swift */,
				E32E21E5A88F42D1960AC1BD /* TTSAudioCacheTests.swift */,
				211C176B5E2A4685AC1D778E /* ModelManagerTests.swift */,
				A217D7FFF22F4453B5D81592 /* PronunciationManagerTests.swift */,
				90C21E0FCCE64AA682F5B0AD /* TTSChunkerQualityTests.swift */,
				DC6ECA34FAB74AEABCC54C09 /* AmbientSoundscapeTests.swift */,
				93D4657ABC394D058E8FB462 /* TTSModelProtocolTests.swift */,
				7B96F2CAC42A4E9DB90058C0 /* PlaybackCoordinatorTests.swift */,
				FA4F93FF5DB744D9A02EC8AE /* TTSChunkerTests.swift */,
				70F5CE316F1A4919AF8AA39B /* AudiobookGenerationTests.swift */,
				B06720FD5C0A41DC9F3091AF /* DeviceCapabilityTests.swift */,
			);
			path = ".";
			sourceTree = "<group>";
		};
		471C981B7D5A4D0E8819BBE9 /* VachanamUITests */ = {
			isa = PBXGroup;
			children = (
				C706EA72DDF344C9A00F1EBF /* ModelManagementTests.swift */,
				A18C126C620842C083B6E612 /* AccessibilityUITests.swift */,
				7C479D7B791D44EE9D76582D /* ReaderFlowTests.swift */,
			);
			path = ".";
			sourceTree = "<group>";
		};
		9F38A8594D4A4FBFA5850989 /* Products */ = {
			isa = PBXGroup;
			children = (
				293152FD4FE2452F9108A5C6 /* Vachanam.app */,
				AA13F3A5A438417DA2452B09 /* VachanamTests.xctest */,
				27C7DE0713E54DBE8866FBE1 /* VachanamUITests.xctest */,
			);
			name = Products;
			sourceTree = "<group>";
		};
/* End PBXGroup section */

/* Begin PBXTargetDependency section */
		CE2AB581A1844DE3A88D19F5 /* PBXTargetDependency */ = {
			isa = PBXTargetDependency;
			target = 27D0F195A2644D79B1792A12 /* Vachanam */;
			targetProxy = 81A7A9E7EB1048B98843E162 /* PBXContainerItemProxy */;
		};
		948BA96832694F1596E28C93 /* PBXTargetDependency */ = {
			isa = PBXTargetDependency;
			target = 27D0F195A2644D79B1792A12 /* Vachanam */;
			targetProxy = 2C66A405222A46888AA6ED7C /* PBXContainerItemProxy */;
		};
/* End PBXTargetDependency section */

/* Begin PBXNativeTarget section */
		27D0F195A2644D79B1792A12 /* Vachanam */ = {
			isa = PBXNativeTarget;
			buildConfigurationList = 093B522FF96048598584F544 /* Build configuration list for PBXNativeTarget "Vachanam" */;
			buildPhases = (
				3FA79BF51ECD469998F612D8 /* Sources */,
				6359DAD362794410B3D60C45 /* Frameworks */,
				8ECA8DA0924248959574E5B6 /* Resources */,
			);
			buildRules = (
			);
			dependencies = (
			);
			name = Vachanam;
			packageProductDependencies = (
				2B2EAC4E06C84931AB11DCA8 /* KokoroTTS */,
			);
			productName = Vachanam;
			productReference = 293152FD4FE2452F9108A5C6 /* Vachanam.app */;
			productType = "com.apple.product-type.application";
		};
		7FA4C7FA065B49259B367E12 /* VachanamTests */ = {
			isa = PBXNativeTarget;
			buildConfigurationList = CC2CE5B7D7FA4FB19DC45684 /* Build configuration list for PBXNativeTarget "VachanamTests" */;
			buildPhases = (
				46FD0C1A037949A39EA16C77 /* Sources */,
				DAF1F8973C904EA8AF824835 /* Frameworks */,
			);
			buildRules = (
			);
			dependencies = (
				CE2AB581A1844DE3A88D19F5 /* PBXTargetDependency */,
			);
			name = VachanamTests;
			packageProductDependencies = (
				2B2EAC4E06C84931AB11DCA8 /* KokoroTTS */,
			);
			productName = VachanamTests;
			productReference = AA13F3A5A438417DA2452B09 /* VachanamTests.xctest */;
			productType = "com.apple.product-type.bundle.unit-test";
		};
		7F2C0AE0E3D24CEE9054187A /* VachanamUITests */ = {
			isa = PBXNativeTarget;
			buildConfigurationList = B1AC1C5B0ED14A289750B80C /* Build configuration list for PBXNativeTarget "VachanamUITests" */;
			buildPhases = (
				416C606FA2784DCF842BB3BD /* Sources */,
				34AC1C65CB9E4BA0AFE4DAAD /* Frameworks */,
			);
			buildRules = (
			);
			dependencies = (
				948BA96832694F1596E28C93 /* PBXTargetDependency */,
			);
			name = VachanamUITests;
			productName = VachanamUITests;
			productReference = 27C7DE0713E54DBE8866FBE1 /* VachanamUITests.xctest */;
			productType = "com.apple.product-type.bundle.ui-testing";
		};
/* End PBXNativeTarget section */

/* Begin PBXProject section */
		8AB8BADDE1494EA7BB80DF7E /* Project object */ = {
			isa = PBXProject;
			attributes = {
				BuildIndependentTargetsInParallel = 1;
				LastUpgradeCheck = 1600;
				LastSwiftUpdateCheck = 1600;
				TargetAttributes = {
					27D0F195A2644D79B1792A12 = {
						CreatedOnToolsVersion = 16.0;
					};
					7FA4C7FA065B49259B367E12 = {
						TestTargetID = 27D0F195A2644D79B1792A12;
					};
					7F2C0AE0E3D24CEE9054187A = {
						TestTargetID = 27D0F195A2644D79B1792A12;
					};
				};
			};
			buildConfigurationList = FD4C2446C70344F09F8610C8 /* Build configuration list for PBXProject "Vachanam" */;
			compatibilityVersion = "Xcode 14.0";
			developmentRegion = en;
			hasScannedForEncodings = 0;
			knownRegions = (
				en,
				Base,
			);
			mainGroup = 4E2570F243A74318AFF61DD2;
			packageReferences = (
				BB4EAB46B4944F2A97F5E243 /* XCLocalSwiftPackageReference "swift-tts" */,
			);
			productRefGroup = 9F38A8594D4A4FBFA5850989 /* Products */;
			projectDirPath = "";
			projectRoot = "";
			targets = (
				27D0F195A2644D79B1792A12 /* Vachanam */,
				7FA4C7FA065B49259B367E12 /* VachanamTests */,
				7F2C0AE0E3D24CEE9054187A /* VachanamUITests */,
			);
		};
/* End PBXProject section */

/* Begin PBXResourcesBuildPhase section */
		8ECA8DA0924248959574E5B6 /* Resources */ = {
			isa = PBXResourcesBuildPhase;
			buildActionMask = 2147483647;
			files = (
				8752BD228BB64030896EBA26 /* model_registry.json in Resources */,
				02F2BD605674483090E089B1 /* OpenDyslexic-Regular.otf in Resources */,
				F33BB4DC94204E4DBF86CCCC /* OpenDyslexic-Bold.otf in Resources */,
				B678CC94C6884F12A6367CF1 /* Assets.xcassets in Resources */,
				78109E2D01B34288A929058A /* KokoroModels in Resources */,
				12277B5184BD4767B93C7E15 /* Soundscapes in Resources */,
			);
			runOnlyForDeploymentPostprocessing = 0;
		};
/* End PBXResourcesBuildPhase section */

/* Begin PBXSourcesBuildPhase section */
		3FA79BF51ECD469998F612D8 /* Sources */ = {
			isa = PBXSourcesBuildPhase;
			buildActionMask = 2147483647;
			files = (
				9EFE4D24BA0145B196689EB2 /* AppState.swift in Sources */,
				24A8C8A266B1467792F4FB95 /* ContentView.swift in Sources */,
				03DDCD98B5CB47EAA96F18B6 /* VachanamApp.swift in Sources */,
				D842E1295BC148C6A82C3928 /* ReaderDocument.swift in Sources */,
				04C9C5A0AD364446A2236716 /* ReadingProgressTracker.swift in Sources */,
				2096E7CA83234F68A7320784 /* TextExtractor.swift in Sources */,
				2D3187D8381C4105899F74F2 /* BookmarkManager.swift in Sources */,
				A69B72DF878B4AC4B05C2573 /* WordReconstructor.swift in Sources */,
				4ED29461EA2D495B81B084CB /* DocumentFormat.swift in Sources */,
				A35CA29E713E4A4D89A7400D /* ParagraphDetector.swift in Sources */,
				1FC7867CE0D2499D98C179FD /* SentenceSegmenter.swift in Sources */,
				782A9D90EEB74E6998A9A86A /* SemanticDocument.swift in Sources */,
				39031B39C6F14EF1B8137FBE /* TextNormalizer.swift in Sources */,
				BCE9665CE38040C295F26289 /* TTSChunker.swift in Sources */,
				9EF03D1553E94AC69797F4C9 /* SemanticDocumentBuilder.swift in Sources */,
				B06C2AE83F284A91A47940F4 /* EPUBParser.swift in Sources */,
				A38B79AA1BA94136B842D48D /* ZipArchive.swift in Sources */,
				51566A48D95F40D4BDBE2D9F /* MarkdownParser.swift in Sources */,
				79CB2E03D7BA412E815A8391 /* DocumentParserResolver.swift in Sources */,
				19ABAF9CD5F64BA5A5FF2635 /* WebArticleParser.swift in Sources */,
				256EEA3B31C24B20828E3837 /* PlainTextParser.swift in Sources */,
				A3216981A65E48DEA02DDC6E /* DocumentParser.swift in Sources */,
				CB292C94AC2941B2B36E4CAB /* AnnotationManager.swift in Sources */,
				505B315DFF694670BD630329 /* UndoRedoManager.swift in Sources */,
				BDF4BF52F88F4EA882C04C46 /* AnnotationExporter.swift in Sources */,
				25E54A7F39B845AD9C6C8EA3 /* KokoroAdapter.swift in Sources */,
				2A9C3D2DC03C4E69BA3F31B4 /* AppleSystemAdapter.swift in Sources */,
				3F878F3B0A9E416D815DDC5B /* PreGeneratedPlaybackAdapter.swift in Sources */,
				66A0C71B133B42189DB8CB24 /* MisakiG2P.swift in Sources */,
				D19052E4E1D64473A08272D2 /* G2PProtocol.swift in Sources */,
				6935920646454E52A4053F0B /* AudioPlayer.swift in Sources */,
				12D090735E3246EFA8979AAF /* AudioEncoder.swift in Sources */,
				0460378C4DC54AADBEA22896 /* iCloudSyncManager.swift in Sources */,
				041AEE6F52A9438C818020EA /* SleepTimer.swift in Sources */,
				0676F4EB2F2A4152A91E5F05 /* AudioSession.swift in Sources */,
				18BCBECACD374470BB3F97EC /* AmbientSoundscapePlayer.swift in Sources */,
				0F8EFC4AF79442DDBBF81F5C /* TTSAudioCache.swift in Sources */,
				043D9E5381FB42FC91AA99DB /* AudiobookBundleLoader.swift in Sources */,
				D3B65AC4E41A4E67B325AABF /* DeviceCapability.swift in Sources */,
				066C6A0E7AE64E38827E5C52 /* PronunciationManager.swift in Sources */,
				34CC726FE50642F5A881D9EC /* AudiobookGenerator.swift in Sources */,
				4B961F2F16734A9A9254FBD0 /* ModelRegistry.swift in Sources */,
				124B377664D84310915B14A0 /* TTSModelProtocol.swift in Sources */,
				AF5F0EAC24B3409A81AE7BEE /* AudiobookManifest.swift in Sources */,
				72B67EF9E3A74CFF9715E834 /* PlaybackCoordinator.swift in Sources */,
				CD6B089DC2234BAFB6C7413F /* VoiceProfileResolver.swift in Sources */,
				F709FCB3D6E940CE88468BA6 /* ModelManager.swift in Sources */,
				AD87CCCB3E234617B3232729 /* TTSMetricsLogger.swift in Sources */,
				A9B4EA1869354A239C63C4F4 /* TTSController.swift in Sources */,
				E3690A01612F446F99A77D07 /* TTSModelInfo.swift in Sources */,
				1363E747EF954CC5A21E1DBD /* FontManager.swift in Sources */,
				B45EA1F66BEF43748BB70094 /* ThemeManager.swift in Sources */,
				AF8BBD8A9EEF4C0D9F644F81 /* AccessibilityManager.swift in Sources */,
				396D69BF0D714BE28FA022BD /* ReaderTextView.swift in Sources */,
				396FA6D2F1254C4FA2F47221 /* ReaderContainerView.swift in Sources */,
				040A2FB2BA864B878E50A446 /* PageThumbnailGrid.swift in Sources */,
				02B100A877D841F492BA7845 /* PDFReaderView.swift in Sources */,
				051E8D5F9F284C9EBC943B1B /* TOCView.swift in Sources */,
				F959E648F68D41DA82779135 /* ReadingModeToggle.swift in Sources */,
				AAAD88A0F71C4E77906CFC8B /* ReadingSettingsView.swift in Sources */,
				CC8B7B51C95B452D94560A2B /* SettingsView.swift in Sources */,
				5A4D6C78685A472EB99FFFFA /* AccessibilitySettingsView.swift in Sources */,
				C62BF7C26F894CA98E64EAED /* AppearanceSettingsView.swift in Sources */,
				BDAEE53DCBC94D018763C463 /* ReadingRuler.swift in Sources */,
				A23F066264964AFEBB71AB9C /* SentenceHighlightOverlay.swift in Sources */,
				73C775D8E86D4048B5766F88 /* HighlightSettingsView.swift in Sources */,
				2FD709F88A6D4818880B6647 /* WordHighlightOverlay.swift in Sources */,
				CF2B74CD24E948909673E528 /* DocumentLibraryView.swift in Sources */,
				2546A028A028453A8F3DD2B3 /* ReadingHistoryView.swift in Sources */,
				590B7B46E0864D84BD2930F2 /* WebArticleImportSheet.swift in Sources */,
				85D52780017541C699C404F5 /* DocumentCard.swift in Sources */,
				D656E08BEBBD4A0BAAC0B94F /* ModelDownloadProgress.swift in Sources */,
				60A5BF24E8E14577903CBBF3 /* ModelManagerView.swift in Sources */,
				63954317A5BE4295BA123586 /* ModelCard.swift in Sources */,
				1F4B67167B3E47C88634E106 /* AudiobookGeneratorView.swift in Sources */,
				76469DC2483847E782414B2C /* TextBoxView.swift in Sources */,
				1E1CF9CB70DF408288E1F11B /* CanvasOverlay.swift in Sources */,
				A0D42A9B12A3479DAB715C0F /* AnnotationExportView.swift in Sources */,
				8C204D837DA54BC39E3DC2EC /* StickyNoteView.swift in Sources */,
				B55881C53EE1466189D56D9E /* AnnotationToolbar.swift in Sources */,
				CF6B6277D3724BA199B653DB /* ShapeToolView.swift in Sources */,
				642191E16A494B41A1845D3B /* BookmarkButton.swift in Sources */,
				E47F1B74673340FFBA739FF1 /* ProgressBar.swift in Sources */,
				49A3674C65654C4CA289A28A /* TTSControlBar.swift in Sources */,
				501251D669B044D3A9DCE62C /* VoicePickerView.swift in Sources */,
				CE9AF694584742D2A03463C4 /* SoundscapePickerSheet.swift in Sources */,
				92EE277CC4D348ABACB1C328 /* FixPronunciationSheet.swift in Sources */,
				EBDF8EF86783490193C84F61 /* SleepTimerView.swift in Sources */,
			);
			runOnlyForDeploymentPostprocessing = 0;
		};
		46FD0C1A037949A39EA16C77 /* Sources */ = {
			isa = PBXSourcesBuildPhase;
			buildActionMask = 2147483647;
			files = (
				8D93E85841C24774BF3382BF /* TextNormalizerTests.swift in Sources */,
				AD207C76B9064E11AA1355E4 /* TextNormalizerExtendedTests.swift in Sources */,
				B152BD8CF04D46869804A6D5 /* SemanticDocumentTests.swift in Sources */,
				00507FAD92EE4F22AEC84BED /* TextExtractorTests.swift in Sources */,
				8A7D448B78C04AFF83716070 /* WordReconstructorTests.swift in Sources */,
				C850F3B11EE54C00A10D4FCF /* BookmarkManagerTests.swift in Sources */,
				E770D634335A476C9669B04B /* SemanticBlockTests.swift in Sources */,
				A53B2832735D49189FB90C95 /* FontManagerTests.swift in Sources */,
				06B940A0533F45058E38FAE7 /* AnnotationExporterTests.swift in Sources */,
				749C4C4EC6724903ABD145CF /* AnnotationManagerTests.swift in Sources */,
				3CC8C953846A420F9D1B528E /* UndoRedoTests.swift in Sources */,
				EEB285088EC544A28E4A6248 /* MultiFormatDocumentTests.swift in Sources */,
				59693127111844C4812936E0 /* TTSAudioCacheTests.swift in Sources */,
				DBE2FBE30BAF43C5BB5E3BF9 /* ModelManagerTests.swift in Sources */,
				6F7C143935504AA0A20F7B84 /* PronunciationManagerTests.swift in Sources */,
				485335104B6B4BE5A675C793 /* TTSChunkerQualityTests.swift in Sources */,
				666CD6956B8B405D80A663DE /* AmbientSoundscapeTests.swift in Sources */,
				724F79DA0FE34D1DB0278A26 /* TTSModelProtocolTests.swift in Sources */,
				E36EA8894FCA4E00B614E310 /* PlaybackCoordinatorTests.swift in Sources */,
				3FEA9B755B504786A3E9E595 /* TTSChunkerTests.swift in Sources */,
				E861A1C92DCB4F5192385EFE /* AudiobookGenerationTests.swift in Sources */,
				7E9887CACA1547758E938F8A /* DeviceCapabilityTests.swift in Sources */,
			);
			runOnlyForDeploymentPostprocessing = 0;
		};
		416C606FA2784DCF842BB3BD /* Sources */ = {
			isa = PBXSourcesBuildPhase;
			buildActionMask = 2147483647;
			files = (
				B718E6FFF60244DF916AECFB /* ModelManagementTests.swift in Sources */,
				34629DCAD91645838882EFAE /* AccessibilityUITests.swift in Sources */,
				EE3EE9594CD245199D315D19 /* ReaderFlowTests.swift in Sources */,
			);
			runOnlyForDeploymentPostprocessing = 0;
		};
/* End PBXSourcesBuildPhase section */

/* Begin XCBuildConfiguration section */
		A16726870DC644E18D0456C5 /* Debug */ = {
			isa = XCBuildConfiguration;
			buildSettings = {
				ALWAYS_SEARCH_USER_PATHS = NO;
				ASSETCATALOG_COMPILER_GENERATE_ASSET_SYMBOLS = YES;
				ASSETCATALOG_COMPILER_GENERATE_SWIFT_ASSET_SYMBOL_EXTENSIONS = YES;
				CLANG_ANALYZER_NONNULL = YES;
				CLANG_ANALYZER_NUMBER_OBJECT_CONVERSION = YES_AGGRESSIVE;
				CLANG_ENABLE_MODULES = YES;
				CLANG_ENABLE_OBJC_ARC = YES;
				CLANG_ENABLE_OBJC_WEAK = YES;
				CLANG_WARN_BLOCK_CAPTURE_AUTORELEASING = YES;
				CLANG_WARN_BOOL_CONVERSION = YES;
				CLANG_WARN_COMMA = YES;
				CLANG_WARN_CONSTANT_CONVERSION = YES;
				CLANG_WARN_DEPRECATED_OBJC_IMPLEMENTATIONS = YES;
				CLANG_WARN_DIRECT_OBJC_ISA_USAGE = YES_ERROR;
				CLANG_WARN_DOCUMENTATION_COMMENTS = YES;
				CLANG_WARN_EMPTY_BODY = YES;
				CLANG_WARN_ENUM_CONVERSION = YES;
				CLANG_WARN_INFINITE_RECURSION = YES;
				CLANG_WARN_INT_CONVERSION = YES;
				CLANG_WARN_NON_LITERAL_NULL_CONVERSION = YES;
				CLANG_WARN_OBJC_IMPLICIT_RETAIN_SELF = YES;
				CLANG_WARN_OBJC_LITERAL_CONVERSION = YES;
				CLANG_WARN_OBJC_ROOTCLASS = YES_ERROR;
				CLANG_WARN_QUOTED_INCLUDE_IN_FRAMEWORK_HEADER = YES;
				CLANG_WARN_RANGE_LOOP_ANALYSIS = YES;
				CLANG_WARN_STRICT_PROTOTYPES = YES;
				CLANG_WARN_SUSPICIOUS_MOVE = YES;
				CLANG_WARN_UNGUARDED_AVAILABILITY = YES_AGGRESSIVE;
				CLANG_WARN_UNREACHABLE_CODE = YES;
				CLANG_WARN__DUPLICATE_METHOD_MATCH = YES;
				COPY_PHASE_STRIP = NO;
				DEBUG_INFORMATION_FORMAT = "dwarf";
				DERIVE_MACCATALYST_PRODUCT_BUNDLE_IDENTIFIER = NO;
				ENABLE_STRICT_OBJC_MSGSEND = YES;
				ENABLE_TESTABILITY = YES;
				ENABLE_USER_SCRIPT_SANDBOXING = YES;
				GCC_C_LANGUAGE_STANDARD = gnu17;
				GCC_DYNAMIC_NO_PIC = NO;
				GCC_NO_COMMON_BLOCKS = YES;
				GCC_OPTIMIZATION_LEVEL = 0;
				GCC_WARN_64_TO_32_BIT_CONVERSION = YES;
				GCC_WARN_ABOUT_RETURN_TYPE = YES_ERROR;
				GCC_WARN_UNDECLARED_SELECTOR = YES;
				GCC_WARN_UNINITIALIZED_AUTOS = YES_AGGRESSIVE;
				GCC_WARN_UNUSED_FUNCTION = YES;
				GCC_WARN_UNUSED_VARIABLE = YES;
				IPHONEOS_DEPLOYMENT_TARGET = 18.0;
				LOCALIZATION_PREFERS_STRING_CATALOGS = YES;
				MACOSX_DEPLOYMENT_TARGET = 15.0;
				MTL_ENABLE_DEBUG_INFO = INCLUDE_SOURCE;
				MTL_FAST_MATH = YES;
				ONLY_ACTIVE_ARCH = YES;
				SDKROOT = iphoneos;
				STRING_CATALOG_GENERATE_SYMBOLS = YES;
				SUPPORTS_MACCATALYST = YES;
				"CODE_SIGN_IDENTITY[sdk=macosx*]" = "-";
				SWIFT_ACTIVE_COMPILATION_CONDITIONS = "DEBUG $(inherited)";
				SWIFT_COMPILATION_MODE = singlefile;
				SWIFT_EMIT_LOC_STRINGS = YES;
				SWIFT_OPTIMIZATION_LEVEL = "-Onone";
				SWIFT_VERSION = 5.0;
			};
			name = Debug;
		};
		D3BCD71DA44E45F09E177FBA /* Release */ = {
			isa = XCBuildConfiguration;
			buildSettings = {
				ALWAYS_SEARCH_USER_PATHS = NO;
				ASSETCATALOG_COMPILER_GENERATE_ASSET_SYMBOLS = YES;
				ASSETCATALOG_COMPILER_GENERATE_SWIFT_ASSET_SYMBOL_EXTENSIONS = YES;
				CLANG_ANALYZER_NONNULL = YES;
				CLANG_ANALYZER_NUMBER_OBJECT_CONVERSION = YES_AGGRESSIVE;
				CLANG_ENABLE_MODULES = YES;
				CLANG_ENABLE_OBJC_ARC = YES;
				CLANG_ENABLE_OBJC_WEAK = YES;
				CLANG_WARN_BLOCK_CAPTURE_AUTORELEASING = YES;
				CLANG_WARN_BOOL_CONVERSION = YES;
				CLANG_WARN_COMMA = YES;
				CLANG_WARN_CONSTANT_CONVERSION = YES;
				CLANG_WARN_DEPRECATED_OBJC_IMPLEMENTATIONS = YES;
				CLANG_WARN_DIRECT_OBJC_ISA_USAGE = YES_ERROR;
				CLANG_WARN_DOCUMENTATION_COMMENTS = YES;
				CLANG_WARN_EMPTY_BODY = YES;
				CLANG_WARN_ENUM_CONVERSION = YES;
				CLANG_WARN_INFINITE_RECURSION = YES;
				CLANG_WARN_INT_CONVERSION = YES;
				CLANG_WARN_NON_LITERAL_NULL_CONVERSION = YES;
				CLANG_WARN_OBJC_IMPLICIT_RETAIN_SELF = YES;
				CLANG_WARN_OBJC_LITERAL_CONVERSION = YES;
				CLANG_WARN_OBJC_ROOTCLASS = YES_ERROR;
				CLANG_WARN_QUOTED_INCLUDE_IN_FRAMEWORK_HEADER = YES;
				CLANG_WARN_RANGE_LOOP_ANALYSIS = YES;
				CLANG_WARN_STRICT_PROTOTYPES = YES;
				CLANG_WARN_SUSPICIOUS_MOVE = YES;
				CLANG_WARN_UNGUARDED_AVAILABILITY = YES_AGGRESSIVE;
				CLANG_WARN_UNREACHABLE_CODE = YES;
				CLANG_WARN__DUPLICATE_METHOD_MATCH = YES;
				COPY_PHASE_STRIP = NO;
				DEBUG_INFORMATION_FORMAT = "dwarf-with-dsym";
				DERIVE_MACCATALYST_PRODUCT_BUNDLE_IDENTIFIER = NO;
				ENABLE_NS_ASSERTIONS = NO;
				ENABLE_STRICT_OBJC_MSGSEND = YES;
				ENABLE_USER_SCRIPT_SANDBOXING = YES;
				GCC_C_LANGUAGE_STANDARD = gnu17;
				GCC_NO_COMMON_BLOCKS = YES;
				GCC_WARN_64_TO_32_BIT_CONVERSION = YES;
				GCC_WARN_ABOUT_RETURN_TYPE = YES_ERROR;
				GCC_WARN_UNDECLARED_SELECTOR = YES;
				GCC_WARN_UNINITIALIZED_AUTOS = YES_AGGRESSIVE;
				GCC_WARN_UNUSED_FUNCTION = YES;
				GCC_WARN_UNUSED_VARIABLE = YES;
				IPHONEOS_DEPLOYMENT_TARGET = 18.0;
				LOCALIZATION_PREFERS_STRING_CATALOGS = YES;
				MACOSX_DEPLOYMENT_TARGET = 15.0;
				MTL_ENABLE_DEBUG_INFO = NO;
				MTL_FAST_MATH = YES;
				ONLY_ACTIVE_ARCH = NO;
				SDKROOT = iphoneos;
				STRING_CATALOG_GENERATE_SYMBOLS = YES;
				SUPPORTS_MACCATALYST = YES;
				"CODE_SIGN_IDENTITY[sdk=macosx*]" = "-";
				SWIFT_COMPILATION_MODE = wholemodule;
				SWIFT_EMIT_LOC_STRINGS = YES;
				SWIFT_OPTIMIZATION_LEVEL = "-O";
				SWIFT_VERSION = 5.0;
			};
			name = Release;
		};
		A6208BA3F3A84F2AA467B195 /* Debug */ = {
			isa = XCBuildConfiguration;
			buildSettings = {
				ASSETCATALOG_COMPILER_APPICON_NAME = AppIcon;
				ASSETCATALOG_COMPILER_GLOBAL_ACCENT_COLOR_NAME = AccentColor;
				ASSETCATALOG_COMPILER_GENERATE_ASSET_SYMBOLS = YES;
				ASSETCATALOG_COMPILER_GENERATE_SWIFT_ASSET_SYMBOL_EXTENSIONS = YES;
				CODE_SIGN_STYLE = Automatic;
				"CODE_SIGN_IDENTITY[sdk=macosx*]" = "-";
				COPY_PHASE_STRIP = NO;
				CURRENT_PROJECT_VERSION = 1;
				ENABLE_HARDENED_RUNTIME = NO;
				ENABLE_TESTABILITY = YES;
				ENABLE_USER_SCRIPT_SANDBOXING = YES;
				GENERATE_INFOPLIST_FILE = NO;
				INFOPLIST_FILE = Vachanam/Info.plist;
				LOCALIZATION_PREFERS_STRING_CATALOGS = YES;
				MARKETING_VERSION = 1.0.0;
				ONLY_ACTIVE_ARCH = YES;
				PRODUCT_BUNDLE_IDENTIFIER = com.vachanam.reader;
				PRODUCT_NAME = "$(TARGET_NAME)";
				STRING_CATALOG_GENERATE_SYMBOLS = YES;
				SUPPORTS_MACCATALYST = YES;
				SWIFT_COMPILATION_MODE = singlefile;
				SWIFT_EMIT_LOC_STRINGS = YES;
				TARGETED_DEVICE_FAMILY = "2";
			};
			name = Debug;
		};
		0F5FFD6D9F6742FC8025E8B1 /* Release */ = {
			isa = XCBuildConfiguration;
			buildSettings = {
				ASSETCATALOG_COMPILER_APPICON_NAME = AppIcon;
				ASSETCATALOG_COMPILER_GLOBAL_ACCENT_COLOR_NAME = AccentColor;
				ASSETCATALOG_COMPILER_GENERATE_ASSET_SYMBOLS = YES;
				ASSETCATALOG_COMPILER_GENERATE_SWIFT_ASSET_SYMBOL_EXTENSIONS = YES;
				CODE_SIGN_STYLE = Automatic;
				"CODE_SIGN_IDENTITY[sdk=macosx*]" = "-";
				COPY_PHASE_STRIP = NO;
				CURRENT_PROJECT_VERSION = 1;
				ENABLE_TESTABILITY = YES;
				ENABLE_USER_SCRIPT_SANDBOXING = YES;
				GENERATE_INFOPLIST_FILE = NO;
				INFOPLIST_FILE = Vachanam/Info.plist;
				LOCALIZATION_PREFERS_STRING_CATALOGS = YES;
				MARKETING_VERSION = 1.0.0;
				ONLY_ACTIVE_ARCH = NO;
				PRODUCT_BUNDLE_IDENTIFIER = com.vachanam.reader;
				PRODUCT_NAME = "$(TARGET_NAME)";
				STRING_CATALOG_GENERATE_SYMBOLS = YES;
				SUPPORTS_MACCATALYST = YES;
				SWIFT_COMPILATION_MODE = wholemodule;
				SWIFT_EMIT_LOC_STRINGS = YES;
				TARGETED_DEVICE_FAMILY = "2";
			};
			name = Release;
		};
		B47D7A2476E14EC7ACBE1BA7 /* Debug */ = {
			isa = XCBuildConfiguration;
			buildSettings = {
				BUNDLE_LOADER = "$(TEST_HOST)";
				CODE_SIGN_STYLE = Automatic;
				"CODE_SIGN_IDENTITY[sdk=macosx*]" = "-";
				COPY_PHASE_STRIP = NO;
				ENABLE_USER_SCRIPT_SANDBOXING = YES;
				GENERATE_INFOPLIST_FILE = YES;
				LOCALIZATION_PREFERS_STRING_CATALOGS = YES;
				ONLY_ACTIVE_ARCH = YES;
				PRODUCT_BUNDLE_IDENTIFIER = com.vachanam.reader.tests;
				PRODUCT_NAME = "$(TARGET_NAME)";
				STRING_CATALOG_GENERATE_SYMBOLS = YES;
				SWIFT_COMPILATION_MODE = singlefile;
				TEST_HOST = "$(BUILT_PRODUCTS_DIR)/Vachanam.app/$(BUNDLE_EXECUTABLE_FOLDER_PATH)/Vachanam";
				TARGETED_DEVICE_FAMILY = "2";
				SUPPORTS_MACCATALYST = YES;
			};
			name = Debug;
		};
		495031E0B3914C0B860654FF /* Release */ = {
			isa = XCBuildConfiguration;
			buildSettings = {
				BUNDLE_LOADER = "$(TEST_HOST)";
				CODE_SIGN_STYLE = Automatic;
				"CODE_SIGN_IDENTITY[sdk=macosx*]" = "-";
				COPY_PHASE_STRIP = NO;
				ENABLE_USER_SCRIPT_SANDBOXING = YES;
				GENERATE_INFOPLIST_FILE = YES;
				LOCALIZATION_PREFERS_STRING_CATALOGS = YES;
				ONLY_ACTIVE_ARCH = NO;
				PRODUCT_BUNDLE_IDENTIFIER = com.vachanam.reader.tests;
				PRODUCT_NAME = "$(TARGET_NAME)";
				STRING_CATALOG_GENERATE_SYMBOLS = YES;
				SWIFT_COMPILATION_MODE = wholemodule;
				TEST_HOST = "$(BUILT_PRODUCTS_DIR)/Vachanam.app/$(BUNDLE_EXECUTABLE_FOLDER_PATH)/Vachanam";
				TARGETED_DEVICE_FAMILY = "2";
				SUPPORTS_MACCATALYST = YES;
			};
			name = Release;
		};
		CF84D6A4AF3E4269859CE11D /* Debug */ = {
			isa = XCBuildConfiguration;
			buildSettings = {
				CODE_SIGN_STYLE = Automatic;
				"CODE_SIGN_IDENTITY[sdk=macosx*]" = "-";
				COPY_PHASE_STRIP = NO;
				ENABLE_USER_SCRIPT_SANDBOXING = YES;
				GENERATE_INFOPLIST_FILE = YES;
				LOCALIZATION_PREFERS_STRING_CATALOGS = YES;
				ONLY_ACTIVE_ARCH = YES;
				PRODUCT_BUNDLE_IDENTIFIER = com.vachanam.reader.uitests;
				PRODUCT_NAME = "$(TARGET_NAME)";
				STRING_CATALOG_GENERATE_SYMBOLS = YES;
				SWIFT_COMPILATION_MODE = singlefile;
				TEST_TARGET_NAME = Vachanam;
				TARGETED_DEVICE_FAMILY = "2";
				SUPPORTS_MACCATALYST = YES;
			};
			name = Debug;
		};
		5F7C8DB50BE94A0D8F2520BE /* Release */ = {
			isa = XCBuildConfiguration;
			buildSettings = {
				CODE_SIGN_STYLE = Automatic;
				"CODE_SIGN_IDENTITY[sdk=macosx*]" = "-";
				COPY_PHASE_STRIP = NO;
				ENABLE_USER_SCRIPT_SANDBOXING = YES;
				GENERATE_INFOPLIST_FILE = YES;
				LOCALIZATION_PREFERS_STRING_CATALOGS = YES;
				ONLY_ACTIVE_ARCH = NO;
				PRODUCT_BUNDLE_IDENTIFIER = com.vachanam.reader.uitests;
				PRODUCT_NAME = "$(TARGET_NAME)";
				STRING_CATALOG_GENERATE_SYMBOLS = YES;
				SWIFT_COMPILATION_MODE = wholemodule;
				TEST_TARGET_NAME = Vachanam;
				TARGETED_DEVICE_FAMILY = "2";
				SUPPORTS_MACCATALYST = YES;
			};
			name = Release;
		};
/* End XCBuildConfiguration section */

/* Begin XCConfigurationList section */
		FD4C2446C70344F09F8610C8 /* Build configuration list for PBXProject "Vachanam" */ = {
			isa = XCConfigurationList;
			buildConfigurations = (
				A16726870DC644E18D0456C5 /* Debug */,
				D3BCD71DA44E45F09E177FBA /* Release */,
			);
			defaultConfigurationIsVisible = 0;
			defaultConfigurationName = Release;
		};
		093B522FF96048598584F544 /* Build configuration list for PBXNativeTarget "Vachanam" */ = {
			isa = XCConfigurationList;
			buildConfigurations = (
				A6208BA3F3A84F2AA467B195 /* Debug */,
				0F5FFD6D9F6742FC8025E8B1 /* Release */,
			);
			defaultConfigurationIsVisible = 0;
			defaultConfigurationName = Release;
		};
		CC2CE5B7D7FA4FB19DC45684 /* Build configuration list for PBXNativeTarget "VachanamTests" */ = {
			isa = XCConfigurationList;
			buildConfigurations = (
				B47D7A2476E14EC7ACBE1BA7 /* Debug */,
				495031E0B3914C0B860654FF /* Release */,
			);
			defaultConfigurationIsVisible = 0;
			defaultConfigurationName = Release;
		};
		B1AC1C5B0ED14A289750B80C /* Build configuration list for PBXNativeTarget "VachanamUITests" */ = {
			isa = XCConfigurationList;
			buildConfigurations = (
				CF84D6A4AF3E4269859CE11D /* Debug */,
				5F7C8DB50BE94A0D8F2520BE /* Release */,
			);
			defaultConfigurationIsVisible = 0;
			defaultConfigurationName = Release;
		};
/* End XCConfigurationList section */

	};
	rootObject = 8AB8BADDE1494EA7BB80DF7E /* Project object */;
}