// !$*UTF8*$!
{
	archiveVersion = 1;
	classes = {
	};
	objectVersion = 56;
	objects = {

/* Begin PBXBuildFile section */
		304D7C878A29452F920F076A /* AppState.swift in Sources */ = {isa = PBXBuildFile; fileRef = C248E66A203E43E58F1BAAD4 /* AppState.swift */; };
		FF67992556C1436A817D18F9 /* ContentView.swift in Sources */ = {isa = PBXBuildFile; fileRef = 7727F40ABDEC4971AC75CA6C /* ContentView.swift */; };
		FBC22E5636554626B5CEBDCC /* VachanamApp.swift in Sources */ = {isa = PBXBuildFile; fileRef = 8692BDB43304472EB849A9E0 /* VachanamApp.swift */; };
		00C28A8A94214A3E885F16AB /* ReaderDocument.swift in Sources */ = {isa = PBXBuildFile; fileRef = 53316FB999B545E8BCAC513F /* ReaderDocument.swift */; };
		2A27ADA1393A44E68BFF838D /* ReadingProgressTracker.swift in Sources */ = {isa = PBXBuildFile; fileRef = F2C48F9B21714C93AC6325E4 /* ReadingProgressTracker.swift */; };
		DF6596FF569041B498359801 /* TextExtractor.swift in Sources */ = {isa = PBXBuildFile; fileRef = 118517BFEC504A13AE573AB5 /* TextExtractor.swift */; };
		DD525965C5124FA8AAE79267 /* BookmarkManager.swift in Sources */ = {isa = PBXBuildFile; fileRef = 4473F2663D4443F8BE6C0BE8 /* BookmarkManager.swift */; };
		19ADC50DE53A4E8CA768E57D /* AnnotationManager.swift in Sources */ = {isa = PBXBuildFile; fileRef = 7B44DE2FF8D444888F2965F2 /* AnnotationManager.swift */; };
		7064301D3E9F4AD3A87E7677 /* UndoRedoManager.swift in Sources */ = {isa = PBXBuildFile; fileRef = BC8F8279181242AA9A7EF084 /* UndoRedoManager.swift */; };
		F0A0FCC7CABC471387000853 /* AnnotationExporter.swift in Sources */ = {isa = PBXBuildFile; fileRef = 34E76D3210884B4FBF7E24DE /* AnnotationExporter.swift */; };
		D2BE2BFB74E54E3E8DC92478 /* KokoroAdapter.swift in Sources */ = {isa = PBXBuildFile; fileRef = 72D294EF8BC944BD96BE85EA /* KokoroAdapter.swift */; };
		8011C84546474E5CA7318C38 /* AppleSystemAdapter.swift in Sources */ = {isa = PBXBuildFile; fileRef = 996F81F9281149E7BC8C47AD /* AppleSystemAdapter.swift */; };
		FB67D98E4A4D48D8B4CF69E6 /* MisakiG2P.swift in Sources */ = {isa = PBXBuildFile; fileRef = C186455A0D6F4177A7CE9FA6 /* MisakiG2P.swift */; };
		D510D8A6A6D84B4CAD577B07 /* G2PProtocol.swift in Sources */ = {isa = PBXBuildFile; fileRef = 57760F3039DE4FE5B9DE356D /* G2PProtocol.swift */; };
		D2916E79CBAB488E9E55FFC1 /* AudioPlayer.swift in Sources */ = {isa = PBXBuildFile; fileRef = A9CFF6CAFEBC4FC9911FC7C5 /* AudioPlayer.swift */; };
		747C7CE9F815477A91070FA3 /* SleepTimer.swift in Sources */ = {isa = PBXBuildFile; fileRef = F082D26ADD8B4AA690E93D6C /* SleepTimer.swift */; };
		984CF83F335B445481ADA2D8 /* AudioSession.swift in Sources */ = {isa = PBXBuildFile; fileRef = A4E651BFF9F441E2A6959F99 /* AudioSession.swift */; };
		3739FFDBB0FA4DEA8886FE9F /* DeviceCapability.swift in Sources */ = {isa = PBXBuildFile; fileRef = F31616CB80DB4078AA0FE979 /* DeviceCapability.swift */; };
		77489A3767694EE1AE8BBDC9 /* ModelRegistry.swift in Sources */ = {isa = PBXBuildFile; fileRef = 995624CDDB18448A8BCA4712 /* ModelRegistry.swift */; };
		C35EAEBAA4584E429195BBD1 /* TTSModelProtocol.swift in Sources */ = {isa = PBXBuildFile; fileRef = 0A3316D6A86E4D31B635EED9 /* TTSModelProtocol.swift */; };
		29BF1CAED0574FD2A9DA3C34 /* VoiceProfileResolver.swift in Sources */ = {isa = PBXBuildFile; fileRef = 79C70377F51F4059A04F5E1C /* VoiceProfileResolver.swift */; };
		321D8C8E55844788938F8E54 /* ModelManager.swift in Sources */ = {isa = PBXBuildFile; fileRef = FA5BDB408D404BFCAC27AC99 /* ModelManager.swift */; };
		3D8385F7632248D99F7AF58F /* TTSController.swift in Sources */ = {isa = PBXBuildFile; fileRef = 2D94DADEF93A4E09A72EE3F3 /* TTSController.swift */; };
		34D15E2DCBEF4923BF8D6524 /* TTSModelInfo.swift in Sources */ = {isa = PBXBuildFile; fileRef = 47383A6FE6B74EA4BC8087EE /* TTSModelInfo.swift */; };
		E06FB3BE48CB462BA7449EBB /* FontManager.swift in Sources */ = {isa = PBXBuildFile; fileRef = 656D4ACE97414BA7A356B0A7 /* FontManager.swift */; };
		46ADB4D8192548FABD6519E8 /* ThemeManager.swift in Sources */ = {isa = PBXBuildFile; fileRef = 02C42F1943EC425E8D813ABE /* ThemeManager.swift */; };
		4CAC110FBCF54C79B2961DB5 /* AccessibilityManager.swift in Sources */ = {isa = PBXBuildFile; fileRef = ACBD2AFF18D54C08AB6C2D7A /* AccessibilityManager.swift */; };
		7381812FE55042ED925F4A21 /* ReaderTextView.swift in Sources */ = {isa = PBXBuildFile; fileRef = 8CF51218FD5B41E9AA52BAFF /* ReaderTextView.swift */; };
		A6FD42A541A846AC8F5BBF32 /* ReaderContainerView.swift in Sources */ = {isa = PBXBuildFile; fileRef = 617DCB7E10A54D4388A95891 /* ReaderContainerView.swift */; };
		11EF083E80C74114AEFB4255 /* PageThumbnailGrid.swift in Sources */ = {isa = PBXBuildFile; fileRef = 37C61249CB7E44C18CD1C046 /* PageThumbnailGrid.swift */; };
		56EECADB3EDF444FB9438211 /* PDFReaderView.swift in Sources */ = {isa = PBXBuildFile; fileRef = 8340531448C94B82B8388C78 /* PDFReaderView.swift */; };
		17759F9FB22E4E9598B1FE83 /* TOCView.swift in Sources */ = {isa = PBXBuildFile; fileRef = 0038B68B14674C21A6EB8CA7 /* TOCView.swift */; };
		E73E23C5D1DE4AEE822286AB /* ReadingModeToggle.swift in Sources */ = {isa = PBXBuildFile; fileRef = 36BAB018DAF546B3BFBD4073 /* ReadingModeToggle.swift */; };
		D506069D879E455C9565CC2C /* ReadingSettingsView.swift in Sources */ = {isa = PBXBuildFile; fileRef = 9CC7701E791C47F2BB9E1F06 /* ReadingSettingsView.swift */; };
		DA5551788B41415D919D5446 /* SettingsView.swift in Sources */ = {isa = PBXBuildFile; fileRef = 02F69FD49A1B4163AE4A3BF7 /* SettingsView.swift */; };
		BB8825A2E33A4B31B2452A2A /* AccessibilitySettingsView.swift in Sources */ = {isa = PBXBuildFile; fileRef = 01084F929E0F4E6BA4DB002D /* AccessibilitySettingsView.swift */; };
		1F4E7E7E02904E8194CA2A20 /* AppearanceSettingsView.swift in Sources */ = {isa = PBXBuildFile; fileRef = AA9C8E1DF728471FA5FB1324 /* AppearanceSettingsView.swift */; };
		78180AED42F14C7D9A92586D /* ReadingRuler.swift in Sources */ = {isa = PBXBuildFile; fileRef = C4FFFF998FFC420F8CF72D09 /* ReadingRuler.swift */; };
		2990C3B19B4B4DE1A37A7B85 /* SentenceHighlightOverlay.swift in Sources */ = {isa = PBXBuildFile; fileRef = 8C5A2B6868604800BD054CDD /* SentenceHighlightOverlay.swift */; };
		321484EA2F4748AAB1EA45F8 /* HighlightSettingsView.swift in Sources */ = {isa = PBXBuildFile; fileRef = 8DAFDB8B23884E3FA8B2F862 /* HighlightSettingsView.swift */; };
		156BEEAB2BC2425DA3083F2A /* WordHighlightOverlay.swift in Sources */ = {isa = PBXBuildFile; fileRef = 2D9B813DC65E4B82AB40DD2D /* WordHighlightOverlay.swift */; };
		6DE88210B38B455BBEEA40A2 /* DocumentLibraryView.swift in Sources */ = {isa = PBXBuildFile; fileRef = 98860AA93BBD465E835C773D /* DocumentLibraryView.swift */; };
		E106FDC8D55048DF92159DAF /* ReadingHistoryView.swift in Sources */ = {isa = PBXBuildFile; fileRef = 3D9D040B13254FC3B0A033AB /* ReadingHistoryView.swift */; };
		30B5EFEB539340CFAB695677 /* DocumentCard.swift in Sources */ = {isa = PBXBuildFile; fileRef = 574B5781659B458484064A3C /* DocumentCard.swift */; };
		C155E6285047456ABC93166E /* ModelDownloadProgress.swift in Sources */ = {isa = PBXBuildFile; fileRef = C19F950DC18D4873BD7C1014 /* ModelDownloadProgress.swift */; };
		BF906C9970844C618219D15D /* ModelManagerView.swift in Sources */ = {isa = PBXBuildFile; fileRef = 83BB37149E7C48D3A9C12A08 /* ModelManagerView.swift */; };
		EE8F34EC4850492BBC50ABAC /* ModelCard.swift in Sources */ = {isa = PBXBuildFile; fileRef = B7A3E43BABFC4112B068623F /* ModelCard.swift */; };
		29B4434911D94031B588A77A /* TextBoxView.swift in Sources */ = {isa = PBXBuildFile; fileRef = 9BFEEBFE428D491BA14C5EC8 /* TextBoxView.swift */; };
		60FAA45973B84978A85FA544 /* CanvasOverlay.swift in Sources */ = {isa = PBXBuildFile; fileRef = C8100D2DCF5F42C09E1E324A /* CanvasOverlay.swift */; };
		AD3693CE1C2A470F9689324F /* AnnotationExportView.swift in Sources */ = {isa = PBXBuildFile; fileRef = 90B3E1CD6C0C4971826283F8 /* AnnotationExportView.swift */; };
		0BED9E7F495546C097457E8E /* StickyNoteView.swift in Sources */ = {isa = PBXBuildFile; fileRef = EA1BD5DF76B342FD98CC8BB5 /* StickyNoteView.swift */; };
		7D36B13AD2994DC0B4BFE01A /* AnnotationToolbar.swift in Sources */ = {isa = PBXBuildFile; fileRef = 48F7BC4EAE6049C69223CC3D /* AnnotationToolbar.swift */; };
		02171FDBEF404731A2115454 /* ShapeToolView.swift in Sources */ = {isa = PBXBuildFile; fileRef = F7B1C1836F814939ABCDE3BD /* ShapeToolView.swift */; };
		5099B5A3E9B84BB7A5A39DB2 /* BookmarkButton.swift in Sources */ = {isa = PBXBuildFile; fileRef = 057D62C2125540028FE40A4D /* BookmarkButton.swift */; };
		9062B491CE80451496462F07 /* ProgressBar.swift in Sources */ = {isa = PBXBuildFile; fileRef = C72ACD5B491C4A108CA02AD1 /* ProgressBar.swift */; };
		9FAA6738B385488CA4C339A8 /* TTSControlBar.swift in Sources */ = {isa = PBXBuildFile; fileRef = 6CDEC00722794B718CF7D283 /* TTSControlBar.swift */; };
		BA5FDDA706154F7780C4C6B2 /* VoicePickerView.swift in Sources */ = {isa = PBXBuildFile; fileRef = 0C463E7EB4F24306BF105CB4 /* VoicePickerView.swift */; };
		F593A894A1534CE9B665AABC /* SleepTimerView.swift in Sources */ = {isa = PBXBuildFile; fileRef = 10B1177E99B046CDAE50E040 /* SleepTimerView.swift */; };
		96214FB1D45C416989B93067 /* TextExtractorTests.swift in Sources */ = {isa = PBXBuildFile; fileRef = 20D4A2C10C3642C5B58024F6 /* TextExtractorTests.swift */; };
		F9B5E002729D4DDC9DE8F39C /* BookmarkManagerTests.swift in Sources */ = {isa = PBXBuildFile; fileRef = C1E4C065ADD64EDE9851095C /* BookmarkManagerTests.swift */; };
		EFA55D665F6945049457FA84 /* FontManagerTests.swift in Sources */ = {isa = PBXBuildFile; fileRef = C0CE9EC1477B47FC88297E39 /* FontManagerTests.swift */; };
		6686A5A0BFA84DCEA5816DFB /* AnnotationExporterTests.swift in Sources */ = {isa = PBXBuildFile; fileRef = 70EDB20A2A8940889EA89FDE /* AnnotationExporterTests.swift */; };
		5F26A856457C418BAC492733 /* AnnotationManagerTests.swift in Sources */ = {isa = PBXBuildFile; fileRef = 8DE48DAA5ECA40FFBF8B57BC /* AnnotationManagerTests.swift */; };
		CA88D5DF3CFE4D288FBB8C53 /* UndoRedoTests.swift in Sources */ = {isa = PBXBuildFile; fileRef = E87C9E324B8E4FD0921A1972 /* UndoRedoTests.swift */; };
		8932371882CA468E838BD8B8 /* ModelManagerTests.swift in Sources */ = {isa = PBXBuildFile; fileRef = 13F61EDAE349453F9A89EFC6 /* ModelManagerTests.swift */; };
		5934C161BBB94FEDA2849EF7 /* TTSModelProtocolTests.swift in Sources */ = {isa = PBXBuildFile; fileRef = BD7AC2702444490485B4B206 /* TTSModelProtocolTests.swift */; };
		9C3B1CCDABCD4ACFB55442EC /* DeviceCapabilityTests.swift in Sources */ = {isa = PBXBuildFile; fileRef = ABDF0A3748D94103BAA8869C /* DeviceCapabilityTests.swift */; };
		74BAD6FF905F498E9C510DF5 /* ModelManagementTests.swift in Sources */ = {isa = PBXBuildFile; fileRef = FB9EC4459E9B4A6A9412070D /* ModelManagementTests.swift */; };
		F29D08CB614A4E4ABDD47AA9 /* AccessibilityUITests.swift in Sources */ = {isa = PBXBuildFile; fileRef = FFECFCA78C57474AA12524FF /* AccessibilityUITests.swift */; };
		A2F78C66B95E4714A0913867 /* ReaderFlowTests.swift in Sources */ = {isa = PBXBuildFile; fileRef = F068DAABEF394B43A3EE40FB /* ReaderFlowTests.swift */; };
		27887FD396914EEFA8E3E3A1 /* model_registry.json in Resources */ = {isa = PBXBuildFile; fileRef = 48A5757B5C614C53B334113E /* model_registry.json */; };
		855704F562A14DF596922F4B /* OpenDyslexic-Regular.otf in Resources */ = {isa = PBXBuildFile; fileRef = E23EA50266194AB88B8B3526 /* OpenDyslexic-Regular.otf */; };
		30031601125B438F9C717633 /* OpenDyslexic-Bold.otf in Resources */ = {isa = PBXBuildFile; fileRef = 2A7D5C6D59D445B5926C0226 /* OpenDyslexic-Bold.otf */; };
		FD430E45FEC64CD48E85714E /* Assets.xcassets in Resources */ = {isa = PBXBuildFile; fileRef = E285D1C3094741F499A8BCA7 /* Assets.xcassets */; };
		440196FC401B4D95B7A8A6FB /* KokoroModels in Resources */ = {isa = PBXBuildFile; fileRef = 6B312769C4DD445DB0BDFFA6 /* KokoroModels */; };
/* End PBXBuildFile section */

/* Begin PBXContainerItemProxy section */
		454DD6F72AAA44A8B936256A /* PBXContainerItemProxy */ = {
			isa = PBXContainerItemProxy;
			containerPortal = 6B59D32D222245F2A717AD58 /* Project object */;
			proxyType = 1;
			remoteGlobalIDString = 868C5B9353C041E6B580E71C;
			remoteInfo = Vachanam;
		};
		E5F8936A2DBA414DAD29A034 /* PBXContainerItemProxy */ = {
			isa = PBXContainerItemProxy;
			containerPortal = 6B59D32D222245F2A717AD58 /* Project object */;
			proxyType = 1;
			remoteGlobalIDString = 868C5B9353C041E6B580E71C;
			remoteInfo = Vachanam;
		};
/* End PBXContainerItemProxy section */

/* Begin XCLocalSwiftPackageReference section */
		DADFC3EB95D545C5A05808EE /* XCLocalSwiftPackageReference "swift-tts" */ = {
			isa = XCLocalSwiftPackageReference;
			relativePath = "Vachanam/Packages/kokoro-coreml/swift-tts";
		};
/* End XCLocalSwiftPackageReference section */

/* Begin XCSwiftPackageProductDependency section */
		B5C222C98B2244C491E6E840 /* KokoroTTS */ = {
			isa = XCSwiftPackageProductDependency;
			package = DADFC3EB95D545C5A05808EE /* XCLocalSwiftPackageReference "swift-tts" */;
			productName = KokoroTTS;
		};
/* End XCSwiftPackageProductDependency section */

/* Begin PBXFileReference section */
		1F92296C9E8C422DA9FA383C /* Vachanam.app */ = {isa = PBXFileReference; explicitFileType = wrapper.application; includeInIndex = 0; path = Vachanam.app; sourceTree = BUILT_PRODUCTS_DIR; };
		4431B4EEA0534D4F95D7DBFB /* VachanamTests.xctest */ = {isa = PBXFileReference; explicitFileType = wrapper.cfbundle; includeInIndex = 0; path = VachanamTests.xctest; sourceTree = BUILT_PRODUCTS_DIR; };
		94CDF1CD680844A79509BB2E /* VachanamUITests.xctest */ = {isa = PBXFileReference; explicitFileType = wrapper.cfbundle; includeInIndex = 0; path = VachanamUITests.xctest; sourceTree = BUILT_PRODUCTS_DIR; };
		C248E66A203E43E58F1BAAD4 /* AppState.swift */ = {isa = PBXFileReference; lastKnownFileType = sourcecode.swift; path = "Vachanam/App/AppState.swift"; sourceTree = "<group>"; };
		7727F40ABDEC4971AC75CA6C /* ContentView.swift */ = {isa = PBXFileReference; lastKnownFileType = sourcecode.swift; path = "Vachanam/App/ContentView.swift"; sourceTree = "<group>"; };
		8692BDB43304472EB849A9E0 /* VachanamApp.swift */ = {isa = PBXFileReference; lastKnownFileType = sourcecode.swift; path = "Vachanam/App/VachanamApp.swift"; sourceTree = "<group>"; };
		53316FB999B545E8BCAC513F /* ReaderDocument.swift */ = {isa = PBXFileReference; lastKnownFileType = sourcecode.swift; path = "Vachanam/PDF/ReaderDocument.swift"; sourceTree = "<group>"; };
		F2C48F9B21714C93AC6325E4 /* ReadingProgressTracker.swift */ = {isa = PBXFileReference; lastKnownFileType = sourcecode.swift; path = "Vachanam/PDF/ReadingProgressTracker.swift"; sourceTree = "<group>"; };
		118517BFEC504A13AE573AB5 /* TextExtractor.swift */ = {isa = PBXFileReference; lastKnownFileType = sourcecode.swift; path = "Vachanam/PDF/TextExtractor.swift"; sourceTree = "<group>"; };
		4473F2663D4443F8BE6C0BE8 /* BookmarkManager.swift */ = {isa = PBXFileReference; lastKnownFileType = sourcecode.swift; path = "Vachanam/PDF/BookmarkManager.swift"; sourceTree = "<group>"; };
		7B44DE2FF8D444888F2965F2 /* AnnotationManager.swift */ = {isa = PBXFileReference; lastKnownFileType = sourcecode.swift; path = "Vachanam/Annotations/AnnotationManager.swift"; sourceTree = "<group>"; };
		BC8F8279181242AA9A7EF084 /* UndoRedoManager.swift */ = {isa = PBXFileReference; lastKnownFileType = sourcecode.swift; path = "Vachanam/Annotations/UndoRedoManager.swift"; sourceTree = "<group>"; };
		34E76D3210884B4FBF7E24DE /* AnnotationExporter.swift */ = {isa = PBXFileReference; lastKnownFileType = sourcecode.swift; path = "Vachanam/Annotations/AnnotationExporter.swift"; sourceTree = "<group>"; };
		72D294EF8BC944BD96BE85EA /* KokoroAdapter.swift */ = {isa = PBXFileReference; lastKnownFileType = sourcecode.swift; path = "Vachanam/Adapters/KokoroAdapter.swift"; sourceTree = "<group>"; };
		996F81F9281149E7BC8C47AD /* AppleSystemAdapter.swift */ = {isa = PBXFileReference; lastKnownFileType = sourcecode.swift; path = "Vachanam/Adapters/AppleSystemAdapter.swift"; sourceTree = "<group>"; };
		C186455A0D6F4177A7CE9FA6 /* MisakiG2P.swift */ = {isa = PBXFileReference; lastKnownFileType = sourcecode.swift; path = "Vachanam/Adapters/G2P/MisakiG2P.swift"; sourceTree = "<group>"; };
		57760F3039DE4FE5B9DE356D /* G2PProtocol.swift */ = {isa = PBXFileReference; lastKnownFileType = sourcecode.swift; path = "Vachanam/Adapters/G2P/G2PProtocol.swift"; sourceTree = "<group>"; };
		A9CFF6CAFEBC4FC9911FC7C5 /* AudioPlayer.swift */ = {isa = PBXFileReference; lastKnownFileType = sourcecode.swift; path = "Vachanam/Audio/AudioPlayer.swift"; sourceTree = "<group>"; };
		F082D26ADD8B4AA690E93D6C /* SleepTimer.swift */ = {isa = PBXFileReference; lastKnownFileType = sourcecode.swift; path = "Vachanam/Audio/SleepTimer.swift"; sourceTree = "<group>"; };
		A4E651BFF9F441E2A6959F99 /* AudioSession.swift */ = {isa = PBXFileReference; lastKnownFileType = sourcecode.swift; path = "Vachanam/Audio/AudioSession.swift"; sourceTree = "<group>"; };
		F31616CB80DB4078AA0FE979 /* DeviceCapability.swift */ = {isa = PBXFileReference; lastKnownFileType = sourcecode.swift; path = "Vachanam/TTS/DeviceCapability.swift"; sourceTree = "<group>"; };
		995624CDDB18448A8BCA4712 /* ModelRegistry.swift */ = {isa = PBXFileReference; lastKnownFileType = sourcecode.swift; path = "Vachanam/TTS/ModelRegistry.swift"; sourceTree = "<group>"; };
		0A3316D6A86E4D31B635EED9 /* TTSModelProtocol.swift */ = {isa = PBXFileReference; lastKnownFileType = sourcecode.swift; path = "Vachanam/TTS/TTSModelProtocol.swift"; sourceTree = "<group>"; };
		79C70377F51F4059A04F5E1C /* VoiceProfileResolver.swift */ = {isa = PBXFileReference; lastKnownFileType = sourcecode.swift; path = "Vachanam/TTS/VoiceProfileResolver.swift"; sourceTree = "<group>"; };
		FA5BDB408D404BFCAC27AC99 /* ModelManager.swift */ = {isa = PBXFileReference; lastKnownFileType = sourcecode.swift; path = "Vachanam/TTS/ModelManager.swift"; sourceTree = "<group>"; };
		2D94DADEF93A4E09A72EE3F3 /* TTSController.swift */ = {isa = PBXFileReference; lastKnownFileType = sourcecode.swift; path = "Vachanam/TTS/TTSController.swift"; sourceTree = "<group>"; };
		47383A6FE6B74EA4BC8087EE /* TTSModelInfo.swift */ = {isa = PBXFileReference; lastKnownFileType = sourcecode.swift; path = "Vachanam/TTS/TTSModelInfo.swift"; sourceTree = "<group>"; };
		656D4ACE97414BA7A356B0A7 /* FontManager.swift */ = {isa = PBXFileReference; lastKnownFileType = sourcecode.swift; path = "Vachanam/Accessibility/FontManager.swift"; sourceTree = "<group>"; };
		02C42F1943EC425E8D813ABE /* ThemeManager.swift */ = {isa = PBXFileReference; lastKnownFileType = sourcecode.swift; path = "Vachanam/Accessibility/ThemeManager.swift"; sourceTree = "<group>"; };
		ACBD2AFF18D54C08AB6C2D7A /* AccessibilityManager.swift */ = {isa = PBXFileReference; lastKnownFileType = sourcecode.swift; path = "Vachanam/Accessibility/AccessibilityManager.swift"; sourceTree = "<group>"; };
		8CF51218FD5B41E9AA52BAFF /* ReaderTextView.swift */ = {isa = PBXFileReference; lastKnownFileType = sourcecode.swift; path = "Vachanam/Views/Reader/ReaderTextView.swift"; sourceTree = "<group>"; };
		617DCB7E10A54D4388A95891 /* ReaderContainerView.swift */ = {isa = PBXFileReference; lastKnownFileType = sourcecode.swift; path = "Vachanam/Views/Reader/ReaderContainerView.swift"; sourceTree = "<group>"; };
		37C61249CB7E44C18CD1C046 /* PageThumbnailGrid.swift */ = {isa = PBXFileReference; lastKnownFileType = sourcecode.swift; path = "Vachanam/Views/Reader/PageThumbnailGrid.swift"; sourceTree = "<group>"; };
		8340531448C94B82B8388C78 /* PDFReaderView.swift */ = {isa = PBXFileReference; lastKnownFileType = sourcecode.swift; path = "Vachanam/Views/Reader/PDFReaderView.swift"; sourceTree = "<group>"; };
		0038B68B14674C21A6EB8CA7 /* TOCView.swift */ = {isa = PBXFileReference; lastKnownFileType = sourcecode.swift; path = "Vachanam/Views/Reader/TOCView.swift"; sourceTree = "<group>"; };
		36BAB018DAF546B3BFBD4073 /* ReadingModeToggle.swift */ = {isa = PBXFileReference; lastKnownFileType = sourcecode.swift; path = "Vachanam/Views/Reader/ReadingModeToggle.swift"; sourceTree = "<group>"; };
		9CC7701E791C47F2BB9E1F06 /* ReadingSettingsView.swift */ = {isa = PBXFileReference; lastKnownFileType = sourcecode.swift; path = "Vachanam/Views/Settings/ReadingSettingsView.swift"; sourceTree = "<group>"; };
		02F69FD49A1B4163AE4A3BF7 /* SettingsView.swift */ = {isa = PBXFileReference; lastKnownFileType = sourcecode.swift; path = "Vachanam/Views/Settings/SettingsView.swift"; sourceTree = "<group>"; };
		01084F929E0F4E6BA4DB002D /* AccessibilitySettingsView.swift */ = {isa = PBXFileReference; lastKnownFileType = sourcecode.swift; path = "Vachanam/Views/Settings/AccessibilitySettingsView.swift"; sourceTree = "<group>"; };
		AA9C8E1DF728471FA5FB1324 /* AppearanceSettingsView.swift */ = {isa = PBXFileReference; lastKnownFileType = sourcecode.swift; path = "Vachanam/Views/Settings/AppearanceSettingsView.swift"; sourceTree = "<group>"; };
		C4FFFF998FFC420F8CF72D09 /* ReadingRuler.swift */ = {isa = PBXFileReference; lastKnownFileType = sourcecode.swift; path = "Vachanam/Views/Highlight/ReadingRuler.swift"; sourceTree = "<group>"; };
		8C5A2B6868604800BD054CDD /* SentenceHighlightOverlay.swift */ = {isa = PBXFileReference; lastKnownFileType = sourcecode.swift; path = "Vachanam/Views/Highlight/SentenceHighlightOverlay.swift"; sourceTree = "<group>"; };
		8DAFDB8B23884E3FA8B2F862 /* HighlightSettingsView.swift */ = {isa = PBXFileReference; lastKnownFileType = sourcecode.swift; path = "Vachanam/Views/Highlight/HighlightSettingsView.swift"; sourceTree = "<group>"; };
		2D9B813DC65E4B82AB40DD2D /* WordHighlightOverlay.swift */ = {isa = PBXFileReference; lastKnownFileType = sourcecode.swift; path = "Vachanam/Views/Highlight/WordHighlightOverlay.swift"; sourceTree = "<group>"; };
		98860AA93BBD465E835C773D /* DocumentLibraryView.swift */ = {isa = PBXFileReference; lastKnownFileType = sourcecode.swift; path = "Vachanam/Views/Library/DocumentLibraryView.swift"; sourceTree = "<group>"; };
		3D9D040B13254FC3B0A033AB /* ReadingHistoryView.swift */ = {isa = PBXFileReference; lastKnownFileType = sourcecode.swift; path = "Vachanam/Views/Library/ReadingHistoryView.swift"; sourceTree = "<group>"; };
		574B5781659B458484064A3C /* DocumentCard.swift */ = {isa = PBXFileReference; lastKnownFileType = sourcecode.swift; path = "Vachanam/Views/Library/DocumentCard.swift"; sourceTree = "<group>"; };
		C19F950DC18D4873BD7C1014 /* ModelDownloadProgress.swift */ = {isa = PBXFileReference; lastKnownFileType = sourcecode.swift; path = "Vachanam/Views/Models/ModelDownloadProgress.swift"; sourceTree = "<group>"; };
		83BB37149E7C48D3A9C12A08 /* ModelManagerView.swift */ = {isa = PBXFileReference; lastKnownFileType = sourcecode.swift; path = "Vachanam/Views/Models/ModelManagerView.swift"; sourceTree = "<group>"; };
		B7A3E43BABFC4112B068623F /* ModelCard.swift */ = {isa = PBXFileReference; lastKnownFileType = sourcecode.swift; path = "Vachanam/Views/Models/ModelCard.swift"; sourceTree = "<group>"; };
		9BFEEBFE428D491BA14C5EC8 /* TextBoxView.swift */ = {isa = PBXFileReference; lastKnownFileType = sourcecode.swift; path = "Vachanam/Views/Annotations/TextBoxView.swift"; sourceTree = "<group>"; };
		C8100D2DCF5F42C09E1E324A /* CanvasOverlay.swift */ = {isa = PBXFileReference; lastKnownFileType = sourcecode.swift; path = "Vachanam/Views/Annotations/CanvasOverlay.swift"; sourceTree = "<group>"; };
		90B3E1CD6C0C4971826283F8 /* AnnotationExportView.swift */ = {isa = PBXFileReference; lastKnownFileType = sourcecode.swift; path = "Vachanam/Views/Annotations/AnnotationExportView.swift"; sourceTree = "<group>"; };
		EA1BD5DF76B342FD98CC8BB5 /* StickyNoteView.swift */ = {isa = PBXFileReference; lastKnownFileType = sourcecode.swift; path = "Vachanam/Views/Annotations/StickyNoteView.swift"; sourceTree = "<group>"; };
		48F7BC4EAE6049C69223CC3D /* AnnotationToolbar.swift */ = {isa = PBXFileReference; lastKnownFileType = sourcecode.swift; path = "Vachanam/Views/Annotations/AnnotationToolbar.swift"; sourceTree = "<group>"; };
		F7B1C1836F814939ABCDE3BD /* ShapeToolView.swift */ = {isa = PBXFileReference; lastKnownFileType = sourcecode.swift; path = "Vachanam/Views/Annotations/ShapeToolView.swift"; sourceTree = "<group>"; };
		057D62C2125540028FE40A4D /* BookmarkButton.swift */ = {isa = PBXFileReference; lastKnownFileType = sourcecode.swift; path = "Vachanam/Views/Components/BookmarkButton.swift"; sourceTree = "<group>"; };
		C72ACD5B491C4A108CA02AD1 /* ProgressBar.swift */ = {isa = PBXFileReference; lastKnownFileType = sourcecode.swift; path = "Vachanam/Views/Components/ProgressBar.swift"; sourceTree = "<group>"; };
		6CDEC00722794B718CF7D283 /* TTSControlBar.swift */ = {isa = PBXFileReference; lastKnownFileType = sourcecode.swift; path = "Vachanam/Views/TTS/TTSControlBar.swift"; sourceTree = "<group>"; };
		0C463E7EB4F24306BF105CB4 /* VoicePickerView.swift */ = {isa = PBXFileReference; lastKnownFileType = sourcecode.swift; path = "Vachanam/Views/TTS/VoicePickerView.swift"; sourceTree = "<group>"; };
		10B1177E99B046CDAE50E040 /* SleepTimerView.swift */ = {isa = PBXFileReference; lastKnownFileType = sourcecode.swift; path = "Vachanam/Views/TTS/SleepTimerView.swift"; sourceTree = "<group>"; };
		20D4A2C10C3642C5B58024F6 /* TextExtractorTests.swift */ = {isa = PBXFileReference; lastKnownFileType = sourcecode.swift; path = "VachanamTests/PDFTests/TextExtractorTests.swift"; sourceTree = "<group>"; };
		C1E4C065ADD64EDE9851095C /* BookmarkManagerTests.swift */ = {isa = PBXFileReference; lastKnownFileType = sourcecode.swift; path = "VachanamTests/PDFTests/BookmarkManagerTests.swift"; sourceTree = "<group>"; };
		C0CE9EC1477B47FC88297E39 /* FontManagerTests.swift */ = {isa = PBXFileReference; lastKnownFileType = sourcecode.swift; path = "VachanamTests/AccessibilityTests/FontManagerTests.swift"; sourceTree = "<group>"; };
		70EDB20A2A8940889EA89FDE /* AnnotationExporterTests.swift */ = {isa = PBXFileReference; lastKnownFileType = sourcecode.swift; path = "VachanamTests/AnnotationTests/AnnotationExporterTests.swift"; sourceTree = "<group>"; };
		8DE48DAA5ECA40FFBF8B57BC /* AnnotationManagerTests.swift */ = {isa = PBXFileReference; lastKnownFileType = sourcecode.swift; path = "VachanamTests/AnnotationTests/AnnotationManagerTests.swift"; sourceTree = "<group>"; };
		E87C9E324B8E4FD0921A1972 /* UndoRedoTests.swift */ = {isa = PBXFileReference; lastKnownFileType = sourcecode.swift; path = "VachanamTests/AnnotationTests/UndoRedoTests.swift"; sourceTree = "<group>"; };
		13F61EDAE349453F9A89EFC6 /* ModelManagerTests.swift */ = {isa = PBXFileReference; lastKnownFileType = sourcecode.swift; path = "VachanamTests/TTSTests/ModelManagerTests.swift"; sourceTree = "<group>"; };
		BD7AC2702444490485B4B206 /* TTSModelProtocolTests.swift */ = {isa = PBXFileReference; lastKnownFileType = sourcecode.swift; path = "VachanamTests/TTSTests/TTSModelProtocolTests.swift"; sourceTree = "<group>"; };
		ABDF0A3748D94103BAA8869C /* DeviceCapabilityTests.swift */ = {isa = PBXFileReference; lastKnownFileType = sourcecode.swift; path = "VachanamTests/TTSTests/DeviceCapabilityTests.swift"; sourceTree = "<group>"; };
		FB9EC4459E9B4A6A9412070D /* ModelManagementTests.swift */ = {isa = PBXFileReference; lastKnownFileType = sourcecode.swift; path = "VachanamUITests/ModelManagementTests.swift"; sourceTree = "<group>"; };
		FFECFCA78C57474AA12524FF /* AccessibilityUITests.swift */ = {isa = PBXFileReference; lastKnownFileType = sourcecode.swift; path = "VachanamUITests/AccessibilityUITests.swift"; sourceTree = "<group>"; };
		F068DAABEF394B43A3EE40FB /* ReaderFlowTests.swift */ = {isa = PBXFileReference; lastKnownFileType = sourcecode.swift; path = "VachanamUITests/ReaderFlowTests.swift"; sourceTree = "<group>"; };
		E28243BB8D8D4916964F1C10 /* Info.plist */ = {isa = PBXFileReference; lastKnownFileType = text.plist.xml; path = "Vachanam/Info.plist"; sourceTree = "<group>"; };
		48A5757B5C614C53B334113E /* model_registry.json */ = {isa = PBXFileReference; lastKnownFileType = text.json; path = "Vachanam/Resources/model_registry.json"; sourceTree = "<group>"; };
		E23EA50266194AB88B8B3526 /* OpenDyslexic-Regular.otf */ = {isa = PBXFileReference; lastKnownFileType = file; path = "Vachanam/Resources/OpenDyslexic-Regular.otf"; sourceTree = "<group>"; };
		2A7D5C6D59D445B5926C0226 /* OpenDyslexic-Bold.otf */ = {isa = PBXFileReference; lastKnownFileType = file; path = "Vachanam/Resources/OpenDyslexic-Bold.otf"; sourceTree = "<group>"; };
		E285D1C3094741F499A8BCA7 /* Assets.xcassets */ = {isa = PBXFileReference; lastKnownFileType = folder.assetcatalog; path = "Vachanam/Resources/Assets.xcassets"; sourceTree = "<group>"; };
		6B312769C4DD445DB0BDFFA6 /* KokoroModels */ = {isa = PBXFileReference; lastKnownFileType = folder; path = "Vachanam/Resources/KokoroModels"; sourceTree = "<group>"; };
/* End PBXFileReference section */

/* Begin PBXFrameworksBuildPhase section */
		317233AA7C3A4944B6CF0937 /* Frameworks */ = {
			isa = PBXFrameworksBuildPhase;
			buildActionMask = 2147483647;
			files = (
				75037863CA244833BAD68F1B /* KokoroTTS in Frameworks */,
			);
			runOnlyForDeploymentPostprocessing = 0;
		};
		3CE29A9A9C8B4E28972CEB49 /* Frameworks */ = {
			isa = PBXFrameworksBuildPhase;
			buildActionMask = 2147483647;
			files = (
				D67D144297FE40A082A18A95 /* KokoroTTS in Frameworks */,
			);
			runOnlyForDeploymentPostprocessing = 0;
		};
		D488AACF532042E883892D78 /* Frameworks */ = {
			isa = PBXFrameworksBuildPhase;
			buildActionMask = 2147483647;
			files = (
			);
			runOnlyForDeploymentPostprocessing = 0;
		};
/* End PBXFrameworksBuildPhase section */

/* Begin PBXGroup section */
		0B162F2DE2374B7EA0A06F11 = {
			isa = PBXGroup;
			children = (
				51F128E977A44A9E9EFFC2EB /* Vachanam */,
				534CBDF9F28B4CD1A7BD8835 /* VachanamTests */,
				60106043564E4AFA87AAEAAC /* VachanamUITests */,
				73F42748F8224C8BB67D98B2 /* Products */,
			);
			sourceTree = "<group>";
		};
		51F128E977A44A9E9EFFC2EB /* Vachanam */ = {
			isa = PBXGroup;
			children = (
				C248E66A203E43E58F1BAAD4 /* AppState.swift */,
				7727F40ABDEC4971AC75CA6C /* ContentView.swift */,
				8692BDB43304472EB849A9E0 /* VachanamApp.swift */,
				53316FB999B545E8BCAC513F /* ReaderDocument.swift */,
				F2C48F9B21714C93AC6325E4 /* ReadingProgressTracker.swift */,
				118517BFEC504A13AE573AB5 /* TextExtractor.swift */,
				4473F2663D4443F8BE6C0BE8 /* BookmarkManager.swift */,
				7B44DE2FF8D444888F2965F2 /* AnnotationManager.swift */,
				BC8F8279181242AA9A7EF084 /* UndoRedoManager.swift */,
				34E76D3210884B4FBF7E24DE /* AnnotationExporter.swift */,
				72D294EF8BC944BD96BE85EA /* KokoroAdapter.swift */,
				996F81F9281149E7BC8C47AD /* AppleSystemAdapter.swift */,
				C186455A0D6F4177A7CE9FA6 /* MisakiG2P.swift */,
				57760F3039DE4FE5B9DE356D /* G2PProtocol.swift */,
				A9CFF6CAFEBC4FC9911FC7C5 /* AudioPlayer.swift */,
				F082D26ADD8B4AA690E93D6C /* SleepTimer.swift */,
				A4E651BFF9F441E2A6959F99 /* AudioSession.swift */,
				F31616CB80DB4078AA0FE979 /* DeviceCapability.swift */,
				995624CDDB18448A8BCA4712 /* ModelRegistry.swift */,
				0A3316D6A86E4D31B635EED9 /* TTSModelProtocol.swift */,
				79C70377F51F4059A04F5E1C /* VoiceProfileResolver.swift */,
				FA5BDB408D404BFCAC27AC99 /* ModelManager.swift */,
				2D94DADEF93A4E09A72EE3F3 /* TTSController.swift */,
				47383A6FE6B74EA4BC8087EE /* TTSModelInfo.swift */,
				656D4ACE97414BA7A356B0A7 /* FontManager.swift */,
				02C42F1943EC425E8D813ABE /* ThemeManager.swift */,
				ACBD2AFF18D54C08AB6C2D7A /* AccessibilityManager.swift */,
				8CF51218FD5B41E9AA52BAFF /* ReaderTextView.swift */,
				617DCB7E10A54D4388A95891 /* ReaderContainerView.swift */,
				37C61249CB7E44C18CD1C046 /* PageThumbnailGrid.swift */,
				8340531448C94B82B8388C78 /* PDFReaderView.swift */,
				0038B68B14674C21A6EB8CA7 /* TOCView.swift */,
				36BAB018DAF546B3BFBD4073 /* ReadingModeToggle.swift */,
				9CC7701E791C47F2BB9E1F06 /* ReadingSettingsView.swift */,
				02F69FD49A1B4163AE4A3BF7 /* SettingsView.swift */,
				01084F929E0F4E6BA4DB002D /* AccessibilitySettingsView.swift */,
				AA9C8E1DF728471FA5FB1324 /* AppearanceSettingsView.swift */,
				C4FFFF998FFC420F8CF72D09 /* ReadingRuler.swift */,
				8C5A2B6868604800BD054CDD /* SentenceHighlightOverlay.swift */,
				8DAFDB8B23884E3FA8B2F862 /* HighlightSettingsView.swift */,
				2D9B813DC65E4B82AB40DD2D /* WordHighlightOverlay.swift */,
				98860AA93BBD465E835C773D /* DocumentLibraryView.swift */,
				3D9D040B13254FC3B0A033AB /* ReadingHistoryView.swift */,
				574B5781659B458484064A3C /* DocumentCard.swift */,
				C19F950DC18D4873BD7C1014 /* ModelDownloadProgress.swift */,
				83BB37149E7C48D3A9C12A08 /* ModelManagerView.swift */,
				B7A3E43BABFC4112B068623F /* ModelCard.swift */,
				9BFEEBFE428D491BA14C5EC8 /* TextBoxView.swift */,
				C8100D2DCF5F42C09E1E324A /* CanvasOverlay.swift */,
				90B3E1CD6C0C4971826283F8 /* AnnotationExportView.swift */,
				EA1BD5DF76B342FD98CC8BB5 /* StickyNoteView.swift */,
				48F7BC4EAE6049C69223CC3D /* AnnotationToolbar.swift */,
				F7B1C1836F814939ABCDE3BD /* ShapeToolView.swift */,
				057D62C2125540028FE40A4D /* BookmarkButton.swift */,
				C72ACD5B491C4A108CA02AD1 /* ProgressBar.swift */,
				6CDEC00722794B718CF7D283 /* TTSControlBar.swift */,
				0C463E7EB4F24306BF105CB4 /* VoicePickerView.swift */,
				10B1177E99B046CDAE50E040 /* SleepTimerView.swift */,
				E28243BB8D8D4916964F1C10 /* Info.plist */,
				48A5757B5C614C53B334113E /* model_registry.json */,
				E23EA50266194AB88B8B3526 /* OpenDyslexic-Regular.otf */,
				2A7D5C6D59D445B5926C0226 /* OpenDyslexic-Bold.otf */,
				E285D1C3094741F499A8BCA7 /* Assets.xcassets */,
				6B312769C4DD445DB0BDFFA6 /* KokoroModels */,
			);
			path = ".";
			sourceTree = "<group>";
		};
		534CBDF9F28B4CD1A7BD8835 /* VachanamTests */ = {
			isa = PBXGroup;
			children = (
				20D4A2C10C3642C5B58024F6 /* TextExtractorTests.swift */,
				C1E4C065ADD64EDE9851095C /* BookmarkManagerTests.swift */,
				C0CE9EC1477B47FC88297E39 /* FontManagerTests.swift */,
				70EDB20A2A8940889EA89FDE /* AnnotationExporterTests.swift */,
				8DE48DAA5ECA40FFBF8B57BC /* AnnotationManagerTests.swift */,
				E87C9E324B8E4FD0921A1972 /* UndoRedoTests.swift */,
				13F61EDAE349453F9A89EFC6 /* ModelManagerTests.swift */,
				BD7AC2702444490485B4B206 /* TTSModelProtocolTests.swift */,
				ABDF0A3748D94103BAA8869C /* DeviceCapabilityTests.swift */,
			);
			path = ".";
			sourceTree = "<group>";
		};
		60106043564E4AFA87AAEAAC /* VachanamUITests */ = {
			isa = PBXGroup;
			children = (
				FB9EC4459E9B4A6A9412070D /* ModelManagementTests.swift */,
				FFECFCA78C57474AA12524FF /* AccessibilityUITests.swift */,
				F068DAABEF394B43A3EE40FB /* ReaderFlowTests.swift */,
			);
			path = ".";
			sourceTree = "<group>";
		};
		73F42748F8224C8BB67D98B2 /* Products */ = {
			isa = PBXGroup;
			children = (
				1F92296C9E8C422DA9FA383C /* Vachanam.app */,
				4431B4EEA0534D4F95D7DBFB /* VachanamTests.xctest */,
				94CDF1CD680844A79509BB2E /* VachanamUITests.xctest */,
			);
			name = Products;
			sourceTree = "<group>";
		};
/* End PBXGroup section */

/* Begin PBXTargetDependency section */
		1E7F7D926502458CADB1AEFC /* PBXTargetDependency */ = {
			isa = PBXTargetDependency;
			target = 868C5B9353C041E6B580E71C /* Vachanam */;
			targetProxy = 454DD6F72AAA44A8B936256A /* PBXContainerItemProxy */;
		};
		9F46C016510D4703B795CEEA /* PBXTargetDependency */ = {
			isa = PBXTargetDependency;
			target = 868C5B9353C041E6B580E71C /* Vachanam */;
			targetProxy = E5F8936A2DBA414DAD29A034 /* PBXContainerItemProxy */;
		};
/* End PBXTargetDependency section */

/* Begin PBXNativeTarget section */
		868C5B9353C041E6B580E71C /* Vachanam */ = {
			isa = PBXNativeTarget;
			buildConfigurationList = DB2C99CFF8764EBBA66FAE95 /* Build configuration list for PBXNativeTarget "Vachanam" */;
			buildPhases = (
				0EA89A906FEC4299B82AEF31 /* Sources */,
				317233AA7C3A4944B6CF0937 /* Frameworks */,
				992612E3C48543359AAECCC7 /* Resources */,
			);
			buildRules = (
			);
			dependencies = (
			);
			name = Vachanam;
			packageProductDependencies = (
				B5C222C98B2244C491E6E840 /* KokoroTTS */,
			);
			productName = Vachanam;
			productReference = 1F92296C9E8C422DA9FA383C /* Vachanam.app */;
			productType = "com.apple.product-type.application";
		};
		191F3772E1B24CDBA856871F /* VachanamTests */ = {
			isa = PBXNativeTarget;
			buildConfigurationList = A1D382EF1430450B93F7329F /* Build configuration list for PBXNativeTarget "VachanamTests" */;
			buildPhases = (
				71F1EEA9802046218BF9CCAE /* Sources */,
				3CE29A9A9C8B4E28972CEB49 /* Frameworks */,
			);
			buildRules = (
			);
			dependencies = (
				1E7F7D926502458CADB1AEFC /* PBXTargetDependency */,
			);
			name = VachanamTests;
			packageProductDependencies = (
				B5C222C98B2244C491E6E840 /* KokoroTTS */,
			);
			productName = VachanamTests;
			productReference = 4431B4EEA0534D4F95D7DBFB /* VachanamTests.xctest */;
			productType = "com.apple.product-type.bundle.unit-test";
		};
		5418E893C7DE4117AE562C0F /* VachanamUITests */ = {
			isa = PBXNativeTarget;
			buildConfigurationList = 0DFD45B7525A42D8B91C7852 /* Build configuration list for PBXNativeTarget "VachanamUITests" */;
			buildPhases = (
				33FD11F2E1954961B27CA7B7 /* Sources */,
				D488AACF532042E883892D78 /* Frameworks */,
			);
			buildRules = (
			);
			dependencies = (
				9F46C016510D4703B795CEEA /* PBXTargetDependency */,
			);
			name = VachanamUITests;
			productName = VachanamUITests;
			productReference = 94CDF1CD680844A79509BB2E /* VachanamUITests.xctest */;
			productType = "com.apple.product-type.bundle.ui-testing";
		};
/* End PBXNativeTarget section */

/* Begin PBXProject section */
		6B59D32D222245F2A717AD58 /* Project object */ = {
			isa = PBXProject;
			attributes = {
				BuildIndependentTargetsInParallel = 1;
				LastUpgradeCheck = 1600;
				LastSwiftUpdateCheck = 1600;
				TargetAttributes = {
					868C5B9353C041E6B580E71C = {
						CreatedOnToolsVersion = 16.0;
					};
					191F3772E1B24CDBA856871F = {
						TestTargetID = 868C5B9353C041E6B580E71C;
					};
					5418E893C7DE4117AE562C0F = {
						TestTargetID = 868C5B9353C041E6B580E71C;
					};
				};
			};
			buildConfigurationList = 05C8128A83294DB799357F4F /* Build configuration list for PBXProject "Vachanam" */;
			compatibilityVersion = "Xcode 14.0";
			developmentRegion = en;
			hasScannedForEncodings = 0;
			knownRegions = (
				en,
				Base,
			);
			mainGroup = 0B162F2DE2374B7EA0A06F11;
			packageReferences = (
				DADFC3EB95D545C5A05808EE /* XCLocalSwiftPackageReference "swift-tts" */,
			);
			productRefGroup = 73F42748F8224C8BB67D98B2 /* Products */;
			projectDirPath = "";
			projectRoot = "";
			targets = (
				868C5B9353C041E6B580E71C /* Vachanam */,
				191F3772E1B24CDBA856871F /* VachanamTests */,
				5418E893C7DE4117AE562C0F /* VachanamUITests */,
			);
		};
/* End PBXProject section */

/* Begin PBXResourcesBuildPhase section */
		992612E3C48543359AAECCC7 /* Resources */ = {
			isa = PBXResourcesBuildPhase;
			buildActionMask = 2147483647;
			files = (
				27887FD396914EEFA8E3E3A1 /* model_registry.json in Resources */,
				855704F562A14DF596922F4B /* OpenDyslexic-Regular.otf in Resources */,
				30031601125B438F9C717633 /* OpenDyslexic-Bold.otf in Resources */,
				FD430E45FEC64CD48E85714E /* Assets.xcassets in Resources */,
				440196FC401B4D95B7A8A6FB /* KokoroModels in Resources */,
			);
			runOnlyForDeploymentPostprocessing = 0;
		};
/* End PBXResourcesBuildPhase section */

/* Begin PBXSourcesBuildPhase section */
		0EA89A906FEC4299B82AEF31 /* Sources */ = {
			isa = PBXSourcesBuildPhase;
			buildActionMask = 2147483647;
			files = (
				304D7C878A29452F920F076A /* AppState.swift in Sources */,
				FF67992556C1436A817D18F9 /* ContentView.swift in Sources */,
				FBC22E5636554626B5CEBDCC /* VachanamApp.swift in Sources */,
				00C28A8A94214A3E885F16AB /* ReaderDocument.swift in Sources */,
				2A27ADA1393A44E68BFF838D /* ReadingProgressTracker.swift in Sources */,
				DF6596FF569041B498359801 /* TextExtractor.swift in Sources */,
				DD525965C5124FA8AAE79267 /* BookmarkManager.swift in Sources */,
				19ADC50DE53A4E8CA768E57D /* AnnotationManager.swift in Sources */,
				7064301D3E9F4AD3A87E7677 /* UndoRedoManager.swift in Sources */,
				F0A0FCC7CABC471387000853 /* AnnotationExporter.swift in Sources */,
				D2BE2BFB74E54E3E8DC92478 /* KokoroAdapter.swift in Sources */,
				8011C84546474E5CA7318C38 /* AppleSystemAdapter.swift in Sources */,
				FB67D98E4A4D48D8B4CF69E6 /* MisakiG2P.swift in Sources */,
				D510D8A6A6D84B4CAD577B07 /* G2PProtocol.swift in Sources */,
				D2916E79CBAB488E9E55FFC1 /* AudioPlayer.swift in Sources */,
				747C7CE9F815477A91070FA3 /* SleepTimer.swift in Sources */,
				984CF83F335B445481ADA2D8 /* AudioSession.swift in Sources */,
				3739FFDBB0FA4DEA8886FE9F /* DeviceCapability.swift in Sources */,
				77489A3767694EE1AE8BBDC9 /* ModelRegistry.swift in Sources */,
				C35EAEBAA4584E429195BBD1 /* TTSModelProtocol.swift in Sources */,
				29BF1CAED0574FD2A9DA3C34 /* VoiceProfileResolver.swift in Sources */,
				321D8C8E55844788938F8E54 /* ModelManager.swift in Sources */,
				3D8385F7632248D99F7AF58F /* TTSController.swift in Sources */,
				34D15E2DCBEF4923BF8D6524 /* TTSModelInfo.swift in Sources */,
				E06FB3BE48CB462BA7449EBB /* FontManager.swift in Sources */,
				46ADB4D8192548FABD6519E8 /* ThemeManager.swift in Sources */,
				4CAC110FBCF54C79B2961DB5 /* AccessibilityManager.swift in Sources */,
				7381812FE55042ED925F4A21 /* ReaderTextView.swift in Sources */,
				A6FD42A541A846AC8F5BBF32 /* ReaderContainerView.swift in Sources */,
				11EF083E80C74114AEFB4255 /* PageThumbnailGrid.swift in Sources */,
				56EECADB3EDF444FB9438211 /* PDFReaderView.swift in Sources */,
				17759F9FB22E4E9598B1FE83 /* TOCView.swift in Sources */,
				E73E23C5D1DE4AEE822286AB /* ReadingModeToggle.swift in Sources */,
				D506069D879E455C9565CC2C /* ReadingSettingsView.swift in Sources */,
				DA5551788B41415D919D5446 /* SettingsView.swift in Sources */,
				BB8825A2E33A4B31B2452A2A /* AccessibilitySettingsView.swift in Sources */,
				1F4E7E7E02904E8194CA2A20 /* AppearanceSettingsView.swift in Sources */,
				78180AED42F14C7D9A92586D /* ReadingRuler.swift in Sources */,
				2990C3B19B4B4DE1A37A7B85 /* SentenceHighlightOverlay.swift in Sources */,
				321484EA2F4748AAB1EA45F8 /* HighlightSettingsView.swift in Sources */,
				156BEEAB2BC2425DA3083F2A /* WordHighlightOverlay.swift in Sources */,
				6DE88210B38B455BBEEA40A2 /* DocumentLibraryView.swift in Sources */,
				E106FDC8D55048DF92159DAF /* ReadingHistoryView.swift in Sources */,
				30B5EFEB539340CFAB695677 /* DocumentCard.swift in Sources */,
				C155E6285047456ABC93166E /* ModelDownloadProgress.swift in Sources */,
				BF906C9970844C618219D15D /* ModelManagerView.swift in Sources */,
				EE8F34EC4850492BBC50ABAC /* ModelCard.swift in Sources */,
				29B4434911D94031B588A77A /* TextBoxView.swift in Sources */,
				60FAA45973B84978A85FA544 /* CanvasOverlay.swift in Sources */,
				AD3693CE1C2A470F9689324F /* AnnotationExportView.swift in Sources */,
				0BED9E7F495546C097457E8E /* StickyNoteView.swift in Sources */,
				7D36B13AD2994DC0B4BFE01A /* AnnotationToolbar.swift in Sources */,
				02171FDBEF404731A2115454 /* ShapeToolView.swift in Sources */,
				5099B5A3E9B84BB7A5A39DB2 /* BookmarkButton.swift in Sources */,
				9062B491CE80451496462F07 /* ProgressBar.swift in Sources */,
				9FAA6738B385488CA4C339A8 /* TTSControlBar.swift in Sources */,
				BA5FDDA706154F7780C4C6B2 /* VoicePickerView.swift in Sources */,
				F593A894A1534CE9B665AABC /* SleepTimerView.swift in Sources */,
			);
			runOnlyForDeploymentPostprocessing = 0;
		};
		71F1EEA9802046218BF9CCAE /* Sources */ = {
			isa = PBXSourcesBuildPhase;
			buildActionMask = 2147483647;
			files = (
				96214FB1D45C416989B93067 /* TextExtractorTests.swift in Sources */,
				F9B5E002729D4DDC9DE8F39C /* BookmarkManagerTests.swift in Sources */,
				EFA55D665F6945049457FA84 /* FontManagerTests.swift in Sources */,
				6686A5A0BFA84DCEA5816DFB /* AnnotationExporterTests.swift in Sources */,
				5F26A856457C418BAC492733 /* AnnotationManagerTests.swift in Sources */,
				CA88D5DF3CFE4D288FBB8C53 /* UndoRedoTests.swift in Sources */,
				8932371882CA468E838BD8B8 /* ModelManagerTests.swift in Sources */,
				5934C161BBB94FEDA2849EF7 /* TTSModelProtocolTests.swift in Sources */,
				9C3B1CCDABCD4ACFB55442EC /* DeviceCapabilityTests.swift in Sources */,
			);
			runOnlyForDeploymentPostprocessing = 0;
		};
		33FD11F2E1954961B27CA7B7 /* Sources */ = {
			isa = PBXSourcesBuildPhase;
			buildActionMask = 2147483647;
			files = (
				74BAD6FF905F498E9C510DF5 /* ModelManagementTests.swift in Sources */,
				F29D08CB614A4E4ABDD47AA9 /* AccessibilityUITests.swift in Sources */,
				A2F78C66B95E4714A0913867 /* ReaderFlowTests.swift in Sources */,
			);
			runOnlyForDeploymentPostprocessing = 0;
		};
/* End PBXSourcesBuildPhase section */

/* Begin XCBuildConfiguration section */
		B194602946D543A785FF4397 /* Debug */ = {
			isa = XCBuildConfiguration;
			buildSettings = {
				ALWAYS_SEARCH_USER_PATHS = NO;
				ASSETCATALOG_COMPILER_GENERATE_ASSET_SYMBOLS = YES;
				ASSETCATALOG_COMPILER_GENERATE_SWIFT_ASSET_SYMBOL_EXTENSIONS = YES;
				CLANG_ANALYZER_NONNULL = YES;
				CLANG_ANALYZER_NUMBER_OBJECT_CONVERSION = YES_AGGRESSIVE;
				CLANG_ENABLE_MODULES = YES;
				CLANG_ENABLE_OBJC_ARC = YES;
				CLANG_ENABLE_OBJC_WEAK = YES;
				CLANG_WARN_BLOCK_CAPTURE_AUTORELEASING = YES;
				CLANG_WARN_BOOL_CONVERSION = YES;
				CLANG_WARN_COMMA = YES;
				CLANG_WARN_CONSTANT_CONVERSION = YES;
				CLANG_WARN_DEPRECATED_OBJC_IMPLEMENTATIONS = YES;
				CLANG_WARN_DIRECT_OBJC_ISA_USAGE = YES_ERROR;
				CLANG_WARN_DOCUMENTATION_COMMENTS = YES;
				CLANG_WARN_EMPTY_BODY = YES;
				CLANG_WARN_ENUM_CONVERSION = YES;
				CLANG_WARN_INFINITE_RECURSION = YES;
				CLANG_WARN_INT_CONVERSION = YES;
				CLANG_WARN_NON_LITERAL_NULL_CONVERSION = YES;
				CLANG_WARN_OBJC_IMPLICIT_RETAIN_SELF = YES;
				CLANG_WARN_OBJC_LITERAL_CONVERSION = YES;
				CLANG_WARN_OBJC_ROOTCLASS = YES_ERROR;
				CLANG_WARN_QUOTED_INCLUDE_IN_FRAMEWORK_HEADER = YES;
				CLANG_WARN_RANGE_LOOP_ANALYSIS = YES;
				CLANG_WARN_STRICT_PROTOTYPES = YES;
				CLANG_WARN_SUSPICIOUS_MOVE = YES;
				CLANG_WARN_UNGUARDED_AVAILABILITY = YES_AGGRESSIVE;
				CLANG_WARN_UNREACHABLE_CODE = YES;
				CLANG_WARN__DUPLICATE_METHOD_MATCH = YES;
				COPY_PHASE_STRIP = NO;
				DEBUG_INFORMATION_FORMAT = "dwarf";
				DERIVE_MACCATALYST_PRODUCT_BUNDLE_IDENTIFIER = NO;
				ENABLE_STRICT_OBJC_MSGSEND = YES;
				ENABLE_TESTABILITY = YES;
				ENABLE_USER_SCRIPT_SANDBOXING = YES;
				GCC_C_LANGUAGE_STANDARD = gnu17;
				GCC_DYNAMIC_NO_PIC = NO;
				GCC_NO_COMMON_BLOCKS = YES;
				GCC_OPTIMIZATION_LEVEL = 0;
				GCC_WARN_64_TO_32_BIT_CONVERSION = YES;
				GCC_WARN_ABOUT_RETURN_TYPE = YES_ERROR;
				GCC_WARN_UNDECLARED_SELECTOR = YES;
				GCC_WARN_UNINITIALIZED_AUTOS = YES_AGGRESSIVE;
				GCC_WARN_UNUSED_FUNCTION = YES;
				GCC_WARN_UNUSED_VARIABLE = YES;
				IPHONEOS_DEPLOYMENT_TARGET = 18.0;
				LOCALIZATION_PREFERS_STRING_CATALOGS = YES;
				MACOSX_DEPLOYMENT_TARGET = 15.0;
				MTL_ENABLE_DEBUG_INFO = INCLUDE_SOURCE;
				MTL_FAST_MATH = YES;
				ONLY_ACTIVE_ARCH = YES;
				SDKROOT = iphoneos;
				STRING_CATALOG_GENERATE_SYMBOLS = YES;
				SUPPORTS_MACCATALYST = YES;
				SWIFT_ACTIVE_COMPILATION_CONDITIONS = "DEBUG $(inherited)";
				SWIFT_COMPILATION_MODE = singlefile;
				SWIFT_EMIT_LOC_STRINGS = YES;
				SWIFT_OPTIMIZATION_LEVEL = "-Onone";
				SWIFT_VERSION = 5.0;
			};
			name = Debug;
		};
		7EB0AC24A4174DFFBBD6B94F /* Release */ = {
			isa = XCBuildConfiguration;
			buildSettings = {
				ALWAYS_SEARCH_USER_PATHS = NO;
				ASSETCATALOG_COMPILER_GENERATE_ASSET_SYMBOLS = YES;
				ASSETCATALOG_COMPILER_GENERATE_SWIFT_ASSET_SYMBOL_EXTENSIONS = YES;
				CLANG_ANALYZER_NONNULL = YES;
				CLANG_ANALYZER_NUMBER_OBJECT_CONVERSION = YES_AGGRESSIVE;
				CLANG_ENABLE_MODULES = YES;
				CLANG_ENABLE_OBJC_ARC = YES;
				CLANG_ENABLE_OBJC_WEAK = YES;
				CLANG_WARN_BLOCK_CAPTURE_AUTORELEASING = YES;
				CLANG_WARN_BOOL_CONVERSION = YES;
				CLANG_WARN_COMMA = YES;
				CLANG_WARN_CONSTANT_CONVERSION = YES;
				CLANG_WARN_DEPRECATED_OBJC_IMPLEMENTATIONS = YES;
				CLANG_WARN_DIRECT_OBJC_ISA_USAGE = YES_ERROR;
				CLANG_WARN_DOCUMENTATION_COMMENTS = YES;
				CLANG_WARN_EMPTY_BODY = YES;
				CLANG_WARN_ENUM_CONVERSION = YES;
				CLANG_WARN_INFINITE_RECURSION = YES;
				CLANG_WARN_INT_CONVERSION = YES;
				CLANG_WARN_NON_LITERAL_NULL_CONVERSION = YES;
				CLANG_WARN_OBJC_IMPLICIT_RETAIN_SELF = YES;
				CLANG_WARN_OBJC_LITERAL_CONVERSION = YES;
				CLANG_WARN_OBJC_ROOTCLASS = YES_ERROR;
				CLANG_WARN_QUOTED_INCLUDE_IN_FRAMEWORK_HEADER = YES;
				CLANG_WARN_RANGE_LOOP_ANALYSIS = YES;
				CLANG_WARN_STRICT_PROTOTYPES = YES;
				CLANG_WARN_SUSPICIOUS_MOVE = YES;
				CLANG_WARN_UNGUARDED_AVAILABILITY = YES_AGGRESSIVE;
				CLANG_WARN_UNREACHABLE_CODE = YES;
				CLANG_WARN__DUPLICATE_METHOD_MATCH = YES;
				COPY_PHASE_STRIP = NO;
				DEBUG_INFORMATION_FORMAT = "dwarf-with-dsym";
				DERIVE_MACCATALYST_PRODUCT_BUNDLE_IDENTIFIER = NO;
				ENABLE_NS_ASSERTIONS = NO;
				ENABLE_STRICT_OBJC_MSGSEND = YES;
				ENABLE_USER_SCRIPT_SANDBOXING = YES;
				GCC_C_LANGUAGE_STANDARD = gnu17;
				GCC_NO_COMMON_BLOCKS = YES;
				GCC_WARN_64_TO_32_BIT_CONVERSION = YES;
				GCC_WARN_ABOUT_RETURN_TYPE = YES_ERROR;
				GCC_WARN_UNDECLARED_SELECTOR = YES;
				GCC_WARN_UNINITIALIZED_AUTOS = YES_AGGRESSIVE;
				GCC_WARN_UNUSED_FUNCTION = YES;
				GCC_WARN_UNUSED_VARIABLE = YES;
				IPHONEOS_DEPLOYMENT_TARGET = 18.0;
				LOCALIZATION_PREFERS_STRING_CATALOGS = YES;
				MACOSX_DEPLOYMENT_TARGET = 15.0;
				MTL_ENABLE_DEBUG_INFO = NO;
				MTL_FAST_MATH = YES;
				ONLY_ACTIVE_ARCH = NO;
				SDKROOT = iphoneos;
				STRING_CATALOG_GENERATE_SYMBOLS = YES;
				SUPPORTS_MACCATALYST = YES;
				SWIFT_COMPILATION_MODE = wholemodule;
				SWIFT_EMIT_LOC_STRINGS = YES;
				SWIFT_OPTIMIZATION_LEVEL = "-O";
				SWIFT_VERSION = 5.0;
			};
			name = Release;
		};
		D5580366C5644FD19E494A9D /* Debug */ = {
			isa = XCBuildConfiguration;
			buildSettings = {
				ASSETCATALOG_COMPILER_APPICON_NAME = AppIcon;
				ASSETCATALOG_COMPILER_GLOBAL_ACCENT_COLOR_NAME = AccentColor;
				ASSETCATALOG_COMPILER_GENERATE_ASSET_SYMBOLS = YES;
				ASSETCATALOG_COMPILER_GENERATE_SWIFT_ASSET_SYMBOL_EXTENSIONS = YES;
				CODE_SIGN_STYLE = Automatic;
				COPY_PHASE_STRIP = NO;
				CURRENT_PROJECT_VERSION = 1;
				ENABLE_TESTABILITY = YES;
				ENABLE_USER_SCRIPT_SANDBOXING = YES;
				GENERATE_INFOPLIST_FILE = NO;
				INFOPLIST_FILE = Vachanam/Info.plist;
				LOCALIZATION_PREFERS_STRING_CATALOGS = YES;
				MARKETING_VERSION = 1.0.0;
				ONLY_ACTIVE_ARCH = YES;
				PRODUCT_BUNDLE_IDENTIFIER = com.vachanam.reader;
				PRODUCT_NAME = "$(TARGET_NAME)";
				STRING_CATALOG_GENERATE_SYMBOLS = YES;
				SUPPORTS_MACCATALYST = YES;
				SWIFT_COMPILATION_MODE = singlefile;
				SWIFT_EMIT_LOC_STRINGS = YES;
				TARGETED_DEVICE_FAMILY = "2";
			};
			name = Debug;
		};
		A1224E34561E4DDF8D14E38A /* Release */ = {
			isa = XCBuildConfiguration;
			buildSettings = {
				ASSETCATALOG_COMPILER_APPICON_NAME = AppIcon;
				ASSETCATALOG_COMPILER_GLOBAL_ACCENT_COLOR_NAME = AccentColor;
				ASSETCATALOG_COMPILER_GENERATE_ASSET_SYMBOLS = YES;
				ASSETCATALOG_COMPILER_GENERATE_SWIFT_ASSET_SYMBOL_EXTENSIONS = YES;
				CODE_SIGN_STYLE = Automatic;
				COPY_PHASE_STRIP = NO;
				CURRENT_PROJECT_VERSION = 1;
				ENABLE_TESTABILITY = YES;
				ENABLE_USER_SCRIPT_SANDBOXING = YES;
				GENERATE_INFOPLIST_FILE = NO;
				INFOPLIST_FILE = Vachanam/Info.plist;
				LOCALIZATION_PREFERS_STRING_CATALOGS = YES;
				MARKETING_VERSION = 1.0.0;
				ONLY_ACTIVE_ARCH = NO;
				PRODUCT_BUNDLE_IDENTIFIER = com.vachanam.reader;
				PRODUCT_NAME = "$(TARGET_NAME)";
				STRING_CATALOG_GENERATE_SYMBOLS = YES;
				SUPPORTS_MACCATALYST = YES;
				SWIFT_COMPILATION_MODE = wholemodule;
				SWIFT_EMIT_LOC_STRINGS = YES;
				TARGETED_DEVICE_FAMILY = "2";
			};
			name = Release;
		};
		529B00D378544B5AB84B5581 /* Debug */ = {
			isa = XCBuildConfiguration;
			buildSettings = {
				BUNDLE_LOADER = "$(TEST_HOST)";
				CODE_SIGN_STYLE = Automatic;
				COPY_PHASE_STRIP = NO;
				ENABLE_USER_SCRIPT_SANDBOXING = YES;
				GENERATE_INFOPLIST_FILE = YES;
				LOCALIZATION_PREFERS_STRING_CATALOGS = YES;
				ONLY_ACTIVE_ARCH = YES;
				PRODUCT_BUNDLE_IDENTIFIER = com.vachanam.reader.tests;
				PRODUCT_NAME = "$(TARGET_NAME)";
				STRING_CATALOG_GENERATE_SYMBOLS = YES;
				SWIFT_COMPILATION_MODE = singlefile;
				TEST_HOST = "$(BUILT_PRODUCTS_DIR)/Vachanam.app/$(BUNDLE_EXECUTABLE_FOLDER_PATH)/Vachanam";
				TARGETED_DEVICE_FAMILY = "2";
				SUPPORTS_MACCATALYST = YES;
			};
			name = Debug;
		};
		3D456B1733614A92AF9B0D69 /* Release */ = {
			isa = XCBuildConfiguration;
			buildSettings = {
				BUNDLE_LOADER = "$(TEST_HOST)";
				CODE_SIGN_STYLE = Automatic;
				COPY_PHASE_STRIP = NO;
				ENABLE_USER_SCRIPT_SANDBOXING = YES;
				GENERATE_INFOPLIST_FILE = YES;
				LOCALIZATION_PREFERS_STRING_CATALOGS = YES;
				ONLY_ACTIVE_ARCH = NO;
				PRODUCT_BUNDLE_IDENTIFIER = com.vachanam.reader.tests;
				PRODUCT_NAME = "$(TARGET_NAME)";
				STRING_CATALOG_GENERATE_SYMBOLS = YES;
				SWIFT_COMPILATION_MODE = wholemodule;
				TEST_HOST = "$(BUILT_PRODUCTS_DIR)/Vachanam.app/$(BUNDLE_EXECUTABLE_FOLDER_PATH)/Vachanam";
				TARGETED_DEVICE_FAMILY = "2";
				SUPPORTS_MACCATALYST = YES;
			};
			name = Release;
		};
		24726B44248A46BA98EBBBF6 /* Debug */ = {
			isa = XCBuildConfiguration;
			buildSettings = {
				CODE_SIGN_STYLE = Automatic;
				COPY_PHASE_STRIP = NO;
				ENABLE_USER_SCRIPT_SANDBOXING = YES;
				GENERATE_INFOPLIST_FILE = YES;
				LOCALIZATION_PREFERS_STRING_CATALOGS = YES;
				ONLY_ACTIVE_ARCH = YES;
				PRODUCT_BUNDLE_IDENTIFIER = com.vachanam.reader.uitests;
				PRODUCT_NAME = "$(TARGET_NAME)";
				STRING_CATALOG_GENERATE_SYMBOLS = YES;
				SWIFT_COMPILATION_MODE = singlefile;
				TEST_TARGET_NAME = Vachanam;
				TARGETED_DEVICE_FAMILY = "2";
				SUPPORTS_MACCATALYST = YES;
			};
			name = Debug;
		};
		498F3518E31947C390A49165 /* Release */ = {
			isa = XCBuildConfiguration;
			buildSettings = {
				CODE_SIGN_STYLE = Automatic;
				COPY_PHASE_STRIP = NO;
				ENABLE_USER_SCRIPT_SANDBOXING = YES;
				GENERATE_INFOPLIST_FILE = YES;
				LOCALIZATION_PREFERS_STRING_CATALOGS = YES;
				ONLY_ACTIVE_ARCH = NO;
				PRODUCT_BUNDLE_IDENTIFIER = com.vachanam.reader.uitests;
				PRODUCT_NAME = "$(TARGET_NAME)";
				STRING_CATALOG_GENERATE_SYMBOLS = YES;
				SWIFT_COMPILATION_MODE = wholemodule;
				TEST_TARGET_NAME = Vachanam;
				TARGETED_DEVICE_FAMILY = "2";
				SUPPORTS_MACCATALYST = YES;
			};
			name = Release;
		};
/* End XCBuildConfiguration section */

/* Begin XCConfigurationList section */
		05C8128A83294DB799357F4F /* Build configuration list for PBXProject "Vachanam" */ = {
			isa = XCConfigurationList;
			buildConfigurations = (
				B194602946D543A785FF4397 /* Debug */,
				7EB0AC24A4174DFFBBD6B94F /* Release */,
			);
			defaultConfigurationIsVisible = 0;
			defaultConfigurationName = Release;
		};
		DB2C99CFF8764EBBA66FAE95 /* Build configuration list for PBXNativeTarget "Vachanam" */ = {
			isa = XCConfigurationList;
			buildConfigurations = (
				D5580366C5644FD19E494A9D /* Debug */,
				A1224E34561E4DDF8D14E38A /* Release */,
			);
			defaultConfigurationIsVisible = 0;
			defaultConfigurationName = Release;
		};
		A1D382EF1430450B93F7329F /* Build configuration list for PBXNativeTarget "VachanamTests" */ = {
			isa = XCConfigurationList;
			buildConfigurations = (
				529B00D378544B5AB84B5581 /* Debug */,
				3D456B1733614A92AF9B0D69 /* Release */,
			);
			defaultConfigurationIsVisible = 0;
			defaultConfigurationName = Release;
		};
		0DFD45B7525A42D8B91C7852 /* Build configuration list for PBXNativeTarget "VachanamUITests" */ = {
			isa = XCConfigurationList;
			buildConfigurations = (
				24726B44248A46BA98EBBBF6 /* Debug */,
				498F3518E31947C390A49165 /* Release */,
			);
			defaultConfigurationIsVisible = 0;
			defaultConfigurationName = Release;
		};
/* End XCConfigurationList section */

	};
	rootObject = 6B59D32D222245F2A717AD58 /* Project object */;
}